
Microsoft Visual Studio Solution File, Format Version 11.00
# Visual Studio 2010
Project("{FAE04EC0-301F-11D3-BF4B-00C04F79EFBC}") = "ServerClient", "ServerClient\ServerClient.csproj", "{0FB8E59C-0E9B-4AD9-A4D4-F145D45351AD}"
EndProject
Project("{FAE04EC0-301F-11D3-BF4B-00C04F79EFBC}") = "Server", "Server\Server.csproj", "{53269219-3E5B-4F70-83A9-3C6C9C714FEC}"
EndProject
Project("{FAE04EC0-301F-11D3-BF4B-00C04F79EFBC}") = "Common.Core", "Common.Core\Common.Core.csproj", "{372FF145-4B2D-40A4-B171-CFFF159E4C91}"
EndProject
Project("{FAE04EC0-301F-11D3-BF4B-00C04F79EFBC}") = "Client", "Client\Client.csproj", "{64749FE6-E3AF-4666-BB9F-8CCFF4D30E2D}"
EndProject
Project("{FAE04EC0-301F-11D3-BF4B-00C04F79EFBC}") = "Editor", "Editor\Editor.csproj", "{A356B2CF-4BBA-4DB4-9FB3-5646F9887048}"
EndProject
Project("{FAE04EC0-301F-11D3-BF4B-00C04F79EFBC}") = "ColladaSchema", "ColladaSchema\ColladaSchema.csproj", "{1EBCA61D-7015-426C-83DB-4602CE0F4194}"
EndProject
Project("{FAE04EC0-301F-11D3-BF4B-00C04F79EFBC}") = "ApplicationLogic", "ApplicationLogic\ApplicationLogic.csproj", "{5B6ADB0D-6DEB-4922-8F2F-72B3468699F6}"
EndProject
Project("{FAE04EC0-301F-11D3-BF4B-00C04F79EFBC}") = "DirectX10", "DirectX10\DirectX10.csproj", "{10DF4E9C-85C6-438F-BE1D-DC4DCF3C0B49}"
EndProject
Project("{2150E333-8FDC-42A3-9474-1A3956D46DE8}") = "Solution Items", "Solution Items", "{DBB9C398-C419-41BE-BD97-8DF089C460A1}"
	ProjectSection(SolutionItems) = preProject
		Local.testsettings = Local.testsettings
		The Wizards.vsmdi = The Wizards.vsmdi
		TraceAndTestImpact.testsettings = TraceAndTestImpact.testsettings
	EndProjectSection
EndProject
Project("{F088123C-0E9E-452A-89E6-6BA2F21D5CAC}") = "The Wizards Model", "The Wizards Model\The Wizards Model.modelproj", "{1D4C9A82-F2F2-4072-86C5-30CF7863E042}"
EndProject
Project("{FAE04EC0-301F-11D3-BF4B-00C04F79EFBC}") = "Unit Tests", "Unit Tests\Unit Tests.csproj", "{C79FDAC0-960D-4E13-981D-7A9D2CA3B6A8}"
EndProject
Project("{FAE04EC0-301F-11D3-BF4B-00C04F79EFBC}") = "NewModules", "NewModules\NewModules.csproj", "{9543AC00-CDE5-4759-BD98-2D031D16DFD4}"
EndProject
Project("{8BC9CEB8-8B4A-11D0-8D11-00A0C91BC942}") = "NsightRunner", "NsightRunner\NsightRunner.vcxproj", "{FBB931F7-FFEC-40BF-BC8D-4FDA0A6B0B7C}"
EndProject
Project("{FAE04EC0-301F-11D3-BF4B-00C04F79EFBC}") = "Gameplay", "Gameplay\Gameplay.csproj", "{2BF84FEF-FC3A-4E1A-9E4B-D3003E02C5B8}"
EndProject
Project("{FAE04EC0-301F-11D3-BF4B-00C04F79EFBC}") = "Launcher", "Launcher\Launcher.csproj", "{4F8CD191-ECE8-4A05-9721-1EBCF03A31B6}"
EndProject
Project("{FAE04EC0-301F-11D3-BF4B-00C04F79EFBC}") = "Networking", "Networking\Networking.csproj", "{5552CBE1-F647-4B3A-A353-A252E4CB0008}"
EndProject
Project("{FAE04EC0-301F-11D3-BF4B-00C04F79EFBC}") = "TestRunner", "TestRunner\TestRunner.csproj", "{AC6C51CE-96FB-401B-9B51-1302F273A52A}"
EndProject
Project("{F184B08F-C81C-45F6-A57F-5ABD9991F28F}") = "AdminClientVB", "Deprecated\AdminClientVB\AdminClientVB.vbproj", "{807ED3B3-6313-46CE-9CA3-B6DB9735AAFA}"
EndProject
Project("{F184B08F-C81C-45F6-A57F-5ABD9991F28F}") = "ClientVB", "Deprecated\ClientVB\ClientVB.vbproj", "{8218D77F-2FB6-48E5-867C-85EEA4A4B75E}"
EndProject
Project("{FAE04EC0-301F-11D3-BF4B-00C04F79EFBC}") = "Common", "Deprecated\Common\Common.csproj", "{8162E3FE-A9B6-4F93-94F0-89C74CB7D53D}"
EndProject
Project("{F184B08F-C81C-45F6-A57F-5ABD9991F28F}") = "CommonVB", "Deprecated\CommonVB\CommonVB.vbproj", "{35A4FAF6-A439-4BC9-B47D-3CEE167A8926}"
EndProject
Project("{FAE04EC0-301F-11D3-BF4B-00C04F79EFBC}") = "CoreFileUpdater", "Deprecated\CoreFileUpdater\CoreFileUpdater.csproj", "{8D5E18C1-46C1-4A8F-8B82-72BDC047ADDC}"
EndProject
Project("{FAE04EC0-301F-11D3-BF4B-00C04F79EFBC}") = "Game3DPlay", "Deprecated\Game3DPlay\Game3DPlay.csproj", "{3ADBAB57-A020-46BA-8422-250995E5228E}"
EndProject
Project("{FAE04EC0-301F-11D3-BF4B-00C04F79EFBC}") = "ServerClientOud", "Deprecated\ServerClientOud\ServerClientOud.csproj", "{409E248D-79B7-4644-886A-A01C1211D6DD}"
EndProject
Project("{F184B08F-C81C-45F6-A57F-5ABD9991F28F}") = "Common.NetworkingVB", "Deprecated\Common.NetworkingVB\Common.NetworkingVB.vbproj", "{80D950C7-F9F6-4569-93D9-20833B52ACD9}"
EndProject
Project("{FAE04EC0-301F-11D3-BF4B-00C04F79EFBC}") = "TreeGenerator", "TreeGenerator\TreeGenerator.csproj", "{E7F313DB-EDA4-4894-AE46-B220B53A6A48}"
EndProject
Project("{FAE04EC0-301F-11D3-BF4B-00C04F79EFBC}") = "ProceduralTerrainGeneration", "ProceduralTerrainGeneration\ProceduralTerrainGeneration.csproj", "{A55E266E-07E0-40CF-81DD-C71248BF9848}"
EndProject
Project("{2150E333-8FDC-42A3-9474-1A3956D46DE8}") = "Deprecated", "Deprecated", "{9D7264F6-202E-4B86-BC73-088F18A7099F}"
EndProject
Project("{FAE04EC0-301F-11D3-BF4B-00C04F79EFBC}") = "NovodexWrapperXNA", "Deprecated\NovodexWrapperXNA\NovodexWrapperXNA.csproj", "{82AFF428-C42B-4C92-AA2A-D5C1A8662BB3}"
EndProject
Global
	GlobalSection(TestCaseManagementSettings) = postSolution
		CategoryFile = The Wizards.vsmdi
	EndGlobalSection
	GlobalSection(SolutionConfigurationPlatforms) = preSolution
		ColladaDebug|Any CPU = ColladaDebug|Any CPU
		ColladaDebug|Mixed Platforms = ColladaDebug|Mixed Platforms
		ColladaDebug|Win32 = ColladaDebug|Win32
		ColladaDebug|x86 = ColladaDebug|x86
		Debug|Any CPU = Debug|Any CPU
		Debug|Mixed Platforms = Debug|Mixed Platforms
		Debug|Win32 = Debug|Win32
		Debug|x86 = Debug|x86
		DebugEditor|Any CPU = DebugEditor|Any CPU
		DebugEditor|Mixed Platforms = DebugEditor|Mixed Platforms
		DebugEditor|Win32 = DebugEditor|Win32
		DebugEditor|x86 = DebugEditor|x86
		Release|Any CPU = Release|Any CPU
		Release|Mixed Platforms = Release|Mixed Platforms
		Release|Win32 = Release|Win32
		Release|x86 = Release|x86
	EndGlobalSection
	GlobalSection(ProjectConfigurationPlatforms) = postSolution
		{0FB8E59C-0E9B-4AD9-A4D4-F145D45351AD}.ColladaDebug|Any CPU.ActiveCfg = ColladaDebug|x86
		{0FB8E59C-0E9B-4AD9-A4D4-F145D45351AD}.ColladaDebug|Mixed Platforms.ActiveCfg = ColladaDebug|x86
		{0FB8E59C-0E9B-4AD9-A4D4-F145D45351AD}.ColladaDebug|Mixed Platforms.Build.0 = ColladaDebug|x86
		{0FB8E59C-0E9B-4AD9-A4D4-F145D45351AD}.ColladaDebug|Win32.ActiveCfg = ColladaDebug|x86
		{0FB8E59C-0E9B-4AD9-A4D4-F145D45351AD}.ColladaDebug|x86.ActiveCfg = ColladaDebug|x86
		{0FB8E59C-0E9B-4AD9-A4D4-F145D45351AD}.ColladaDebug|x86.Build.0 = ColladaDebug|x86
		{0FB8E59C-0E9B-4AD9-A4D4-F145D45351AD}.Debug|Any CPU.ActiveCfg = Debug|x86
		{0FB8E59C-0E9B-4AD9-A4D4-F145D45351AD}.Debug|Mixed Platforms.ActiveCfg = Debug|x86
		{0FB8E59C-0E9B-4AD9-A4D4-F145D45351AD}.Debug|Mixed Platforms.Build.0 = Debug|x86
		{0FB8E59C-0E9B-4AD9-A4D4-F145D45351AD}.Debug|Win32.ActiveCfg = Debug|x86
		{0FB8E59C-0E9B-4AD9-A4D4-F145D45351AD}.Debug|x86.ActiveCfg = Debug|x86
		{0FB8E59C-0E9B-4AD9-A4D4-F145D45351AD}.Debug|x86.Build.0 = Debug|x86
		{0FB8E59C-0E9B-4AD9-A4D4-F145D45351AD}.DebugEditor|Any CPU.ActiveCfg = DebugEditor|x86
		{0FB8E59C-0E9B-4AD9-A4D4-F145D45351AD}.DebugEditor|Mixed Platforms.ActiveCfg = DebugEditor|x86
		{0FB8E59C-0E9B-4AD9-A4D4-F145D45351AD}.DebugEditor|Mixed Platforms.Build.0 = DebugEditor|x86
		{0FB8E59C-0E9B-4AD9-A4D4-F145D45351AD}.DebugEditor|Win32.ActiveCfg = DebugEditor|x86
		{0FB8E59C-0E9B-4AD9-A4D4-F145D45351AD}.DebugEditor|x86.ActiveCfg = DebugEditor|x86
		{0FB8E59C-0E9B-4AD9-A4D4-F145D45351AD}.DebugEditor|x86.Build.0 = DebugEditor|x86
		{0FB8E59C-0E9B-4AD9-A4D4-F145D45351AD}.Release|Any CPU.ActiveCfg = Release|x86
		{0FB8E59C-0E9B-4AD9-A4D4-F145D45351AD}.Release|Mixed Platforms.ActiveCfg = Release|x86
		{0FB8E59C-0E9B-4AD9-A4D4-F145D45351AD}.Release|Mixed Platforms.Build.0 = Release|x86
		{0FB8E59C-0E9B-4AD9-A4D4-F145D45351AD}.Release|Win32.ActiveCfg = Release|x86
		{0FB8E59C-0E9B-4AD9-A4D4-F145D45351AD}.Release|x86.ActiveCfg = Release|x86
		{0FB8E59C-0E9B-4AD9-A4D4-F145D45351AD}.Release|x86.Build.0 = Release|x86
		{53269219-3E5B-4F70-83A9-3C6C9C714FEC}.ColladaDebug|Any CPU.ActiveCfg = ColladaDebug|x86
		{53269219-3E5B-4F70-83A9-3C6C9C714FEC}.ColladaDebug|Mixed Platforms.ActiveCfg = ColladaDebug|x86
		{53269219-3E5B-4F70-83A9-3C6C9C714FEC}.ColladaDebug|Mixed Platforms.Build.0 = ColladaDebug|x86
		{53269219-3E5B-4F70-83A9-3C6C9C714FEC}.ColladaDebug|Win32.ActiveCfg = ColladaDebug|x86
		{53269219-3E5B-4F70-83A9-3C6C9C714FEC}.ColladaDebug|x86.ActiveCfg = ColladaDebug|x86
		{53269219-3E5B-4F70-83A9-3C6C9C714FEC}.ColladaDebug|x86.Build.0 = ColladaDebug|x86
		{53269219-3E5B-4F70-83A9-3C6C9C714FEC}.Debug|Any CPU.ActiveCfg = Debug|x86
		{53269219-3E5B-4F70-83A9-3C6C9C714FEC}.Debug|Mixed Platforms.ActiveCfg = Debug|x86
		{53269219-3E5B-4F70-83A9-3C6C9C714FEC}.Debug|Mixed Platforms.Build.0 = Debug|x86
		{53269219-3E5B-4F70-83A9-3C6C9C714FEC}.Debug|Win32.ActiveCfg = Debug|x86
		{53269219-3E5B-4F70-83A9-3C6C9C714FEC}.Debug|x86.ActiveCfg = Debug|x86
		{53269219-3E5B-4F70-83A9-3C6C9C714FEC}.Debug|x86.Build.0 = Debug|x86
		{53269219-3E5B-4F70-83A9-3C6C9C714FEC}.DebugEditor|Any CPU.ActiveCfg = DebugEditor|x86
		{53269219-3E5B-4F70-83A9-3C6C9C714FEC}.DebugEditor|Mixed Platforms.ActiveCfg = DebugEditor|x86
		{53269219-3E5B-4F70-83A9-3C6C9C714FEC}.DebugEditor|Mixed Platforms.Build.0 = DebugEditor|x86
		{53269219-3E5B-4F70-83A9-3C6C9C714FEC}.DebugEditor|Win32.ActiveCfg = DebugEditor|x86
		{53269219-3E5B-4F70-83A9-3C6C9C714FEC}.DebugEditor|x86.ActiveCfg = DebugEditor|x86
		{53269219-3E5B-4F70-83A9-3C6C9C714FEC}.DebugEditor|x86.Build.0 = DebugEditor|x86
		{53269219-3E5B-4F70-83A9-3C6C9C714FEC}.Release|Any CPU.ActiveCfg = Release|x86
		{53269219-3E5B-4F70-83A9-3C6C9C714FEC}.Release|Mixed Platforms.ActiveCfg = Release|x86
		{53269219-3E5B-4F70-83A9-3C6C9C714FEC}.Release|Mixed Platforms.Build.0 = Release|x86
		{53269219-3E5B-4F70-83A9-3C6C9C714FEC}.Release|Win32.ActiveCfg = Release|x86
		{53269219-3E5B-4F70-83A9-3C6C9C714FEC}.Release|x86.ActiveCfg = Release|x86
		{53269219-3E5B-4F70-83A9-3C6C9C714FEC}.Release|x86.Build.0 = Release|x86
		{372FF145-4B2D-40A4-B171-CFFF159E4C91}.ColladaDebug|Any CPU.ActiveCfg = ColladaDebug|Any CPU
		{372FF145-4B2D-40A4-B171-CFFF159E4C91}.ColladaDebug|Any CPU.Build.0 = ColladaDebug|Any CPU
		{372FF145-4B2D-40A4-B171-CFFF159E4C91}.ColladaDebug|Mixed Platforms.ActiveCfg = ColladaDebug|x86
		{372FF145-4B2D-40A4-B171-CFFF159E4C91}.ColladaDebug|Mixed Platforms.Build.0 = ColladaDebug|x86
		{372FF145-4B2D-40A4-B171-CFFF159E4C91}.ColladaDebug|Win32.ActiveCfg = ColladaDebug|x86
		{372FF145-4B2D-40A4-B171-CFFF159E4C91}.ColladaDebug|x86.ActiveCfg = ColladaDebug|x86
		{372FF145-4B2D-40A4-B171-CFFF159E4C91}.ColladaDebug|x86.Build.0 = ColladaDebug|x86
		{372FF145-4B2D-40A4-B171-CFFF159E4C91}.Debug|Any CPU.ActiveCfg = Debug|Any CPU
		{372FF145-4B2D-40A4-B171-CFFF159E4C91}.Debug|Any CPU.Build.0 = Debug|Any CPU
		{372FF145-4B2D-40A4-B171-CFFF159E4C91}.Debug|Mixed Platforms.ActiveCfg = Debug|Any CPU
		{372FF145-4B2D-40A4-B171-CFFF159E4C91}.Debug|Mixed Platforms.Build.0 = Debug|Any CPU
		{372FF145-4B2D-40A4-B171-CFFF159E4C91}.Debug|Win32.ActiveCfg = Debug|Any CPU
		{372FF145-4B2D-40A4-B171-CFFF159E4C91}.Debug|x86.ActiveCfg = Debug|x86
		{372FF145-4B2D-40A4-B171-CFFF159E4C91}.Debug|x86.Build.0 = Debug|x86
		{372FF145-4B2D-40A4-B171-CFFF159E4C91}.DebugEditor|Any CPU.ActiveCfg = DebugEditor|Any CPU
		{372FF145-4B2D-40A4-B171-CFFF159E4C91}.DebugEditor|Any CPU.Build.0 = DebugEditor|Any CPU
		{372FF145-4B2D-40A4-B171-CFFF159E4C91}.DebugEditor|Mixed Platforms.ActiveCfg = DebugEditor|x86
		{372FF145-4B2D-40A4-B171-CFFF159E4C91}.DebugEditor|Mixed Platforms.Build.0 = DebugEditor|x86
		{372FF145-4B2D-40A4-B171-CFFF159E4C91}.DebugEditor|Win32.ActiveCfg = DebugEditor|x86
		{372FF145-4B2D-40A4-B171-CFFF159E4C91}.DebugEditor|x86.ActiveCfg = DebugEditor|x86
		{372FF145-4B2D-40A4-B171-CFFF159E4C91}.DebugEditor|x86.Build.0 = DebugEditor|x86
		{372FF145-4B2D-40A4-B171-CFFF159E4C91}.Release|Any CPU.ActiveCfg = Release|Any CPU
		{372FF145-4B2D-40A4-B171-CFFF159E4C91}.Release|Any CPU.Build.0 = Release|Any CPU
		{372FF145-4B2D-40A4-B171-CFFF159E4C91}.Release|Mixed Platforms.ActiveCfg = Release|Any CPU
		{372FF145-4B2D-40A4-B171-CFFF159E4C91}.Release|Mixed Platforms.Build.0 = Release|Any CPU
		{372FF145-4B2D-40A4-B171-CFFF159E4C91}.Release|Win32.ActiveCfg = Release|Any CPU
		{372FF145-4B2D-40A4-B171-CFFF159E4C91}.Release|x86.ActiveCfg = Release|Any CPU
		{372FF145-4B2D-40A4-B171-CFFF159E4C91}.Release|x86.Build.0 = Release|Any CPU
		{64749FE6-E3AF-4666-BB9F-8CCFF4D30E2D}.ColladaDebug|Any CPU.ActiveCfg = ColladaDebug|x86
		{64749FE6-E3AF-4666-BB9F-8CCFF4D30E2D}.ColladaDebug|Mixed Platforms.ActiveCfg = ColladaDebug|x86
		{64749FE6-E3AF-4666-BB9F-8CCFF4D30E2D}.ColladaDebug|Mixed Platforms.Build.0 = ColladaDebug|x86
		{64749FE6-E3AF-4666-BB9F-8CCFF4D30E2D}.ColladaDebug|Win32.ActiveCfg = ColladaDebug|x86
		{64749FE6-E3AF-4666-BB9F-8CCFF4D30E2D}.ColladaDebug|x86.ActiveCfg = ColladaDebug|x86
		{64749FE6-E3AF-4666-BB9F-8CCFF4D30E2D}.ColladaDebug|x86.Build.0 = ColladaDebug|x86
		{64749FE6-E3AF-4666-BB9F-8CCFF4D30E2D}.Debug|Any CPU.ActiveCfg = Debug|x86
		{64749FE6-E3AF-4666-BB9F-8CCFF4D30E2D}.Debug|Mixed Platforms.ActiveCfg = Debug|x86
		{64749FE6-E3AF-4666-BB9F-8CCFF4D30E2D}.Debug|Mixed Platforms.Build.0 = Debug|x86
		{64749FE6-E3AF-4666-BB9F-8CCFF4D30E2D}.Debug|Win32.ActiveCfg = Debug|x86
		{64749FE6-E3AF-4666-BB9F-8CCFF4D30E2D}.Debug|x86.ActiveCfg = Debug|x86
		{64749FE6-E3AF-4666-BB9F-8CCFF4D30E2D}.Debug|x86.Build.0 = Debug|x86
		{64749FE6-E3AF-4666-BB9F-8CCFF4D30E2D}.DebugEditor|Any CPU.ActiveCfg = DebugEditor|x86
		{64749FE6-E3AF-4666-BB9F-8CCFF4D30E2D}.DebugEditor|Mixed Platforms.ActiveCfg = DebugEditor|x86
		{64749FE6-E3AF-4666-BB9F-8CCFF4D30E2D}.DebugEditor|Mixed Platforms.Build.0 = DebugEditor|x86
		{64749FE6-E3AF-4666-BB9F-8CCFF4D30E2D}.DebugEditor|Win32.ActiveCfg = DebugEditor|x86
		{64749FE6-E3AF-4666-BB9F-8CCFF4D30E2D}.DebugEditor|x86.ActiveCfg = DebugEditor|x86
		{64749FE6-E3AF-4666-BB9F-8CCFF4D30E2D}.DebugEditor|x86.Build.0 = DebugEditor|x86
		{64749FE6-E3AF-4666-BB9F-8CCFF4D30E2D}.Release|Any CPU.ActiveCfg = Release|x86
		{64749FE6-E3AF-4666-BB9F-8CCFF4D30E2D}.Release|Mixed Platforms.ActiveCfg = Release|x86
		{64749FE6-E3AF-4666-BB9F-8CCFF4D30E2D}.Release|Mixed Platforms.Build.0 = Release|x86
		{64749FE6-E3AF-4666-BB9F-8CCFF4D30E2D}.Release|Win32.ActiveCfg = Release|x86
		{64749FE6-E3AF-4666-BB9F-8CCFF4D30E2D}.Release|x86.ActiveCfg = Release|x86
		{64749FE6-E3AF-4666-BB9F-8CCFF4D30E2D}.Release|x86.Build.0 = Release|x86
		{A356B2CF-4BBA-4DB4-9FB3-5646F9887048}.ColladaDebug|Any CPU.ActiveCfg = ColladaDebug|x86
		{A356B2CF-4BBA-4DB4-9FB3-5646F9887048}.ColladaDebug|Mixed Platforms.ActiveCfg = ColladaDebug|x86
		{A356B2CF-4BBA-4DB4-9FB3-5646F9887048}.ColladaDebug|Mixed Platforms.Build.0 = ColladaDebug|x86
		{A356B2CF-4BBA-4DB4-9FB3-5646F9887048}.ColladaDebug|Win32.ActiveCfg = ColladaDebug|x86
		{A356B2CF-4BBA-4DB4-9FB3-5646F9887048}.ColladaDebug|x86.ActiveCfg = ColladaDebug|x86
		{A356B2CF-4BBA-4DB4-9FB3-5646F9887048}.ColladaDebug|x86.Build.0 = ColladaDebug|x86
		{A356B2CF-4BBA-4DB4-9FB3-5646F9887048}.Debug|Any CPU.ActiveCfg = Debug|x86
		{A356B2CF-4BBA-4DB4-9FB3-5646F9887048}.Debug|Mixed Platforms.ActiveCfg = Debug|x86
		{A356B2CF-4BBA-4DB4-9FB3-5646F9887048}.Debug|Mixed Platforms.Build.0 = Debug|x86
		{A356B2CF-4BBA-4DB4-9FB3-5646F9887048}.Debug|Win32.ActiveCfg = Debug|x86
		{A356B2CF-4BBA-4DB4-9FB3-5646F9887048}.Debug|x86.ActiveCfg = Debug|x86
		{A356B2CF-4BBA-4DB4-9FB3-5646F9887048}.Debug|x86.Build.0 = Debug|x86
		{A356B2CF-4BBA-4DB4-9FB3-5646F9887048}.DebugEditor|Any CPU.ActiveCfg = Debug|x86
		{A356B2CF-4BBA-4DB4-9FB3-5646F9887048}.DebugEditor|Mixed Platforms.ActiveCfg = Debug|x86
		{A356B2CF-4BBA-4DB4-9FB3-5646F9887048}.DebugEditor|Mixed Platforms.Build.0 = Debug|x86
		{A356B2CF-4BBA-4DB4-9FB3-5646F9887048}.DebugEditor|Win32.ActiveCfg = Debug|x86
		{A356B2CF-4BBA-4DB4-9FB3-5646F9887048}.DebugEditor|x86.ActiveCfg = Debug|x86
		{A356B2CF-4BBA-4DB4-9FB3-5646F9887048}.DebugEditor|x86.Build.0 = Debug|x86
		{A356B2CF-4BBA-4DB4-9FB3-5646F9887048}.Release|Any CPU.ActiveCfg = Release|x86
		{A356B2CF-4BBA-4DB4-9FB3-5646F9887048}.Release|Mixed Platforms.ActiveCfg = Release|x86
		{A356B2CF-4BBA-4DB4-9FB3-5646F9887048}.Release|Mixed Platforms.Build.0 = Release|x86
		{A356B2CF-4BBA-4DB4-9FB3-5646F9887048}.Release|Win32.ActiveCfg = Release|x86
		{A356B2CF-4BBA-4DB4-9FB3-5646F9887048}.Release|x86.ActiveCfg = Release|x86
		{A356B2CF-4BBA-4DB4-9FB3-5646F9887048}.Release|x86.Build.0 = Release|x86
		{1EBCA61D-7015-426C-83DB-4602CE0F4194}.ColladaDebug|Any CPU.ActiveCfg = Debug|Any CPU
		{1EBCA61D-7015-426C-83DB-4602CE0F4194}.ColladaDebug|Any CPU.Build.0 = Debug|Any CPU
		{1EBCA61D-7015-426C-83DB-4602CE0F4194}.ColladaDebug|Mixed Platforms.ActiveCfg = Debug|x86
		{1EBCA61D-7015-426C-83DB-4602CE0F4194}.ColladaDebug|Mixed Platforms.Build.0 = Debug|x86
		{1EBCA61D-7015-426C-83DB-4602CE0F4194}.ColladaDebug|Win32.ActiveCfg = Debug|x86
		{1EBCA61D-7015-426C-83DB-4602CE0F4194}.ColladaDebug|x86.ActiveCfg = Debug|x86
		{1EBCA61D-7015-426C-83DB-4602CE0F4194}.ColladaDebug|x86.Build.0 = Debug|x86
		{1EBCA61D-7015-426C-83DB-4602CE0F4194}.Debug|Any CPU.ActiveCfg = Debug|Any CPU
		{1EBCA61D-7015-426C-83DB-4602CE0F4194}.Debug|Any CPU.Build.0 = Debug|Any CPU
		{1EBCA61D-7015-426C-83DB-4602CE0F4194}.Debug|Mixed Platforms.ActiveCfg = Debug|Any CPU
		{1EBCA61D-7015-426C-83DB-4602CE0F4194}.Debug|Mixed Platforms.Build.0 = Debug|Any CPU
		{1EBCA61D-7015-426C-83DB-4602CE0F4194}.Debug|Win32.ActiveCfg = Debug|Any CPU
		{1EBCA61D-7015-426C-83DB-4602CE0F4194}.Debug|x86.ActiveCfg = Debug|x86
		{1EBCA61D-7015-426C-83DB-4602CE0F4194}.Debug|x86.Build.0 = Debug|x86
		{1EBCA61D-7015-426C-83DB-4602CE0F4194}.DebugEditor|Any CPU.ActiveCfg = Debug|x86
		{1EBCA61D-7015-426C-83DB-4602CE0F4194}.DebugEditor|Mixed Platforms.ActiveCfg = Debug|x86
		{1EBCA61D-7015-426C-83DB-4602CE0F4194}.DebugEditor|Mixed Platforms.Build.0 = Debug|x86
		{1EBCA61D-7015-426C-83DB-4602CE0F4194}.DebugEditor|Win32.ActiveCfg = Debug|x86
		{1EBCA61D-7015-426C-83DB-4602CE0F4194}.DebugEditor|x86.ActiveCfg = Debug|x86
		{1EBCA61D-7015-426C-83DB-4602CE0F4194}.DebugEditor|x86.Build.0 = Debug|x86
		{1EBCA61D-7015-426C-83DB-4602CE0F4194}.Release|Any CPU.ActiveCfg = Release|Any CPU
		{1EBCA61D-7015-426C-83DB-4602CE0F4194}.Release|Any CPU.Build.0 = Release|Any CPU
		{1EBCA61D-7015-426C-83DB-4602CE0F4194}.Release|Mixed Platforms.ActiveCfg = Release|Any CPU
		{1EBCA61D-7015-426C-83DB-4602CE0F4194}.Release|Mixed Platforms.Build.0 = Release|Any CPU
		{1EBCA61D-7015-426C-83DB-4602CE0F4194}.Release|Win32.ActiveCfg = Release|Any CPU
		{1EBCA61D-7015-426C-83DB-4602CE0F4194}.Release|x86.ActiveCfg = Release|Any CPU
		{1EBCA61D-7015-426C-83DB-4602CE0F4194}.Release|x86.Build.0 = Release|Any CPU
		{5B6ADB0D-6DEB-4922-8F2F-72B3468699F6}.ColladaDebug|Any CPU.ActiveCfg = Debug|x86
		{5B6ADB0D-6DEB-4922-8F2F-72B3468699F6}.ColladaDebug|Mixed Platforms.ActiveCfg = Debug|x86
		{5B6ADB0D-6DEB-4922-8F2F-72B3468699F6}.ColladaDebug|Mixed Platforms.Build.0 = Debug|x86
		{5B6ADB0D-6DEB-4922-8F2F-72B3468699F6}.ColladaDebug|Win32.ActiveCfg = Debug|x86
		{5B6ADB0D-6DEB-4922-8F2F-72B3468699F6}.ColladaDebug|x86.ActiveCfg = Debug|x86
		{5B6ADB0D-6DEB-4922-8F2F-72B3468699F6}.ColladaDebug|x86.Build.0 = Debug|x86
		{5B6ADB0D-6DEB-4922-8F2F-72B3468699F6}.Debug|Any CPU.ActiveCfg = Debug|x86
		{5B6ADB0D-6DEB-4922-8F2F-72B3468699F6}.Debug|Mixed Platforms.ActiveCfg = Debug|x86
		{5B6ADB0D-6DEB-4922-8F2F-72B3468699F6}.Debug|Mixed Platforms.Build.0 = Debug|x86
		{5B6ADB0D-6DEB-4922-8F2F-72B3468699F6}.Debug|Win32.ActiveCfg = Debug|x86
		{5B6ADB0D-6DEB-4922-8F2F-72B3468699F6}.Debug|x86.ActiveCfg = Debug|x86
		{5B6ADB0D-6DEB-4922-8F2F-72B3468699F6}.Debug|x86.Build.0 = Debug|x86
		{5B6ADB0D-6DEB-4922-8F2F-72B3468699F6}.DebugEditor|Any CPU.ActiveCfg = Debug|x86
		{5B6ADB0D-6DEB-4922-8F2F-72B3468699F6}.DebugEditor|Mixed Platforms.ActiveCfg = Debug|x86
		{5B6ADB0D-6DEB-4922-8F2F-72B3468699F6}.DebugEditor|Mixed Platforms.Build.0 = Debug|x86
		{5B6ADB0D-6DEB-4922-8F2F-72B3468699F6}.DebugEditor|Win32.ActiveCfg = Debug|x86
		{5B6ADB0D-6DEB-4922-8F2F-72B3468699F6}.DebugEditor|x86.ActiveCfg = Debug|x86
		{5B6ADB0D-6DEB-4922-8F2F-72B3468699F6}.DebugEditor|x86.Build.0 = Debug|x86
		{5B6ADB0D-6DEB-4922-8F2F-72B3468699F6}.Release|Any CPU.ActiveCfg = Release|x86
		{5B6ADB0D-6DEB-4922-8F2F-72B3468699F6}.Release|Mixed Platforms.ActiveCfg = Release|x86
		{5B6ADB0D-6DEB-4922-8F2F-72B3468699F6}.Release|Mixed Platforms.Build.0 = Release|x86
		{5B6ADB0D-6DEB-4922-8F2F-72B3468699F6}.Release|Win32.ActiveCfg = Release|x86
		{5B6ADB0D-6DEB-4922-8F2F-72B3468699F6}.Release|x86.ActiveCfg = Release|x86
		{5B6ADB0D-6DEB-4922-8F2F-72B3468699F6}.Release|x86.Build.0 = Release|x86
		{10DF4E9C-85C6-438F-BE1D-DC4DCF3C0B49}.ColladaDebug|Any CPU.ActiveCfg = Debug|Any CPU
		{10DF4E9C-85C6-438F-BE1D-DC4DCF3C0B49}.ColladaDebug|Any CPU.Build.0 = Debug|Any CPU
		{10DF4E9C-85C6-438F-BE1D-DC4DCF3C0B49}.ColladaDebug|Mixed Platforms.ActiveCfg = Debug|x86
		{10DF4E9C-85C6-438F-BE1D-DC4DCF3C0B49}.ColladaDebug|Mixed Platforms.Build.0 = Debug|x86
		{10DF4E9C-85C6-438F-BE1D-DC4DCF3C0B49}.ColladaDebug|Win32.ActiveCfg = Debug|x86
		{10DF4E9C-85C6-438F-BE1D-DC4DCF3C0B49}.ColladaDebug|x86.ActiveCfg = Debug|x86
		{10DF4E9C-85C6-438F-BE1D-DC4DCF3C0B49}.ColladaDebug|x86.Build.0 = Debug|x86
		{10DF4E9C-85C6-438F-BE1D-DC4DCF3C0B49}.Debug|Any CPU.ActiveCfg = Debug|Any CPU
		{10DF4E9C-85C6-438F-BE1D-DC4DCF3C0B49}.Debug|Any CPU.Build.0 = Debug|Any CPU
		{10DF4E9C-85C6-438F-BE1D-DC4DCF3C0B49}.Debug|Mixed Platforms.ActiveCfg = Debug|x86
		{10DF4E9C-85C6-438F-BE1D-DC4DCF3C0B49}.Debug|Mixed Platforms.Build.0 = Debug|x86
		{10DF4E9C-85C6-438F-BE1D-DC4DCF3C0B49}.Debug|Win32.ActiveCfg = Debug|Any CPU
		{10DF4E9C-85C6-438F-BE1D-DC4DCF3C0B49}.Debug|x86.ActiveCfg = Debug|x86
		{10DF4E9C-85C6-438F-BE1D-DC4DCF3C0B49}.Debug|x86.Build.0 = Debug|x86
		{10DF4E9C-85C6-438F-BE1D-DC4DCF3C0B49}.DebugEditor|Any CPU.ActiveCfg = Debug|x86
		{10DF4E9C-85C6-438F-BE1D-DC4DCF3C0B49}.DebugEditor|Mixed Platforms.ActiveCfg = Debug|x86
		{10DF4E9C-85C6-438F-BE1D-DC4DCF3C0B49}.DebugEditor|Mixed Platforms.Build.0 = Debug|x86
		{10DF4E9C-85C6-438F-BE1D-DC4DCF3C0B49}.DebugEditor|Win32.ActiveCfg = Debug|x86
		{10DF4E9C-85C6-438F-BE1D-DC4DCF3C0B49}.DebugEditor|x86.ActiveCfg = Debug|x86
		{10DF4E9C-85C6-438F-BE1D-DC4DCF3C0B49}.DebugEditor|x86.Build.0 = Debug|x86
		{10DF4E9C-85C6-438F-BE1D-DC4DCF3C0B49}.Release|Any CPU.ActiveCfg = Release|Any CPU
		{10DF4E9C-85C6-438F-BE1D-DC4DCF3C0B49}.Release|Any CPU.Build.0 = Release|Any CPU
		{10DF4E9C-85C6-438F-BE1D-DC4DCF3C0B49}.Release|Mixed Platforms.ActiveCfg = Release|Any CPU
		{10DF4E9C-85C6-438F-BE1D-DC4DCF3C0B49}.Release|Mixed Platforms.Build.0 = Release|Any CPU
		{10DF4E9C-85C6-438F-BE1D-DC4DCF3C0B49}.Release|Win32.ActiveCfg = Release|Any CPU
		{10DF4E9C-85C6-438F-BE1D-DC4DCF3C0B49}.Release|x86.ActiveCfg = Release|Any CPU
		{10DF4E9C-85C6-438F-BE1D-DC4DCF3C0B49}.Release|x86.Build.0 = Release|Any CPU
		{1D4C9A82-F2F2-4072-86C5-30CF7863E042}.ColladaDebug|Any CPU.ActiveCfg = Debug|Any CPU
		{1D4C9A82-F2F2-4072-86C5-30CF7863E042}.ColladaDebug|Any CPU.Build.0 = Debug|Any CPU
		{1D4C9A82-F2F2-4072-86C5-30CF7863E042}.ColladaDebug|Mixed Platforms.ActiveCfg = Debug|Any CPU
		{1D4C9A82-F2F2-4072-86C5-30CF7863E042}.ColladaDebug|Mixed Platforms.Build.0 = Debug|Any CPU
		{1D4C9A82-F2F2-4072-86C5-30CF7863E042}.ColladaDebug|Win32.ActiveCfg = Debug|Any CPU
		{1D4C9A82-F2F2-4072-86C5-30CF7863E042}.ColladaDebug|x86.ActiveCfg = Debug|Any CPU
		{1D4C9A82-F2F2-4072-86C5-30CF7863E042}.Debug|Any CPU.ActiveCfg = Debug|Any CPU
		{1D4C9A82-F2F2-4072-86C5-30CF7863E042}.Debug|Any CPU.Build.0 = Debug|Any CPU
		{1D4C9A82-F2F2-4072-86C5-30CF7863E042}.Debug|Mixed Platforms.ActiveCfg = Debug|Any CPU
		{1D4C9A82-F2F2-4072-86C5-30CF7863E042}.Debug|Mixed Platforms.Build.0 = Debug|Any CPU
		{1D4C9A82-F2F2-4072-86C5-30CF7863E042}.Debug|Win32.ActiveCfg = Debug|Any CPU
		{1D4C9A82-F2F2-4072-86C5-30CF7863E042}.Debug|x86.ActiveCfg = Debug|Any CPU
		{1D4C9A82-F2F2-4072-86C5-30CF7863E042}.Debug|x86.Build.0 = Debug|Any CPU
		{1D4C9A82-F2F2-4072-86C5-30CF7863E042}.DebugEditor|Any CPU.ActiveCfg = Debug|Any CPU
		{1D4C9A82-F2F2-4072-86C5-30CF7863E042}.DebugEditor|Any CPU.Build.0 = Debug|Any CPU
		{1D4C9A82-F2F2-4072-86C5-30CF7863E042}.DebugEditor|Mixed Platforms.ActiveCfg = Debug|Any CPU
		{1D4C9A82-F2F2-4072-86C5-30CF7863E042}.DebugEditor|Mixed Platforms.Build.0 = Debug|Any CPU
		{1D4C9A82-F2F2-4072-86C5-30CF7863E042}.DebugEditor|Win32.ActiveCfg = Debug|Any CPU
		{1D4C9A82-F2F2-4072-86C5-30CF7863E042}.DebugEditor|x86.ActiveCfg = Debug|Any CPU
		{1D4C9A82-F2F2-4072-86C5-30CF7863E042}.Release|Any CPU.ActiveCfg = Release|Any CPU
		{1D4C9A82-F2F2-4072-86C5-30CF7863E042}.Release|Any CPU.Build.0 = Release|Any CPU
		{1D4C9A82-F2F2-4072-86C5-30CF7863E042}.Release|Mixed Platforms.ActiveCfg = Release|Any CPU
		{1D4C9A82-F2F2-4072-86C5-30CF7863E042}.Release|Mixed Platforms.Build.0 = Release|Any CPU
		{1D4C9A82-F2F2-4072-86C5-30CF7863E042}.Release|Win32.ActiveCfg = Release|Any CPU
		{1D4C9A82-F2F2-4072-86C5-30CF7863E042}.Release|x86.ActiveCfg = Release|Any CPU
		{1D4C9A82-F2F2-4072-86C5-30CF7863E042}.Release|x86.Build.0 = Release|Any CPU
		{C79FDAC0-960D-4E13-981D-7A9D2CA3B6A8}.ColladaDebug|Any CPU.ActiveCfg = Debug|Any CPU
		{C79FDAC0-960D-4E13-981D-7A9D2CA3B6A8}.ColladaDebug|Any CPU.Build.0 = Debug|Any CPU
		{C79FDAC0-960D-4E13-981D-7A9D2CA3B6A8}.ColladaDebug|Mixed Platforms.ActiveCfg = Debug|x86
		{C79FDAC0-960D-4E13-981D-7A9D2CA3B6A8}.ColladaDebug|Mixed Platforms.Build.0 = Debug|x86
		{C79FDAC0-960D-4E13-981D-7A9D2CA3B6A8}.ColladaDebug|Win32.ActiveCfg = Debug|x86
		{C79FDAC0-960D-4E13-981D-7A9D2CA3B6A8}.ColladaDebug|x86.ActiveCfg = Debug|x86
		{C79FDAC0-960D-4E13-981D-7A9D2CA3B6A8}.ColladaDebug|x86.Build.0 = Debug|x86
		{C79FDAC0-960D-4E13-981D-7A9D2CA3B6A8}.Debug|Any CPU.ActiveCfg = Debug|Any CPU
		{C79FDAC0-960D-4E13-981D-7A9D2CA3B6A8}.Debug|Any CPU.Build.0 = Debug|Any CPU
		{C79FDAC0-960D-4E13-981D-7A9D2CA3B6A8}.Debug|Mixed Platforms.ActiveCfg = Debug|Any CPU
		{C79FDAC0-960D-4E13-981D-7A9D2CA3B6A8}.Debug|Mixed Platforms.Build.0 = Debug|Any CPU
		{C79FDAC0-960D-4E13-981D-7A9D2CA3B6A8}.Debug|Win32.ActiveCfg = Debug|Any CPU
		{C79FDAC0-960D-4E13-981D-7A9D2CA3B6A8}.Debug|x86.ActiveCfg = Debug|Any CPU
		{C79FDAC0-960D-4E13-981D-7A9D2CA3B6A8}.Debug|x86.Build.0 = Debug|Any CPU
		{C79FDAC0-960D-4E13-981D-7A9D2CA3B6A8}.DebugEditor|Any CPU.ActiveCfg = Debug|x86
		{C79FDAC0-960D-4E13-981D-7A9D2CA3B6A8}.DebugEditor|Mixed Platforms.ActiveCfg = Debug|x86
		{C79FDAC0-960D-4E13-981D-7A9D2CA3B6A8}.DebugEditor|Mixed Platforms.Build.0 = Debug|x86
		{C79FDAC0-960D-4E13-981D-7A9D2CA3B6A8}.DebugEditor|Win32.ActiveCfg = Debug|x86
		{C79FDAC0-960D-4E13-981D-7A9D2CA3B6A8}.DebugEditor|x86.ActiveCfg = Debug|x86
		{C79FDAC0-960D-4E13-981D-7A9D2CA3B6A8}.DebugEditor|x86.Build.0 = Debug|x86
		{C79FDAC0-960D-4E13-981D-7A9D2CA3B6A8}.Release|Any CPU.ActiveCfg = Release|Any CPU
		{C79FDAC0-960D-4E13-981D-7A9D2CA3B6A8}.Release|Any CPU.Build.0 = Release|Any CPU
		{C79FDAC0-960D-4E13-981D-7A9D2CA3B6A8}.Release|Mixed Platforms.ActiveCfg = Release|Any CPU
		{C79FDAC0-960D-4E13-981D-7A9D2CA3B6A8}.Release|Mixed Platforms.Build.0 = Release|Any CPU
		{C79FDAC0-960D-4E13-981D-7A9D2CA3B6A8}.Release|Win32.ActiveCfg = Release|Any CPU
		{C79FDAC0-960D-4E13-981D-7A9D2CA3B6A8}.Release|x86.ActiveCfg = Release|Any CPU
		{C79FDAC0-960D-4E13-981D-7A9D2CA3B6A8}.Release|x86.Build.0 = Release|Any CPU
		{9543AC00-CDE5-4759-BD98-2D031D16DFD4}.ColladaDebug|Any CPU.ActiveCfg = Debug|Any CPU
		{9543AC00-CDE5-4759-BD98-2D031D16DFD4}.ColladaDebug|Any CPU.Build.0 = Debug|Any CPU
		{9543AC00-CDE5-4759-BD98-2D031D16DFD4}.ColladaDebug|Mixed Platforms.ActiveCfg = Debug|x86
		{9543AC00-CDE5-4759-BD98-2D031D16DFD4}.ColladaDebug|Mixed Platforms.Build.0 = Debug|x86
		{9543AC00-CDE5-4759-BD98-2D031D16DFD4}.ColladaDebug|Win32.ActiveCfg = Debug|x86
		{9543AC00-CDE5-4759-BD98-2D031D16DFD4}.ColladaDebug|x86.ActiveCfg = Debug|x86
		{9543AC00-CDE5-4759-BD98-2D031D16DFD4}.ColladaDebug|x86.Build.0 = Debug|x86
		{9543AC00-CDE5-4759-BD98-2D031D16DFD4}.Debug|Any CPU.ActiveCfg = Debug|Any CPU
		{9543AC00-CDE5-4759-BD98-2D031D16DFD4}.Debug|Any CPU.Build.0 = Debug|Any CPU
		{9543AC00-CDE5-4759-BD98-2D031D16DFD4}.Debug|Mixed Platforms.ActiveCfg = Debug|Any CPU
		{9543AC00-CDE5-4759-BD98-2D031D16DFD4}.Debug|Mixed Platforms.Build.0 = Debug|Any CPU
		{9543AC00-CDE5-4759-BD98-2D031D16DFD4}.Debug|Win32.ActiveCfg = Debug|Any CPU
		{9543AC00-CDE5-4759-BD98-2D031D16DFD4}.Debug|x86.ActiveCfg = Debug|x86
		{9543AC00-CDE5-4759-BD98-2D031D16DFD4}.Debug|x86.Build.0 = Debug|x86
		{9543AC00-CDE5-4759-BD98-2D031D16DFD4}.DebugEditor|Any CPU.ActiveCfg = Debug|x86
		{9543AC00-CDE5-4759-BD98-2D031D16DFD4}.DebugEditor|Mixed Platforms.ActiveCfg = Debug|x86
		{9543AC00-CDE5-4759-BD98-2D031D16DFD4}.DebugEditor|Mixed Platforms.Build.0 = Debug|x86
		{9543AC00-CDE5-4759-BD98-2D031D16DFD4}.DebugEditor|Win32.ActiveCfg = Debug|x86
		{9543AC00-CDE5-4759-BD98-2D031D16DFD4}.DebugEditor|x86.ActiveCfg = Debug|x86
		{9543AC00-CDE5-4759-BD98-2D031D16DFD4}.DebugEditor|x86.Build.0 = Debug|x86
		{9543AC00-CDE5-4759-BD98-2D031D16DFD4}.Release|Any CPU.ActiveCfg = Release|Any CPU
		{9543AC00-CDE5-4759-BD98-2D031D16DFD4}.Release|Any CPU.Build.0 = Release|Any CPU
		{9543AC00-CDE5-4759-BD98-2D031D16DFD4}.Release|Mixed Platforms.ActiveCfg = Release|Any CPU
		{9543AC00-CDE5-4759-BD98-2D031D16DFD4}.Release|Mixed Platforms.Build.0 = Release|Any CPU
		{9543AC00-CDE5-4759-BD98-2D031D16DFD4}.Release|Win32.ActiveCfg = Release|Any CPU
		{9543AC00-CDE5-4759-BD98-2D031D16DFD4}.Release|x86.ActiveCfg = Release|Any CPU
		{9543AC00-CDE5-4759-BD98-2D031D16DFD4}.Release|x86.Build.0 = Release|Any CPU
		{FBB931F7-FFEC-40BF-BC8D-4FDA0A6B0B7C}.ColladaDebug|Any CPU.ActiveCfg = Debug|Win32
		{FBB931F7-FFEC-40BF-BC8D-4FDA0A6B0B7C}.ColladaDebug|Mixed Platforms.ActiveCfg = Debug|Win32
		{FBB931F7-FFEC-40BF-BC8D-4FDA0A6B0B7C}.ColladaDebug|Mixed Platforms.Build.0 = Debug|Win32
		{FBB931F7-FFEC-40BF-BC8D-4FDA0A6B0B7C}.ColladaDebug|Win32.ActiveCfg = Debug|Win32
		{FBB931F7-FFEC-40BF-BC8D-4FDA0A6B0B7C}.ColladaDebug|Win32.Build.0 = Debug|Win32
		{FBB931F7-FFEC-40BF-BC8D-4FDA0A6B0B7C}.ColladaDebug|x86.ActiveCfg = Debug|Win32
		{FBB931F7-FFEC-40BF-BC8D-4FDA0A6B0B7C}.Debug|Any CPU.ActiveCfg = Debug|Win32
		{FBB931F7-FFEC-40BF-BC8D-4FDA0A6B0B7C}.Debug|Mixed Platforms.ActiveCfg = Debug|Win32
		{FBB931F7-FFEC-40BF-BC8D-4FDA0A6B0B7C}.Debug|Mixed Platforms.Build.0 = Debug|Win32
		{FBB931F7-FFEC-40BF-BC8D-4FDA0A6B0B7C}.Debug|Win32.ActiveCfg = Debug|Win32
		{FBB931F7-FFEC-40BF-BC8D-4FDA0A6B0B7C}.Debug|Win32.Build.0 = Debug|Win32
		{FBB931F7-FFEC-40BF-BC8D-4FDA0A6B0B7C}.Debug|x86.ActiveCfg = Debug|Win32
		{FBB931F7-FFEC-40BF-BC8D-4FDA0A6B0B7C}.Debug|x86.Build.0 = Debug|Win32
		{FBB931F7-FFEC-40BF-BC8D-4FDA0A6B0B7C}.DebugEditor|Any CPU.ActiveCfg = Debug|Win32
		{FBB931F7-FFEC-40BF-BC8D-4FDA0A6B0B7C}.DebugEditor|Mixed Platforms.ActiveCfg = Debug|Win32
		{FBB931F7-FFEC-40BF-BC8D-4FDA0A6B0B7C}.DebugEditor|Mixed Platforms.Build.0 = Debug|Win32
		{FBB931F7-FFEC-40BF-BC8D-4FDA0A6B0B7C}.DebugEditor|Win32.ActiveCfg = Debug|Win32
		{FBB931F7-FFEC-40BF-BC8D-4FDA0A6B0B7C}.DebugEditor|Win32.Build.0 = Debug|Win32
		{FBB931F7-FFEC-40BF-BC8D-4FDA0A6B0B7C}.DebugEditor|x86.ActiveCfg = Debug|Win32
		{FBB931F7-FFEC-40BF-BC8D-4FDA0A6B0B7C}.Release|Any CPU.ActiveCfg = Release|Win32
		{FBB931F7-FFEC-40BF-BC8D-4FDA0A6B0B7C}.Release|Mixed Platforms.ActiveCfg = Release|Win32
		{FBB931F7-FFEC-40BF-BC8D-4FDA0A6B0B7C}.Release|Mixed Platforms.Build.0 = Release|Win32
		{FBB931F7-FFEC-40BF-BC8D-4FDA0A6B0B7C}.Release|Win32.ActiveCfg = Release|Win32
		{FBB931F7-FFEC-40BF-BC8D-4FDA0A6B0B7C}.Release|Win32.Build.0 = Release|Win32
		{FBB931F7-FFEC-40BF-BC8D-4FDA0A6B0B7C}.Release|x86.ActiveCfg = Release|Win32
		{FBB931F7-FFEC-40BF-BC8D-4FDA0A6B0B7C}.Release|x86.Build.0 = Release|Win32
		{2BF84FEF-FC3A-4E1A-9E4B-D3003E02C5B8}.ColladaDebug|Any CPU.ActiveCfg = Debug|Any CPU
		{2BF84FEF-FC3A-4E1A-9E4B-D3003E02C5B8}.ColladaDebug|Any CPU.Build.0 = Debug|Any CPU
		{2BF84FEF-FC3A-4E1A-9E4B-D3003E02C5B8}.ColladaDebug|Mixed Platforms.ActiveCfg = Debug|x86
		{2BF84FEF-FC3A-4E1A-9E4B-D3003E02C5B8}.ColladaDebug|Mixed Platforms.Build.0 = Debug|x86
		{2BF84FEF-FC3A-4E1A-9E4B-D3003E02C5B8}.ColladaDebug|Win32.ActiveCfg = Debug|x86
		{2BF84FEF-FC3A-4E1A-9E4B-D3003E02C5B8}.ColladaDebug|x86.ActiveCfg = Debug|x86
		{2BF84FEF-FC3A-4E1A-9E4B-D3003E02C5B8}.ColladaDebug|x86.Build.0 = Debug|x86
		{2BF84FEF-FC3A-4E1A-9E4B-D3003E02C5B8}.Debug|Any CPU.ActiveCfg = Debug|Any CPU
		{2BF84FEF-FC3A-4E1A-9E4B-D3003E02C5B8}.Debug|Any CPU.Build.0 = Debug|Any CPU
		{2BF84FEF-FC3A-4E1A-9E4B-D3003E02C5B8}.Debug|Mixed Platforms.ActiveCfg = Debug|Any CPU
		{2BF84FEF-FC3A-4E1A-9E4B-D3003E02C5B8}.Debug|Mixed Platforms.Build.0 = Debug|Any CPU
		{2BF84FEF-FC3A-4E1A-9E4B-D3003E02C5B8}.Debug|Win32.ActiveCfg = Debug|Any CPU
		{2BF84FEF-FC3A-4E1A-9E4B-D3003E02C5B8}.Debug|x86.ActiveCfg = Debug|Any CPU
		{2BF84FEF-FC3A-4E1A-9E4B-D3003E02C5B8}.Debug|x86.Build.0 = Debug|Any CPU
		{2BF84FEF-FC3A-4E1A-9E4B-D3003E02C5B8}.DebugEditor|Any CPU.ActiveCfg = Debug|x86
		{2BF84FEF-FC3A-4E1A-9E4B-D3003E02C5B8}.DebugEditor|Mixed Platforms.ActiveCfg = Debug|x86
		{2BF84FEF-FC3A-4E1A-9E4B-D3003E02C5B8}.DebugEditor|Mixed Platforms.Build.0 = Debug|x86
		{2BF84FEF-FC3A-4E1A-9E4B-D3003E02C5B8}.DebugEditor|Win32.ActiveCfg = Debug|x86
		{2BF84FEF-FC3A-4E1A-9E4B-D3003E02C5B8}.DebugEditor|x86.ActiveCfg = Debug|x86
		{2BF84FEF-FC3A-4E1A-9E4B-D3003E02C5B8}.DebugEditor|x86.Build.0 = Debug|x86
		{2BF84FEF-FC3A-4E1A-9E4B-D3003E02C5B8}.Release|Any CPU.ActiveCfg = Release|Any CPU
		{2BF84FEF-FC3A-4E1A-9E4B-D3003E02C5B8}.Release|Any CPU.Build.0 = Release|Any CPU
		{2BF84FEF-FC3A-4E1A-9E4B-D3003E02C5B8}.Release|Mixed Platforms.ActiveCfg = Release|Any CPU
		{2BF84FEF-FC3A-4E1A-9E4B-D3003E02C5B8}.Release|Mixed Platforms.Build.0 = Release|Any CPU
		{2BF84FEF-FC3A-4E1A-9E4B-D3003E02C5B8}.Release|Win32.ActiveCfg = Release|Any CPU
		{2BF84FEF-FC3A-4E1A-9E4B-D3003E02C5B8}.Release|x86.ActiveCfg = Release|Any CPU
		{2BF84FEF-FC3A-4E1A-9E4B-D3003E02C5B8}.Release|x86.Build.0 = Release|Any CPU
		{4F8CD191-ECE8-4A05-9721-1EBCF03A31B6}.ColladaDebug|Any CPU.ActiveCfg = Debug|x86
		{4F8CD191-ECE8-4A05-9721-1EBCF03A31B6}.ColladaDebug|Mixed Platforms.ActiveCfg = Debug|x86
		{4F8CD191-ECE8-4A05-9721-1EBCF03A31B6}.ColladaDebug|Mixed Platforms.Build.0 = Debug|x86
		{4F8CD191-ECE8-4A05-9721-1EBCF03A31B6}.ColladaDebug|Win32.ActiveCfg = Debug|x86
		{4F8CD191-ECE8-4A05-9721-1EBCF03A31B6}.ColladaDebug|x86.ActiveCfg = Debug|x86
		{4F8CD191-ECE8-4A05-9721-1EBCF03A31B6}.ColladaDebug|x86.Build.0 = Debug|x86
		{4F8CD191-ECE8-4A05-9721-1EBCF03A31B6}.Debug|Any CPU.ActiveCfg = Debug|x86
		{4F8CD191-ECE8-4A05-9721-1EBCF03A31B6}.Debug|Mixed Platforms.ActiveCfg = Debug|x86
		{4F8CD191-ECE8-4A05-9721-1EBCF03A31B6}.Debug|Mixed Platforms.Build.0 = Debug|x86
		{4F8CD191-ECE8-4A05-9721-1EBCF03A31B6}.Debug|Win32.ActiveCfg = Debug|x86
		{4F8CD191-ECE8-4A05-9721-1EBCF03A31B6}.Debug|x86.ActiveCfg = Debug|x86
		{4F8CD191-ECE8-4A05-9721-1EBCF03A31B6}.Debug|x86.Build.0 = Debug|x86
		{4F8CD191-ECE8-4A05-9721-1EBCF03A31B6}.DebugEditor|Any CPU.ActiveCfg = Debug|x86
		{4F8CD191-ECE8-4A05-9721-1EBCF03A31B6}.DebugEditor|Mixed Platforms.ActiveCfg = Debug|x86
		{4F8CD191-ECE8-4A05-9721-1EBCF03A31B6}.DebugEditor|Mixed Platforms.Build.0 = Debug|x86
		{4F8CD191-ECE8-4A05-9721-1EBCF03A31B6}.DebugEditor|Win32.ActiveCfg = Debug|x86
		{4F8CD191-ECE8-4A05-9721-1EBCF03A31B6}.DebugEditor|x86.ActiveCfg = Debug|x86
		{4F8CD191-ECE8-4A05-9721-1EBCF03A31B6}.DebugEditor|x86.Build.0 = Debug|x86
		{4F8CD191-ECE8-4A05-9721-1EBCF03A31B6}.Release|Any CPU.ActiveCfg = Release|x86
		{4F8CD191-ECE8-4A05-9721-1EBCF03A31B6}.Release|Mixed Platforms.ActiveCfg = Release|x86
		{4F8CD191-ECE8-4A05-9721-1EBCF03A31B6}.Release|Mixed Platforms.Build.0 = Release|x86
		{4F8CD191-ECE8-4A05-9721-1EBCF03A31B6}.Release|Win32.ActiveCfg = Release|x86
		{4F8CD191-ECE8-4A05-9721-1EBCF03A31B6}.Release|x86.ActiveCfg = Release|x86
		{4F8CD191-ECE8-4A05-9721-1EBCF03A31B6}.Release|x86.Build.0 = Release|x86
		{5552CBE1-F647-4B3A-A353-A252E4CB0008}.ColladaDebug|Any CPU.ActiveCfg = Debug|Any CPU
		{5552CBE1-F647-4B3A-A353-A252E4CB0008}.ColladaDebug|Any CPU.Build.0 = Debug|Any CPU
		{5552CBE1-F647-4B3A-A353-A252E4CB0008}.ColladaDebug|Mixed Platforms.ActiveCfg = Debug|Any CPU
		{5552CBE1-F647-4B3A-A353-A252E4CB0008}.ColladaDebug|Mixed Platforms.Build.0 = Debug|Any CPU
		{5552CBE1-F647-4B3A-A353-A252E4CB0008}.ColladaDebug|Win32.ActiveCfg = Debug|Any CPU
		{5552CBE1-F647-4B3A-A353-A252E4CB0008}.ColladaDebug|x86.ActiveCfg = Debug|Any CPU
		{5552CBE1-F647-4B3A-A353-A252E4CB0008}.Debug|Any CPU.ActiveCfg = Debug|Any CPU
		{5552CBE1-F647-4B3A-A353-A252E4CB0008}.Debug|Any CPU.Build.0 = Debug|Any CPU
		{5552CBE1-F647-4B3A-A353-A252E4CB0008}.Debug|Mixed Platforms.ActiveCfg = Debug|Any CPU
		{5552CBE1-F647-4B3A-A353-A252E4CB0008}.Debug|Mixed Platforms.Build.0 = Debug|Any CPU
		{5552CBE1-F647-4B3A-A353-A252E4CB0008}.Debug|Win32.ActiveCfg = Debug|Any CPU
		{5552CBE1-F647-4B3A-A353-A252E4CB0008}.Debug|x86.ActiveCfg = Debug|Any CPU
		{5552CBE1-F647-4B3A-A353-A252E4CB0008}.Debug|x86.Build.0 = Debug|Any CPU
		{5552CBE1-F647-4B3A-A353-A252E4CB0008}.DebugEditor|Any CPU.ActiveCfg = Debug|Any CPU
		{5552CBE1-F647-4B3A-A353-A252E4CB0008}.DebugEditor|Any CPU.Build.0 = Debug|Any CPU
		{5552CBE1-F647-4B3A-A353-A252E4CB0008}.DebugEditor|Mixed Platforms.ActiveCfg = Debug|Any CPU
		{5552CBE1-F647-4B3A-A353-A252E4CB0008}.DebugEditor|Mixed Platforms.Build.0 = Debug|Any CPU
		{5552CBE1-F647-4B3A-A353-A252E4CB0008}.DebugEditor|Win32.ActiveCfg = Debug|Any CPU
		{5552CBE1-F647-4B3A-A353-A252E4CB0008}.DebugEditor|x86.ActiveCfg = Debug|Any CPU
		{5552CBE1-F647-4B3A-A353-A252E4CB0008}.Release|Any CPU.ActiveCfg = Release|Any CPU
		{5552CBE1-F647-4B3A-A353-A252E4CB0008}.Release|Any CPU.Build.0 = Release|Any CPU
		{5552CBE1-F647-4B3A-A353-A252E4CB0008}.Release|Mixed Platforms.ActiveCfg = Release|Any CPU
		{5552CBE1-F647-4B3A-A353-A252E4CB0008}.Release|Mixed Platforms.Build.0 = Release|Any CPU
		{5552CBE1-F647-4B3A-A353-A252E4CB0008}.Release|Win32.ActiveCfg = Release|Any CPU
		{5552CBE1-F647-4B3A-A353-A252E4CB0008}.Release|x86.ActiveCfg = Release|Any CPU
		{5552CBE1-F647-4B3A-A353-A252E4CB0008}.Release|x86.Build.0 = Release|Any CPU
		{AC6C51CE-96FB-401B-9B51-1302F273A52A}.ColladaDebug|Any CPU.ActiveCfg = Debug|x86
		{AC6C51CE-96FB-401B-9B51-1302F273A52A}.ColladaDebug|Mixed Platforms.ActiveCfg = Debug|x86
		{AC6C51CE-96FB-401B-9B51-1302F273A52A}.ColladaDebug|Mixed Platforms.Build.0 = Debug|x86
		{AC6C51CE-96FB-401B-9B51-1302F273A52A}.ColladaDebug|Win32.ActiveCfg = Debug|x86
		{AC6C51CE-96FB-401B-9B51-1302F273A52A}.ColladaDebug|x86.ActiveCfg = Debug|x86
		{AC6C51CE-96FB-401B-9B51-1302F273A52A}.ColladaDebug|x86.Build.0 = Debug|x86
		{AC6C51CE-96FB-401B-9B51-1302F273A52A}.Debug|Any CPU.ActiveCfg = Debug|x86
		{AC6C51CE-96FB-401B-9B51-1302F273A52A}.Debug|Mixed Platforms.ActiveCfg = Debug|x86
		{AC6C51CE-96FB-401B-9B51-1302F273A52A}.Debug|Mixed Platforms.Build.0 = Debug|x86
		{AC6C51CE-96FB-401B-9B51-1302F273A52A}.Debug|Win32.ActiveCfg = Debug|x86
		{AC6C51CE-96FB-401B-9B51-1302F273A52A}.Debug|x86.ActiveCfg = Debug|x86
		{AC6C51CE-96FB-401B-9B51-1302F273A52A}.Debug|x86.Build.0 = Debug|x86
		{AC6C51CE-96FB-401B-9B51-1302F273A52A}.DebugEditor|Any CPU.ActiveCfg = Debug|x86
		{AC6C51CE-96FB-401B-9B51-1302F273A52A}.DebugEditor|Mixed Platforms.ActiveCfg = Debug|x86
		{AC6C51CE-96FB-401B-9B51-1302F273A52A}.DebugEditor|Mixed Platforms.Build.0 = Debug|x86
		{AC6C51CE-96FB-401B-9B51-1302F273A52A}.DebugEditor|Win32.ActiveCfg = Debug|x86
		{AC6C51CE-96FB-401B-9B51-1302F273A52A}.DebugEditor|x86.ActiveCfg = Debug|x86
		{AC6C51CE-96FB-401B-9B51-1302F273A52A}.DebugEditor|x86.Build.0 = Debug|x86
		{AC6C51CE-96FB-401B-9B51-1302F273A52A}.Release|Any CPU.ActiveCfg = Release|x86
		{AC6C51CE-96FB-401B-9B51-1302F273A52A}.Release|Mixed Platforms.ActiveCfg = Release|x86
		{AC6C51CE-96FB-401B-9B51-1302F273A52A}.Release|Mixed Platforms.Build.0 = Release|x86
		{AC6C51CE-96FB-401B-9B51-1302F273A52A}.Release|Win32.ActiveCfg = Release|x86
		{AC6C51CE-96FB-401B-9B51-1302F273A52A}.Release|x86.ActiveCfg = Release|x86
		{AC6C51CE-96FB-401B-9B51-1302F273A52A}.Release|x86.Build.0 = Release|x86
		{807ED3B3-6313-46CE-9CA3-B6DB9735AAFA}.ColladaDebug|Any CPU.ActiveCfg = ColladaDebug|Any CPU
		{807ED3B3-6313-46CE-9CA3-B6DB9735AAFA}.ColladaDebug|Any CPU.Build.0 = ColladaDebug|Any CPU
		{807ED3B3-6313-46CE-9CA3-B6DB9735AAFA}.ColladaDebug|Mixed Platforms.ActiveCfg = ColladaDebug|Any CPU
		{807ED3B3-6313-46CE-9CA3-B6DB9735AAFA}.ColladaDebug|Mixed Platforms.Build.0 = ColladaDebug|Any CPU
		{807ED3B3-6313-46CE-9CA3-B6DB9735AAFA}.ColladaDebug|Win32.ActiveCfg = ColladaDebug|Any CPU
		{807ED3B3-6313-46CE-9CA3-B6DB9735AAFA}.ColladaDebug|x86.ActiveCfg = ColladaDebug|Any CPU
		{807ED3B3-6313-46CE-9CA3-B6DB9735AAFA}.Debug|Any CPU.ActiveCfg = Debug|Any CPU
		{807ED3B3-6313-46CE-9CA3-B6DB9735AAFA}.Debug|Any CPU.Build.0 = Debug|Any CPU
		{807ED3B3-6313-46CE-9CA3-B6DB9735AAFA}.Debug|Mixed Platforms.ActiveCfg = Debug|Any CPU
		{807ED3B3-6313-46CE-9CA3-B6DB9735AAFA}.Debug|Mixed Platforms.Build.0 = Debug|Any CPU
		{807ED3B3-6313-46CE-9CA3-B6DB9735AAFA}.Debug|Win32.ActiveCfg = Debug|Any CPU
		{807ED3B3-6313-46CE-9CA3-B6DB9735AAFA}.Debug|x86.ActiveCfg = Debug|Any CPU
		{807ED3B3-6313-46CE-9CA3-B6DB9735AAFA}.Debug|x86.Build.0 = Debug|Any CPU
		{807ED3B3-6313-46CE-9CA3-B6DB9735AAFA}.DebugEditor|Any CPU.ActiveCfg = DebugEditor|Any CPU
		{807ED3B3-6313-46CE-9CA3-B6DB9735AAFA}.DebugEditor|Any CPU.Build.0 = DebugEditor|Any CPU
		{807ED3B3-6313-46CE-9CA3-B6DB9735AAFA}.DebugEditor|Mixed Platforms.ActiveCfg = DebugEditor|Any CPU
		{807ED3B3-6313-46CE-9CA3-B6DB9735AAFA}.DebugEditor|Mixed Platforms.Build.0 = DebugEditor|Any CPU
		{807ED3B3-6313-46CE-9CA3-B6DB9735AAFA}.DebugEditor|Win32.ActiveCfg = DebugEditor|Any CPU
		{807ED3B3-6313-46CE-9CA3-B6DB9735AAFA}.DebugEditor|x86.ActiveCfg = DebugEditor|Any CPU
		{807ED3B3-6313-46CE-9CA3-B6DB9735AAFA}.Release|Any CPU.ActiveCfg = Release|Any CPU
		{807ED3B3-6313-46CE-9CA3-B6DB9735AAFA}.Release|Any CPU.Build.0 = Release|Any CPU
		{807ED3B3-6313-46CE-9CA3-B6DB9735AAFA}.Release|Mixed Platforms.ActiveCfg = Release|Any CPU
		{807ED3B3-6313-46CE-9CA3-B6DB9735AAFA}.Release|Mixed Platforms.Build.0 = Release|Any CPU
		{807ED3B3-6313-46CE-9CA3-B6DB9735AAFA}.Release|Win32.ActiveCfg = Release|Any CPU
		{807ED3B3-6313-46CE-9CA3-B6DB9735AAFA}.Release|x86.ActiveCfg = Release|Any CPU
		{807ED3B3-6313-46CE-9CA3-B6DB9735AAFA}.Release|x86.Build.0 = Release|Any CPU
		{8218D77F-2FB6-48E5-867C-85EEA4A4B75E}.ColladaDebug|Any CPU.ActiveCfg = ColladaDebug|Any CPU
		{8218D77F-2FB6-48E5-867C-85EEA4A4B75E}.ColladaDebug|Any CPU.Build.0 = ColladaDebug|Any CPU
		{8218D77F-2FB6-48E5-867C-85EEA4A4B75E}.ColladaDebug|Mixed Platforms.ActiveCfg = ColladaDebug|Any CPU
		{8218D77F-2FB6-48E5-867C-85EEA4A4B75E}.ColladaDebug|Mixed Platforms.Build.0 = ColladaDebug|Any CPU
		{8218D77F-2FB6-48E5-867C-85EEA4A4B75E}.ColladaDebug|Win32.ActiveCfg = ColladaDebug|Any CPU
		{8218D77F-2FB6-48E5-867C-85EEA4A4B75E}.ColladaDebug|x86.ActiveCfg = ColladaDebug|Any CPU
		{8218D77F-2FB6-48E5-867C-85EEA4A4B75E}.Debug|Any CPU.ActiveCfg = Debug|Any CPU
		{8218D77F-2FB6-48E5-867C-85EEA4A4B75E}.Debug|Any CPU.Build.0 = Debug|Any CPU
		{8218D77F-2FB6-48E5-867C-85EEA4A4B75E}.Debug|Mixed Platforms.ActiveCfg = Debug|Any CPU
		{8218D77F-2FB6-48E5-867C-85EEA4A4B75E}.Debug|Mixed Platforms.Build.0 = Debug|Any CPU
		{8218D77F-2FB6-48E5-867C-85EEA4A4B75E}.Debug|Win32.ActiveCfg = Debug|Any CPU
		{8218D77F-2FB6-48E5-867C-85EEA4A4B75E}.Debug|x86.ActiveCfg = Debug|Any CPU
		{8218D77F-2FB6-48E5-867C-85EEA4A4B75E}.Debug|x86.Build.0 = Debug|Any CPU
		{8218D77F-2FB6-48E5-867C-85EEA4A4B75E}.DebugEditor|Any CPU.ActiveCfg = DebugEditor|Any CPU
		{8218D77F-2FB6-48E5-867C-85EEA4A4B75E}.DebugEditor|Any CPU.Build.0 = DebugEditor|Any CPU
		{8218D77F-2FB6-48E5-867C-85EEA4A4B75E}.DebugEditor|Mixed Platforms.ActiveCfg = DebugEditor|Any CPU
		{8218D77F-2FB6-48E5-867C-85EEA4A4B75E}.DebugEditor|Mixed Platforms.Build.0 = DebugEditor|Any CPU
		{8218D77F-2FB6-48E5-867C-85EEA4A4B75E}.DebugEditor|Win32.ActiveCfg = DebugEditor|Any CPU
		{8218D77F-2FB6-48E5-867C-85EEA4A4B75E}.DebugEditor|x86.ActiveCfg = DebugEditor|Any CPU
		{8218D77F-2FB6-48E5-867C-85EEA4A4B75E}.Release|Any CPU.ActiveCfg = Release|Any CPU
		{8218D77F-2FB6-48E5-867C-85EEA4A4B75E}.Release|Any CPU.Build.0 = Release|Any CPU
		{8218D77F-2FB6-48E5-867C-85EEA4A4B75E}.Release|Mixed Platforms.ActiveCfg = Release|Any CPU
		{8218D77F-2FB6-48E5-867C-85EEA4A4B75E}.Release|Mixed Platforms.Build.0 = Release|Any CPU
		{8218D77F-2FB6-48E5-867C-85EEA4A4B75E}.Release|Win32.ActiveCfg = Release|Any CPU
		{8218D77F-2FB6-48E5-867C-85EEA4A4B75E}.Release|x86.ActiveCfg = Release|Any CPU
		{8218D77F-2FB6-48E5-867C-85EEA4A4B75E}.Release|x86.Build.0 = Release|Any CPU
		{8162E3FE-A9B6-4F93-94F0-89C74CB7D53D}.ColladaDebug|Any CPU.ActiveCfg = ColladaDebug|x86
		{8162E3FE-A9B6-4F93-94F0-89C74CB7D53D}.ColladaDebug|Mixed Platforms.ActiveCfg = ColladaDebug|x86
		{8162E3FE-A9B6-4F93-94F0-89C74CB7D53D}.ColladaDebug|Mixed Platforms.Build.0 = ColladaDebug|x86
		{8162E3FE-A9B6-4F93-94F0-89C74CB7D53D}.ColladaDebug|Win32.ActiveCfg = ColladaDebug|x86
		{8162E3FE-A9B6-4F93-94F0-89C74CB7D53D}.ColladaDebug|x86.ActiveCfg = ColladaDebug|x86
		{8162E3FE-A9B6-4F93-94F0-89C74CB7D53D}.ColladaDebug|x86.Build.0 = ColladaDebug|x86
		{8162E3FE-A9B6-4F93-94F0-89C74CB7D53D}.Debug|Any CPU.ActiveCfg = Debug|x86
		{8162E3FE-A9B6-4F93-94F0-89C74CB7D53D}.Debug|Mixed Platforms.ActiveCfg = Debug|x86
		{8162E3FE-A9B6-4F93-94F0-89C74CB7D53D}.Debug|Mixed Platforms.Build.0 = Debug|x86
		{8162E3FE-A9B6-4F93-94F0-89C74CB7D53D}.Debug|Win32.ActiveCfg = Debug|x86
		{8162E3FE-A9B6-4F93-94F0-89C74CB7D53D}.Debug|x86.ActiveCfg = Debug|x86
		{8162E3FE-A9B6-4F93-94F0-89C74CB7D53D}.Debug|x86.Build.0 = Debug|x86
		{8162E3FE-A9B6-4F93-94F0-89C74CB7D53D}.DebugEditor|Any CPU.ActiveCfg = DebugEditor|x86
		{8162E3FE-A9B6-4F93-94F0-89C74CB7D53D}.DebugEditor|Mixed Platforms.ActiveCfg = DebugEditor|x86
		{8162E3FE-A9B6-4F93-94F0-89C74CB7D53D}.DebugEditor|Mixed Platforms.Build.0 = DebugEditor|x86
		{8162E3FE-A9B6-4F93-94F0-89C74CB7D53D}.DebugEditor|Win32.ActiveCfg = DebugEditor|x86
		{8162E3FE-A9B6-4F93-94F0-89C74CB7D53D}.DebugEditor|x86.ActiveCfg = DebugEditor|x86
		{8162E3FE-A9B6-4F93-94F0-89C74CB7D53D}.DebugEditor|x86.Build.0 = DebugEditor|x86
		{8162E3FE-A9B6-4F93-94F0-89C74CB7D53D}.Release|Any CPU.ActiveCfg = Release|x86
		{8162E3FE-A9B6-4F93-94F0-89C74CB7D53D}.Release|Mixed Platforms.ActiveCfg = Release|x86
		{8162E3FE-A9B6-4F93-94F0-89C74CB7D53D}.Release|Mixed Platforms.Build.0 = Release|x86
		{8162E3FE-A9B6-4F93-94F0-89C74CB7D53D}.Release|Win32.ActiveCfg = Release|x86
		{8162E3FE-A9B6-4F93-94F0-89C74CB7D53D}.Release|x86.ActiveCfg = Release|x86
		{8162E3FE-A9B6-4F93-94F0-89C74CB7D53D}.Release|x86.Build.0 = Release|x86
		{35A4FAF6-A439-4BC9-B47D-3CEE167A8926}.ColladaDebug|Any CPU.ActiveCfg = ColladaDebug|Any CPU
		{35A4FAF6-A439-4BC9-B47D-3CEE167A8926}.ColladaDebug|Any CPU.Build.0 = ColladaDebug|Any CPU
		{35A4FAF6-A439-4BC9-B47D-3CEE167A8926}.ColladaDebug|Mixed Platforms.ActiveCfg = ColladaDebug|Any CPU
		{35A4FAF6-A439-4BC9-B47D-3CEE167A8926}.ColladaDebug|Mixed Platforms.Build.0 = ColladaDebug|Any CPU
		{35A4FAF6-A439-4BC9-B47D-3CEE167A8926}.ColladaDebug|Win32.ActiveCfg = ColladaDebug|Any CPU
		{35A4FAF6-A439-4BC9-B47D-3CEE167A8926}.ColladaDebug|x86.ActiveCfg = ColladaDebug|Any CPU
		{35A4FAF6-A439-4BC9-B47D-3CEE167A8926}.Debug|Any CPU.ActiveCfg = Debug|Any CPU
		{35A4FAF6-A439-4BC9-B47D-3CEE167A8926}.Debug|Any CPU.Build.0 = Debug|Any CPU
		{35A4FAF6-A439-4BC9-B47D-3CEE167A8926}.Debug|Mixed Platforms.ActiveCfg = Debug|Any CPU
		{35A4FAF6-A439-4BC9-B47D-3CEE167A8926}.Debug|Mixed Platforms.Build.0 = Debug|Any CPU
		{35A4FAF6-A439-4BC9-B47D-3CEE167A8926}.Debug|Win32.ActiveCfg = Debug|Any CPU
		{35A4FAF6-A439-4BC9-B47D-3CEE167A8926}.Debug|x86.ActiveCfg = Debug|Any CPU
		{35A4FAF6-A439-4BC9-B47D-3CEE167A8926}.Debug|x86.Build.0 = Debug|Any CPU
		{35A4FAF6-A439-4BC9-B47D-3CEE167A8926}.DebugEditor|Any CPU.ActiveCfg = DebugEditor|Any CPU
		{35A4FAF6-A439-4BC9-B47D-3CEE167A8926}.DebugEditor|Any CPU.Build.0 = DebugEditor|Any CPU
		{35A4FAF6-A439-4BC9-B47D-3CEE167A8926}.DebugEditor|Mixed Platforms.ActiveCfg = DebugEditor|Any CPU
		{35A4FAF6-A439-4BC9-B47D-3CEE167A8926}.DebugEditor|Mixed Platforms.Build.0 = DebugEditor|Any CPU
		{35A4FAF6-A439-4BC9-B47D-3CEE167A8926}.DebugEditor|Win32.ActiveCfg = DebugEditor|Any CPU
		{35A4FAF6-A439-4BC9-B47D-3CEE167A8926}.DebugEditor|x86.ActiveCfg = DebugEditor|Any CPU
		{35A4FAF6-A439-4BC9-B47D-3CEE167A8926}.Release|Any CPU.ActiveCfg = Release|Any CPU
		{35A4FAF6-A439-4BC9-B47D-3CEE167A8926}.Release|Any CPU.Build.0 = Release|Any CPU
		{35A4FAF6-A439-4BC9-B47D-3CEE167A8926}.Release|Mixed Platforms.ActiveCfg = Release|Any CPU
		{35A4FAF6-A439-4BC9-B47D-3CEE167A8926}.Release|Mixed Platforms.Build.0 = Release|Any CPU
		{35A4FAF6-A439-4BC9-B47D-3CEE167A8926}.Release|Win32.ActiveCfg = Release|Any CPU
		{35A4FAF6-A439-4BC9-B47D-3CEE167A8926}.Release|x86.ActiveCfg = Release|Any CPU
		{35A4FAF6-A439-4BC9-B47D-3CEE167A8926}.Release|x86.Build.0 = Release|Any CPU
		{8D5E18C1-46C1-4A8F-8B82-72BDC047ADDC}.ColladaDebug|Any CPU.ActiveCfg = ColladaDebug|Any CPU
		{8D5E18C1-46C1-4A8F-8B82-72BDC047ADDC}.ColladaDebug|Any CPU.Build.0 = ColladaDebug|Any CPU
		{8D5E18C1-46C1-4A8F-8B82-72BDC047ADDC}.ColladaDebug|Mixed Platforms.ActiveCfg = ColladaDebug|Any CPU
		{8D5E18C1-46C1-4A8F-8B82-72BDC047ADDC}.ColladaDebug|Mixed Platforms.Build.0 = ColladaDebug|Any CPU
		{8D5E18C1-46C1-4A8F-8B82-72BDC047ADDC}.ColladaDebug|Win32.ActiveCfg = ColladaDebug|Any CPU
		{8D5E18C1-46C1-4A8F-8B82-72BDC047ADDC}.ColladaDebug|x86.ActiveCfg = ColladaDebug|Any CPU
		{8D5E18C1-46C1-4A8F-8B82-72BDC047ADDC}.Debug|Any CPU.ActiveCfg = Debug|Any CPU
		{8D5E18C1-46C1-4A8F-8B82-72BDC047ADDC}.Debug|Any CPU.Build.0 = Debug|Any CPU
		{8D5E18C1-46C1-4A8F-8B82-72BDC047ADDC}.Debug|Mixed Platforms.ActiveCfg = Debug|Any CPU
		{8D5E18C1-46C1-4A8F-8B82-72BDC047ADDC}.Debug|Mixed Platforms.Build.0 = Debug|Any CPU
		{8D5E18C1-46C1-4A8F-8B82-72BDC047ADDC}.Debug|Win32.ActiveCfg = Debug|Any CPU
		{8D5E18C1-46C1-4A8F-8B82-72BDC047ADDC}.Debug|x86.ActiveCfg = Debug|Any CPU
		{8D5E18C1-46C1-4A8F-8B82-72BDC047ADDC}.Debug|x86.Build.0 = Debug|Any CPU
		{8D5E18C1-46C1-4A8F-8B82-72BDC047ADDC}.DebugEditor|Any CPU.ActiveCfg = DebugEditor|Any CPU
		{8D5E18C1-46C1-4A8F-8B82-72BDC047ADDC}.DebugEditor|Any CPU.Build.0 = DebugEditor|Any CPU
		{8D5E18C1-46C1-4A8F-8B82-72BDC047ADDC}.DebugEditor|Mixed Platforms.ActiveCfg = DebugEditor|Any CPU
		{8D5E18C1-46C1-4A8F-8B82-72BDC047ADDC}.DebugEditor|Mixed Platforms.Build.0 = DebugEditor|Any CPU
		{8D5E18C1-46C1-4A8F-8B82-72BDC047ADDC}.DebugEditor|Win32.ActiveCfg = DebugEditor|Any CPU
		{8D5E18C1-46C1-4A8F-8B82-72BDC047ADDC}.DebugEditor|x86.ActiveCfg = DebugEditor|Any CPU
		{8D5E18C1-46C1-4A8F-8B82-72BDC047ADDC}.Release|Any CPU.ActiveCfg = Release|Any CPU
		{8D5E18C1-46C1-4A8F-8B82-72BDC047ADDC}.Release|Any CPU.Build.0 = Release|Any CPU
		{8D5E18C1-46C1-4A8F-8B82-72BDC047ADDC}.Release|Mixed Platforms.ActiveCfg = Release|Any CPU
		{8D5E18C1-46C1-4A8F-8B82-72BDC047ADDC}.Release|Mixed Platforms.Build.0 = Release|Any CPU
		{8D5E18C1-46C1-4A8F-8B82-72BDC047ADDC}.Release|Win32.ActiveCfg = Release|Any CPU
		{8D5E18C1-46C1-4A8F-8B82-72BDC047ADDC}.Release|x86.ActiveCfg = Release|Any CPU
		{8D5E18C1-46C1-4A8F-8B82-72BDC047ADDC}.Release|x86.Build.0 = Release|Any CPU
		{3ADBAB57-A020-46BA-8422-250995E5228E}.ColladaDebug|Any CPU.ActiveCfg = ColladaDebug|x86
		{3ADBAB57-A020-46BA-8422-250995E5228E}.ColladaDebug|Mixed Platforms.ActiveCfg = ColladaDebug|x86
		{3ADBAB57-A020-46BA-8422-250995E5228E}.ColladaDebug|Mixed Platforms.Build.0 = ColladaDebug|x86
		{3ADBAB57-A020-46BA-8422-250995E5228E}.ColladaDebug|Win32.ActiveCfg = ColladaDebug|x86
		{3ADBAB57-A020-46BA-8422-250995E5228E}.ColladaDebug|x86.ActiveCfg = ColladaDebug|x86
		{3ADBAB57-A020-46BA-8422-250995E5228E}.ColladaDebug|x86.Build.0 = ColladaDebug|x86
		{3ADBAB57-A020-46BA-8422-250995E5228E}.Debug|Any CPU.ActiveCfg = Debug|x86
		{3ADBAB57-A020-46BA-8422-250995E5228E}.Debug|Mixed Platforms.ActiveCfg = Debug|x86
		{3ADBAB57-A020-46BA-8422-250995E5228E}.Debug|Mixed Platforms.Build.0 = Debug|x86
		{3ADBAB57-A020-46BA-8422-250995E5228E}.Debug|Win32.ActiveCfg = Debug|x86
		{3ADBAB57-A020-46BA-8422-250995E5228E}.Debug|x86.ActiveCfg = Debug|x86
		{3ADBAB57-A020-46BA-8422-250995E5228E}.Debug|x86.Build.0 = Debug|x86
		{3ADBAB57-A020-46BA-8422-250995E5228E}.DebugEditor|Any CPU.ActiveCfg = DebugEditor|x86
		{3ADBAB57-A020-46BA-8422-250995E5228E}.DebugEditor|Mixed Platforms.ActiveCfg = DebugEditor|x86
		{3ADBAB57-A020-46BA-8422-250995E5228E}.DebugEditor|Mixed Platforms.Build.0 = DebugEditor|x86
		{3ADBAB57-A020-46BA-8422-250995E5228E}.DebugEditor|Win32.ActiveCfg = DebugEditor|x86
		{3ADBAB57-A020-46BA-8422-250995E5228E}.DebugEditor|x86.ActiveCfg = DebugEditor|x86
		{3ADBAB57-A020-46BA-8422-250995E5228E}.DebugEditor|x86.Build.0 = DebugEditor|x86
		{3ADBAB57-A020-46BA-8422-250995E5228E}.Release|Any CPU.ActiveCfg = Release|x86
		{3ADBAB57-A020-46BA-8422-250995E5228E}.Release|Mixed Platforms.ActiveCfg = Release|x86
		{3ADBAB57-A020-46BA-8422-250995E5228E}.Release|Mixed Platforms.Build.0 = Release|x86
		{3ADBAB57-A020-46BA-8422-250995E5228E}.Release|Win32.ActiveCfg = Release|x86
		{3ADBAB57-A020-46BA-8422-250995E5228E}.Release|x86.ActiveCfg = Release|x86
		{3ADBAB57-A020-46BA-8422-250995E5228E}.Release|x86.Build.0 = Release|x86
		{409E248D-79B7-4644-886A-A01C1211D6DD}.ColladaDebug|Any CPU.ActiveCfg = ColladaDebug|Any CPU
		{409E248D-79B7-4644-886A-A01C1211D6DD}.ColladaDebug|Any CPU.Build.0 = ColladaDebug|Any CPU
		{409E248D-79B7-4644-886A-A01C1211D6DD}.ColladaDebug|Mixed Platforms.ActiveCfg = ColladaDebug|x86
		{409E248D-79B7-4644-886A-A01C1211D6DD}.ColladaDebug|Mixed Platforms.Build.0 = ColladaDebug|x86
		{409E248D-79B7-4644-886A-A01C1211D6DD}.ColladaDebug|Win32.ActiveCfg = ColladaDebug|x86
		{409E248D-79B7-4644-886A-A01C1211D6DD}.ColladaDebug|x86.ActiveCfg = ColladaDebug|x86
		{409E248D-79B7-4644-886A-A01C1211D6DD}.ColladaDebug|x86.Build.0 = ColladaDebug|x86
		{409E248D-79B7-4644-886A-A01C1211D6DD}.Debug|Any CPU.ActiveCfg = Debug|Any CPU
		{409E248D-79B7-4644-886A-A01C1211D6DD}.Debug|Any CPU.Build.0 = Debug|Any CPU
		{409E248D-79B7-4644-886A-A01C1211D6DD}.Debug|Mixed Platforms.ActiveCfg = Debug|x86
		{409E248D-79B7-4644-886A-A01C1211D6DD}.Debug|Mixed Platforms.Build.0 = Debug|x86
		{409E248D-79B7-4644-886A-A01C1211D6DD}.Debug|Win32.ActiveCfg = Debug|x86
		{409E248D-79B7-4644-886A-A01C1211D6DD}.Debug|x86.ActiveCfg = Debug|x86
		{409E248D-79B7-4644-886A-A01C1211D6DD}.Debug|x86.Build.0 = Debug|x86
		{409E248D-79B7-4644-886A-A01C1211D6DD}.DebugEditor|Any CPU.ActiveCfg = Debug|x86
		{409E248D-79B7-4644-886A-A01C1211D6DD}.DebugEditor|Mixed Platforms.ActiveCfg = Debug|x86
		{409E248D-79B7-4644-886A-A01C1211D6DD}.DebugEditor|Mixed Platforms.Build.0 = Debug|x86
		{409E248D-79B7-4644-886A-A01C1211D6DD}.DebugEditor|Win32.ActiveCfg = Debug|x86
		{409E248D-79B7-4644-886A-A01C1211D6DD}.DebugEditor|x86.ActiveCfg = Debug|x86
		{409E248D-79B7-4644-886A-A01C1211D6DD}.DebugEditor|x86.Build.0 = Debug|x86
		{409E248D-79B7-4644-886A-A01C1211D6DD}.Release|Any CPU.ActiveCfg = Release|Any CPU
		{409E248D-79B7-4644-886A-A01C1211D6DD}.Release|Any CPU.Build.0 = Release|Any CPU
		{409E248D-79B7-4644-886A-A01C1211D6DD}.Release|Mixed Platforms.ActiveCfg = Release|x86
		{409E248D-79B7-4644-886A-A01C1211D6DD}.Release|Mixed Platforms.Build.0 = Release|x86
		{409E248D-79B7-4644-886A-A01C1211D6DD}.Release|Win32.ActiveCfg = Release|x86
		{409E248D-79B7-4644-886A-A01C1211D6DD}.Release|x86.ActiveCfg = Release|x86
		{409E248D-79B7-4644-886A-A01C1211D6DD}.Release|x86.Build.0 = Release|x86
		{80D950C7-F9F6-4569-93D9-20833B52ACD9}.ColladaDebug|Any CPU.ActiveCfg = ColladaDebug|Any CPU
		{80D950C7-F9F6-4569-93D9-20833B52ACD9}.ColladaDebug|Any CPU.Build.0 = ColladaDebug|Any CPU
		{80D950C7-F9F6-4569-93D9-20833B52ACD9}.ColladaDebug|Mixed Platforms.ActiveCfg = ColladaDebug|Any CPU
		{80D950C7-F9F6-4569-93D9-20833B52ACD9}.ColladaDebug|Mixed Platforms.Build.0 = ColladaDebug|Any CPU
		{80D950C7-F9F6-4569-93D9-20833B52ACD9}.ColladaDebug|Win32.ActiveCfg = ColladaDebug|Any CPU
		{80D950C7-F9F6-4569-93D9-20833B52ACD9}.ColladaDebug|x86.ActiveCfg = ColladaDebug|Any CPU
		{80D950C7-F9F6-4569-93D9-20833B52ACD9}.Debug|Any CPU.ActiveCfg = Debug|Any CPU
		{80D950C7-F9F6-4569-93D9-20833B52ACD9}.Debug|Any CPU.Build.0 = Debug|Any CPU
		{80D950C7-F9F6-4569-93D9-20833B52ACD9}.Debug|Mixed Platforms.ActiveCfg = Debug|Any CPU
		{80D950C7-F9F6-4569-93D9-20833B52ACD9}.Debug|Mixed Platforms.Build.0 = Debug|Any CPU
		{80D950C7-F9F6-4569-93D9-20833B52ACD9}.Debug|Win32.ActiveCfg = Debug|Any CPU
		{80D950C7-F9F6-4569-93D9-20833B52ACD9}.Debug|x86.ActiveCfg = Debug|Any CPU
		{80D950C7-F9F6-4569-93D9-20833B52ACD9}.Debug|x86.Build.0 = Debug|Any CPU
		{80D950C7-F9F6-4569-93D9-20833B52ACD9}.DebugEditor|Any CPU.ActiveCfg = DebugEditor|Any CPU
		{80D950C7-F9F6-4569-93D9-20833B52ACD9}.DebugEditor|Any CPU.Build.0 = DebugEditor|Any CPU
		{80D950C7-F9F6-4569-93D9-20833B52ACD9}.DebugEditor|Mixed Platforms.ActiveCfg = DebugEditor|Any CPU
		{80D950C7-F9F6-4569-93D9-20833B52ACD9}.DebugEditor|Mixed Platforms.Build.0 = DebugEditor|Any CPU
		{80D950C7-F9F6-4569-93D9-20833B52ACD9}.DebugEditor|Win32.ActiveCfg = DebugEditor|Any CPU
		{80D950C7-F9F6-4569-93D9-20833B52ACD9}.DebugEditor|x86.ActiveCfg = DebugEditor|Any CPU
		{80D950C7-F9F6-4569-93D9-20833B52ACD9}.Release|Any CPU.ActiveCfg = Release|Any CPU
		{80D950C7-F9F6-4569-93D9-20833B52ACD9}.Release|Any CPU.Build.0 = Release|Any CPU
		{80D950C7-F9F6-4569-93D9-20833B52ACD9}.Release|Mixed Platforms.ActiveCfg = Release|Any CPU
		{80D950C7-F9F6-4569-93D9-20833B52ACD9}.Release|Mixed Platforms.Build.0 = Release|Any CPU
		{80D950C7-F9F6-4569-93D9-20833B52ACD9}.Release|Win32.ActiveCfg = Release|Any CPU
		{80D950C7-F9F6-4569-93D9-20833B52ACD9}.Release|x86.ActiveCfg = Release|Any CPU
		{80D950C7-F9F6-4569-93D9-20833B52ACD9}.Release|x86.Build.0 = Release|Any CPU
		{E7F313DB-EDA4-4894-AE46-B220B53A6A48}.ColladaDebug|Any CPU.ActiveCfg = Debug|x86
		{E7F313DB-EDA4-4894-AE46-B220B53A6A48}.ColladaDebug|Mixed Platforms.ActiveCfg = Debug|x86
		{E7F313DB-EDA4-4894-AE46-B220B53A6A48}.ColladaDebug|Mixed Platforms.Build.0 = Debug|x86
		{E7F313DB-EDA4-4894-AE46-B220B53A6A48}.ColladaDebug|Win32.ActiveCfg = Debug|x86
		{E7F313DB-EDA4-4894-AE46-B220B53A6A48}.ColladaDebug|x86.ActiveCfg = Debug|x86
		{E7F313DB-EDA4-4894-AE46-B220B53A6A48}.ColladaDebug|x86.Build.0 = Debug|x86
		{E7F313DB-EDA4-4894-AE46-B220B53A6A48}.Debug|Any CPU.ActiveCfg = Debug|x86
		{E7F313DB-EDA4-4894-AE46-B220B53A6A48}.Debug|Mixed Platforms.ActiveCfg = Debug|x86
		{E7F313DB-EDA4-4894-AE46-B220B53A6A48}.Debug|Mixed Platforms.Build.0 = Debug|x86
		{E7F313DB-EDA4-4894-AE46-B220B53A6A48}.Debug|Win32.ActiveCfg = Debug|x86
		{E7F313DB-EDA4-4894-AE46-B220B53A6A48}.Debug|x86.ActiveCfg = Debug|x86
		{E7F313DB-EDA4-4894-AE46-B220B53A6A48}.Debug|x86.Build.0 = Debug|x86
		{E7F313DB-EDA4-4894-AE46-B220B53A6A48}.DebugEditor|Any CPU.ActiveCfg = Debug|x86
		{E7F313DB-EDA4-4894-AE46-B220B53A6A48}.DebugEditor|Mixed Platforms.ActiveCfg = Debug|x86
		{E7F313DB-EDA4-4894-AE46-B220B53A6A48}.DebugEditor|Mixed Platforms.Build.0 = Debug|x86
		{E7F313DB-EDA4-4894-AE46-B220B53A6A48}.DebugEditor|Win32.ActiveCfg = Debug|x86
		{E7F313DB-EDA4-4894-AE46-B220B53A6A48}.DebugEditor|x86.ActiveCfg = Debug|x86
		{E7F313DB-EDA4-4894-AE46-B220B53A6A48}.DebugEditor|x86.Build.0 = Debug|x86
		{E7F313DB-EDA4-4894-AE46-B220B53A6A48}.Release|Any CPU.ActiveCfg = Release|x86
		{E7F313DB-EDA4-4894-AE46-B220B53A6A48}.Release|Mixed Platforms.ActiveCfg = Release|x86
		{E7F313DB-EDA4-4894-AE46-B220B53A6A48}.Release|Mixed Platforms.Build.0 = Release|x86
		{E7F313DB-EDA4-4894-AE46-B220B53A6A48}.Release|Win32.ActiveCfg = Release|x86
		{E7F313DB-EDA4-4894-AE46-B220B53A6A48}.Release|x86.ActiveCfg = Release|x86
		{E7F313DB-EDA4-4894-AE46-B220B53A6A48}.Release|x86.Build.0 = Release|x86
		{A55E266E-07E0-40CF-81DD-C71248BF9848}.ColladaDebug|Any CPU.ActiveCfg = Debug|x86
		{A55E266E-07E0-40CF-81DD-C71248BF9848}.ColladaDebug|Mixed Platforms.ActiveCfg = Debug|x86
		{A55E266E-07E0-40CF-81DD-C71248BF9848}.ColladaDebug|Mixed Platforms.Build.0 = Debug|x86
		{A55E266E-07E0-40CF-81DD-C71248BF9848}.ColladaDebug|Win32.ActiveCfg = Debug|x86
		{A55E266E-07E0-40CF-81DD-C71248BF9848}.ColladaDebug|x86.ActiveCfg = Debug|x86
		{A55E266E-07E0-40CF-81DD-C71248BF9848}.ColladaDebug|x86.Build.0 = Debug|x86
		{A55E266E-07E0-40CF-81DD-C71248BF9848}.Debug|Any CPU.ActiveCfg = Debug|x86
		{A55E266E-07E0-40CF-81DD-C71248BF9848}.Debug|Mixed Platforms.ActiveCfg = Debug|x86
		{A55E266E-07E0-40CF-81DD-C71248BF9848}.Debug|Mixed Platforms.Build.0 = Debug|x86
		{A55E266E-07E0-40CF-81DD-C71248BF9848}.Debug|Win32.ActiveCfg = Debug|x86
		{A55E266E-07E0-40CF-81DD-C71248BF9848}.Debug|x86.ActiveCfg = Debug|x86
		{A55E266E-07E0-40CF-81DD-C71248BF9848}.Debug|x86.Build.0 = Debug|x86
		{A55E266E-07E0-40CF-81DD-C71248BF9848}.DebugEditor|Any CPU.ActiveCfg = Debug|x86
		{A55E266E-07E0-40CF-81DD-C71248BF9848}.DebugEditor|Mixed Platforms.ActiveCfg = Debug|x86
		{A55E266E-07E0-40CF-81DD-C71248BF9848}.DebugEditor|Mixed Platforms.Build.0 = Debug|x86
		{A55E266E-07E0-40CF-81DD-C71248BF9848}.DebugEditor|Win32.ActiveCfg = Debug|x86
		{A55E266E-07E0-40CF-81DD-C71248BF9848}.DebugEditor|x86.ActiveCfg = Debug|x86
		{A55E266E-07E0-40CF-81DD-C71248BF9848}.DebugEditor|x86.Build.0 = Debug|x86
		{A55E266E-07E0-40CF-81DD-C71248BF9848}.Release|Any CPU.ActiveCfg = Release|x86
		{A55E266E-07E0-40CF-81DD-C71248BF9848}.Release|Mixed Platforms.ActiveCfg = Release|x86
		{A55E266E-07E0-40CF-81DD-C71248BF9848}.Release|Mixed Platforms.Build.0 = Release|x86
		{A55E266E-07E0-40CF-81DD-C71248BF9848}.Release|Win32.ActiveCfg = Release|x86
		{A55E266E-07E0-40CF-81DD-C71248BF9848}.Release|x86.ActiveCfg = Release|x86
		{A55E266E-07E0-40CF-81DD-C71248BF9848}.Release|x86.Build.0 = Release|x86
		{82AFF428-C42B-4C92-AA2A-D5C1A8662BB3}.ColladaDebug|Any CPU.ActiveCfg = ColladaDebug|x86
		{82AFF428-C42B-4C92-AA2A-D5C1A8662BB3}.ColladaDebug|Mixed Platforms.ActiveCfg = ColladaDebug|x86
		{82AFF428-C42B-4C92-AA2A-D5C1A8662BB3}.ColladaDebug|Mixed Platforms.Build.0 = ColladaDebug|x86
		{82AFF428-C42B-4C92-AA2A-D5C1A8662BB3}.ColladaDebug|Win32.ActiveCfg = ColladaDebug|x86
		{82AFF428-C42B-4C92-AA2A-D5C1A8662BB3}.ColladaDebug|x86.ActiveCfg = ColladaDebug|x86
		{82AFF428-C42B-4C92-AA2A-D5C1A8662BB3}.ColladaDebug|x86.Build.0 = ColladaDebug|x86
		{82AFF428-C42B-4C92-AA2A-D5C1A8662BB3}.Debug|Any CPU.ActiveCfg = Debug|x86
		{82AFF428-C42B-4C92-AA2A-D5C1A8662BB3}.Debug|Mixed Platforms.ActiveCfg = Debug|x86
		{82AFF428-C42B-4C92-AA2A-D5C1A8662BB3}.Debug|Mixed Platforms.Build.0 = Debug|x86
		{82AFF428-C42B-4C92-AA2A-D5C1A8662BB3}.Debug|Win32.ActiveCfg = Debug|x86
		{82AFF428-C42B-4C92-AA2A-D5C1A8662BB3}.Debug|x86.ActiveCfg = Debug|x86
		{82AFF428-C42B-4C92-AA2A-D5C1A8662BB3}.Debug|x86.Build.0 = Debug|x86
		{82AFF428-C42B-4C92-AA2A-D5C1A8662BB3}.DebugEditor|Any CPU.ActiveCfg = DebugEditor|x86
		{82AFF428-C42B-4C92-AA2A-D5C1A8662BB3}.DebugEditor|Mixed Platforms.ActiveCfg = DebugEditor|x86
		{82AFF428-C42B-4C92-AA2A-D5C1A8662BB3}.DebugEditor|Mixed Platforms.Build.0 = DebugEditor|x86
		{82AFF428-C42B-4C92-AA2A-D5C1A8662BB3}.DebugEditor|Win32.ActiveCfg = DebugEditor|x86
		{82AFF428-C42B-4C92-AA2A-D5C1A8662BB3}.DebugEditor|x86.ActiveCfg = DebugEditor|x86
		{82AFF428-C42B-4C92-AA2A-D5C1A8662BB3}.DebugEditor|x86.Build.0 = DebugEditor|x86
		{82AFF428-C42B-4C92-AA2A-D5C1A8662BB3}.Release|Any CPU.ActiveCfg = Release|x86
		{82AFF428-C42B-4C92-AA2A-D5C1A8662BB3}.Release|Mixed Platforms.ActiveCfg = Release|x86
		{82AFF428-C42B-4C92-AA2A-D5C1A8662BB3}.Release|Mixed Platforms.Build.0 = Release|x86
		{82AFF428-C42B-4C92-AA2A-D5C1A8662BB3}.Release|Win32.ActiveCfg = Release|x86
		{82AFF428-C42B-4C92-AA2A-D5C1A8662BB3}.Release|x86.ActiveCfg = Release|x86
		{82AFF428-C42B-4C92-AA2A-D5C1A8662BB3}.Release|x86.Build.0 = Release|x86
	EndGlobalSection
	GlobalSection(SolutionProperties) = preSolution
		HideSolutionNode = FALSE
	EndGlobalSection
	GlobalSection(NestedProjects) = preSolution
		{8218D77F-2FB6-48E5-867C-85EEA4A4B75E} = {9D7264F6-202E-4B86-BC73-088F18A7099F}
		{8162E3FE-A9B6-4F93-94F0-89C74CB7D53D} = {9D7264F6-202E-4B86-BC73-088F18A7099F}
		{35A4FAF6-A439-4BC9-B47D-3CEE167A8926} = {9D7264F6-202E-4B86-BC73-088F18A7099F}
		{8D5E18C1-46C1-4A8F-8B82-72BDC047ADDC} = {9D7264F6-202E-4B86-BC73-088F18A7099F}
		{3ADBAB57-A020-46BA-8422-250995E5228E} = {9D7264F6-202E-4B86-BC73-088F18A7099F}
		{409E248D-79B7-4644-886A-A01C1211D6DD} = {9D7264F6-202E-4B86-BC73-088F18A7099F}
		{80D950C7-F9F6-4569-93D9-20833B52ACD9} = {9D7264F6-202E-4B86-BC73-088F18A7099F}
		{807ED3B3-6313-46CE-9CA3-B6DB9735AAFA} = {9D7264F6-202E-4B86-BC73-088F18A7099F}
		{82AFF428-C42B-4C92-AA2A-D5C1A8662BB3} = {9D7264F6-202E-4B86-BC73-088F18A7099F}
	EndGlobalSection
	GlobalSection(SubversionScc) = preSolution
		Svn-Managed = True
		Manager = AnkhSVN - Subversion Support for Visual Studio
	EndGlobalSection
EndGlobal
