
Microsoft Visual Studio Solution File, Format Version 12.00
# Visual Studio 2012
Project("{FAE04EC0-301F-11D3-BF4B-00C04F79EFBC}") = "ServerClient", "ServerClient\ServerClient.csproj", "{0FB8E59C-0E9B-4AD9-A4D4-F145D45351AD}"
EndProject
Project("{FAE04EC0-301F-11D3-BF4B-00C04F79EFBC}") = "Common.Core", "Common.Core\Common.Core.csproj", "{372FF145-4B2D-40A4-B171-CFFF159E4C91}"
EndProject
Project("{2150E333-8FDC-42A3-9474-1A3956D46DE8}") = "Solution Items", "Solution Items", "{DBB9C398-C419-41BE-BD97-8DF089C460A1}"
	ProjectSection(SolutionItems) = preProject
		Local.testsettings = Local.testsettings
		Performance2.psess = Performance2.psess
		Performance3.psess = Performance3.psess
		The Wizards.vsmdi = The Wizards.vsmdi
		TraceAndTestImpact.testsettings = TraceAndTestImpact.testsettings
	EndProjectSection
EndProject
Project("{FAE04EC0-301F-11D3-BF4B-00C04F79EFBC}") = "Unit Tests", "Unit Tests\Unit Tests.csproj", "{C79FDAC0-960D-4E13-981D-7A9D2CA3B6A8}"
EndProject
Project("{FAE04EC0-301F-11D3-BF4B-00C04F79EFBC}") = "NewModules", "NewModules\NewModules.csproj", "{9543AC00-CDE5-4759-BD98-2D031D16DFD4}"
EndProject
Project("{FAE04EC0-301F-11D3-BF4B-00C04F79EFBC}") = "Launcher", "Launcher\Launcher.csproj", "{4F8CD191-ECE8-4A05-9721-1EBCF03A31B6}"
EndProject
Project("{2150E333-8FDC-42A3-9474-1A3956D46DE8}") = "Deprecated", "Deprecated", "{9D7264F6-202E-4B86-BC73-088F18A7099F}"
EndProject
Project("{F184B08F-C81C-45F6-A57F-5ABD9991F28F}") = "CommonVB", "Deprecated\CommonVB\CommonVB.vbproj", "{35A4FAF6-A439-4BC9-B47D-3CEE167A8926}"
EndProject
Project("{FAE04EC0-301F-11D3-BF4B-00C04F79EFBC}") = "TestRunner", "TestRunner\TestRunner.csproj", "{AC6C51CE-96FB-401B-9B51-1302F273A52A}"
EndProject
Project("{FAE04EC0-301F-11D3-BF4B-00C04F79EFBC}") = "WPF", "WPF\WPF.csproj", "{8A52D3E0-5362-4D9F-A29E-32E24AD65EAF}"
EndProject
Project("{2150E333-8FDC-42A3-9474-1A3956D46DE8}") = ".nuget", ".nuget", "{D13117FE-DDF0-46B2-A19B-86865B7AE411}"
	ProjectSection(SolutionItems) = preProject
		.nuget\NuGet.Config = .nuget\NuGet.Config
		.nuget\NuGet.exe = .nuget\NuGet.exe
		.nuget\NuGet.targets = .nuget\NuGet.targets
	EndProjectSection
EndProject
Project("{FAE04EC0-301F-11D3-BF4B-00C04F79EFBC}") = "Gameplay", "Gameplay\Gameplay.csproj", "{2BF84FEF-FC3A-4E1A-9E4B-D3003E02C5B8}"
	ProjectSection(ProjectDependencies) = postProject
		{9543AC00-CDE5-4759-BD98-2D031D16DFD4} = {9543AC00-CDE5-4759-BD98-2D031D16DFD4}
		{372FF145-4B2D-40A4-B171-CFFF159E4C91} = {372FF145-4B2D-40A4-B171-CFFF159E4C91}
	EndProjectSection
EndProject
Project("{8BC9CEB8-8B4A-11D0-8D11-00A0C91BC942}") = "Wrappers", "Wrappers\Wrappers.vcxproj", "{D1E82BBB-8426-4451-BA37-792822E0FE6E}"
EndProject
Global
	GlobalSection(TestCaseManagementSettings) = postSolution
		CategoryFile = The Wizards.vsmdi
	EndGlobalSection
	GlobalSection(SolutionConfigurationPlatforms) = preSolution
		Debug|x86 = Debug|x86
		DocumentationHelper|x86 = DocumentationHelper|x86
		Profile|x86 = Profile|x86
		Release|x86 = Release|x86
		Tools|x86 = Tools|x86
	EndGlobalSection
	GlobalSection(ProjectConfigurationPlatforms) = postSolution
		{0FB8E59C-0E9B-4AD9-A4D4-F145D45351AD}.Debug|x86.ActiveCfg = Debug|x86
		{0FB8E59C-0E9B-4AD9-A4D4-F145D45351AD}.Debug|x86.Build.0 = Debug|x86
		{0FB8E59C-0E9B-4AD9-A4D4-F145D45351AD}.DocumentationHelper|x86.ActiveCfg = DebugUnmanaged|x86
		{0FB8E59C-0E9B-4AD9-A4D4-F145D45351AD}.DocumentationHelper|x86.Build.0 = DebugUnmanaged|x86
		{0FB8E59C-0E9B-4AD9-A4D4-F145D45351AD}.Profile|x86.ActiveCfg = Profile|x86
		{0FB8E59C-0E9B-4AD9-A4D4-F145D45351AD}.Profile|x86.Build.0 = Profile|x86
		{0FB8E59C-0E9B-4AD9-A4D4-F145D45351AD}.Release|x86.ActiveCfg = Release|x86
		{0FB8E59C-0E9B-4AD9-A4D4-F145D45351AD}.Release|x86.Build.0 = Release|x86
		{0FB8E59C-0E9B-4AD9-A4D4-F145D45351AD}.Tools|x86.ActiveCfg = DebugUnmanaged|x86
		{0FB8E59C-0E9B-4AD9-A4D4-F145D45351AD}.Tools|x86.Build.0 = DebugUnmanaged|x86
		{372FF145-4B2D-40A4-B171-CFFF159E4C91}.Debug|x86.ActiveCfg = Debug|x86
		{372FF145-4B2D-40A4-B171-CFFF159E4C91}.Debug|x86.Build.0 = Debug|x86
		{372FF145-4B2D-40A4-B171-CFFF159E4C91}.DocumentationHelper|x86.ActiveCfg = Debug|x86
		{372FF145-4B2D-40A4-B171-CFFF159E4C91}.DocumentationHelper|x86.Build.0 = Debug|x86
		{372FF145-4B2D-40A4-B171-CFFF159E4C91}.Profile|x86.ActiveCfg = Profile|x86
		{372FF145-4B2D-40A4-B171-CFFF159E4C91}.Profile|x86.Build.0 = Profile|x86
		{372FF145-4B2D-40A4-B171-CFFF159E4C91}.Release|x86.ActiveCfg = Release|x86
		{372FF145-4B2D-40A4-B171-CFFF159E4C91}.Release|x86.Build.0 = Release|x86
		{372FF145-4B2D-40A4-B171-CFFF159E4C91}.Tools|x86.ActiveCfg = Release|x86
		{372FF145-4B2D-40A4-B171-CFFF159E4C91}.Tools|x86.Build.0 = Release|x86
		{C79FDAC0-960D-4E13-981D-7A9D2CA3B6A8}.Debug|x86.ActiveCfg = Debug|x86
		{C79FDAC0-960D-4E13-981D-7A9D2CA3B6A8}.Debug|x86.Build.0 = Debug|x86
		{C79FDAC0-960D-4E13-981D-7A9D2CA3B6A8}.DocumentationHelper|x86.ActiveCfg = Debug|x86
		{C79FDAC0-960D-4E13-981D-7A9D2CA3B6A8}.DocumentationHelper|x86.Build.0 = Debug|x86
		{C79FDAC0-960D-4E13-981D-7A9D2CA3B6A8}.Profile|x86.ActiveCfg = Profile|x86
		{C79FDAC0-960D-4E13-981D-7A9D2CA3B6A8}.Profile|x86.Build.0 = Profile|x86
		{C79FDAC0-960D-4E13-981D-7A9D2CA3B6A8}.Release|x86.ActiveCfg = Debug|x86
		{C79FDAC0-960D-4E13-981D-7A9D2CA3B6A8}.Release|x86.Build.0 = Debug|x86
		{C79FDAC0-960D-4E13-981D-7A9D2CA3B6A8}.Tools|x86.ActiveCfg = Release|x86
		{C79FDAC0-960D-4E13-981D-7A9D2CA3B6A8}.Tools|x86.Build.0 = Release|x86
		{9543AC00-CDE5-4759-BD98-2D031D16DFD4}.Debug|x86.ActiveCfg = Debug|x86
		{9543AC00-CDE5-4759-BD98-2D031D16DFD4}.Debug|x86.Build.0 = Debug|x86
		{9543AC00-CDE5-4759-BD98-2D031D16DFD4}.DocumentationHelper|x86.ActiveCfg = Debug|x86
		{9543AC00-CDE5-4759-BD98-2D031D16DFD4}.DocumentationHelper|x86.Build.0 = Debug|x86
		{9543AC00-CDE5-4759-BD98-2D031D16DFD4}.Profile|x86.ActiveCfg = Profile|x86
		{9543AC00-CDE5-4759-BD98-2D031D16DFD4}.Profile|x86.Build.0 = Profile|x86
		{9543AC00-CDE5-4759-BD98-2D031D16DFD4}.Release|x86.ActiveCfg = Release|x86
		{9543AC00-CDE5-4759-BD98-2D031D16DFD4}.Release|x86.Build.0 = Release|x86
		{9543AC00-CDE5-4759-BD98-2D031D16DFD4}.Tools|x86.ActiveCfg = Release|x86
		{9543AC00-CDE5-4759-BD98-2D031D16DFD4}.Tools|x86.Build.0 = Release|x86
		{4F8CD191-ECE8-4A05-9721-1EBCF03A31B6}.Debug|x86.ActiveCfg = Debug|x86
		{4F8CD191-ECE8-4A05-9721-1EBCF03A31B6}.Debug|x86.Build.0 = Debug|x86
		{4F8CD191-ECE8-4A05-9721-1EBCF03A31B6}.DocumentationHelper|x86.ActiveCfg = Debug|x86
		{4F8CD191-ECE8-4A05-9721-1EBCF03A31B6}.DocumentationHelper|x86.Build.0 = Debug|x86
		{4F8CD191-ECE8-4A05-9721-1EBCF03A31B6}.Profile|x86.ActiveCfg = Profile|x86
		{4F8CD191-ECE8-4A05-9721-1EBCF03A31B6}.Profile|x86.Build.0 = Profile|x86
		{4F8CD191-ECE8-4A05-9721-1EBCF03A31B6}.Release|x86.ActiveCfg = Release|x86
		{4F8CD191-ECE8-4A05-9721-1EBCF03A31B6}.Release|x86.Build.0 = Release|x86
		{4F8CD191-ECE8-4A05-9721-1EBCF03A31B6}.Tools|x86.ActiveCfg = Release|x86
		{4F8CD191-ECE8-4A05-9721-1EBCF03A31B6}.Tools|x86.Build.0 = Release|x86
		{35A4FAF6-A439-4BC9-B47D-3CEE167A8926}.Debug|x86.ActiveCfg = Debug|Any CPU
		{35A4FAF6-A439-4BC9-B47D-3CEE167A8926}.Debug|x86.Build.0 = Debug|Any CPU
		{35A4FAF6-A439-4BC9-B47D-3CEE167A8926}.DocumentationHelper|x86.ActiveCfg = Debug|Any CPU
		{35A4FAF6-A439-4BC9-B47D-3CEE167A8926}.Profile|x86.ActiveCfg = Profile|Any CPU
		{35A4FAF6-A439-4BC9-B47D-3CEE167A8926}.Release|x86.ActiveCfg = Release|Any CPU
		{35A4FAF6-A439-4BC9-B47D-3CEE167A8926}.Tools|x86.ActiveCfg = Release|Any CPU
		{AC6C51CE-96FB-401B-9B51-1302F273A52A}.Debug|x86.ActiveCfg = Debug|x86
		{AC6C51CE-96FB-401B-9B51-1302F273A52A}.Debug|x86.Build.0 = Debug|x86
		{AC6C51CE-96FB-401B-9B51-1302F273A52A}.DocumentationHelper|x86.ActiveCfg = Debug|x86
		{AC6C51CE-96FB-401B-9B51-1302F273A52A}.DocumentationHelper|x86.Build.0 = Debug|x86
		{AC6C51CE-96FB-401B-9B51-1302F273A52A}.Profile|x86.ActiveCfg = Profile|x86
		{AC6C51CE-96FB-401B-9B51-1302F273A52A}.Profile|x86.Build.0 = Profile|x86
		{AC6C51CE-96FB-401B-9B51-1302F273A52A}.Release|x86.ActiveCfg = Release|x86
		{AC6C51CE-96FB-401B-9B51-1302F273A52A}.Release|x86.Build.0 = Release|x86
		{AC6C51CE-96FB-401B-9B51-1302F273A52A}.Tools|x86.ActiveCfg = Release|x86
		{AC6C51CE-96FB-401B-9B51-1302F273A52A}.Tools|x86.Build.0 = Release|x86
		{8A52D3E0-5362-4D9F-A29E-32E24AD65EAF}.Debug|x86.ActiveCfg = Debug|Any CPU
		{8A52D3E0-5362-4D9F-A29E-32E24AD65EAF}.Debug|x86.Build.0 = Debug|Any CPU
		{8A52D3E0-5362-4D9F-A29E-32E24AD65EAF}.DocumentationHelper|x86.ActiveCfg = Debug|Any CPU
		{8A52D3E0-5362-4D9F-A29E-32E24AD65EAF}.Profile|x86.ActiveCfg = Release|Any CPU
		{8A52D3E0-5362-4D9F-A29E-32E24AD65EAF}.Release|x86.ActiveCfg = Release|Any CPU
		{8A52D3E0-5362-4D9F-A29E-32E24AD65EAF}.Tools|x86.ActiveCfg = Release|Any CPU
		{2BF84FEF-FC3A-4E1A-9E4B-D3003E02C5B8}.Debug|x86.ActiveCfg = Debug|x86
		{2BF84FEF-FC3A-4E1A-9E4B-D3003E02C5B8}.Debug|x86.Build.0 = Debug|x86
		{2BF84FEF-FC3A-4E1A-9E4B-D3003E02C5B8}.DocumentationHelper|x86.ActiveCfg = Debug|x86
		{2BF84FEF-FC3A-4E1A-9E4B-D3003E02C5B8}.DocumentationHelper|x86.Build.0 = Debug|x86
		{2BF84FEF-FC3A-4E1A-9E4B-D3003E02C5B8}.Profile|x86.ActiveCfg = Profile|x86
		{2BF84FEF-FC3A-4E1A-9E4B-D3003E02C5B8}.Profile|x86.Build.0 = Profile|x86
		{2BF84FEF-FC3A-4E1A-9E4B-D3003E02C5B8}.Release|x86.ActiveCfg = Release|x86
		{2BF84FEF-FC3A-4E1A-9E4B-D3003E02C5B8}.Release|x86.Build.0 = Release|x86
		{2BF84FEF-FC3A-4E1A-9E4B-D3003E02C5B8}.Tools|x86.ActiveCfg = Profile|x86
		{2BF84FEF-FC3A-4E1A-9E4B-D3003E02C5B8}.Tools|x86.Build.0 = Profile|x86
		{D1E82BBB-8426-4451-BA37-792822E0FE6E}.Debug|x86.ActiveCfg = Debug|Win32
		{D1E82BBB-8426-4451-BA37-792822E0FE6E}.Debug|x86.Build.0 = Debug|Win32
		{D1E82BBB-8426-4451-BA37-792822E0FE6E}.DocumentationHelper|x86.ActiveCfg = Debug|Win32
		{D1E82BBB-8426-4451-BA37-792822E0FE6E}.DocumentationHelper|x86.Build.0 = Debug|Win32
		{D1E82BBB-8426-4451-BA37-792822E0FE6E}.Profile|x86.ActiveCfg = Release|Win32
		{D1E82BBB-8426-4451-BA37-792822E0FE6E}.Profile|x86.Build.0 = Release|Win32
		{D1E82BBB-8426-4451-BA37-792822E0FE6E}.Release|x86.ActiveCfg = Release|Win32
		{D1E82BBB-8426-4451-BA37-792822E0FE6E}.Release|x86.Build.0 = Release|Win32
		{D1E82BBB-8426-4451-BA37-792822E0FE6E}.Tools|x86.ActiveCfg = Release|Win32
		{D1E82BBB-8426-4451-BA37-792822E0FE6E}.Tools|x86.Build.0 = Release|Win32
	EndGlobalSection
	GlobalSection(SolutionProperties) = preSolution
		HideSolutionNode = FALSE
	EndGlobalSection
	GlobalSection(NestedProjects) = preSolution
		{35A4FAF6-A439-4BC9-B47D-3CEE167A8926} = {9D7264F6-202E-4B86-BC73-088F18A7099F}
	EndGlobalSection
	GlobalSection(Performance) = preSolution
		HasPerformanceSessions = true
	EndGlobalSection
	GlobalSection(SubversionScc) = preSolution
		Svn-Managed = True
		Manager = AnkhSVN - Subversion Support for Visual Studio
	EndGlobalSection
EndGlobal
