
Microsoft Visual Studio Solution File, Format Version 11.00
# Visual Studio 2010
Project("{FAE04EC0-301F-11D3-BF4B-00C04F79EFBC}") = "ServerClient", "ServerClient\ServerClient.csproj", "{0FB8E59C-0E9B-4AD9-A4D4-F145D45351AD}"
EndProject
Project("{FAE04EC0-301F-11D3-BF4B-00C04F79EFBC}") = "Common.Core", "Common.Core\Common.Core.csproj", "{372FF145-4B2D-40A4-B171-CFFF159E4C91}"
EndProject
Project("{2150E333-8FDC-42A3-9474-1A3956D46DE8}") = "Solution Items", "Solution Items", "{DBB9C398-C419-41BE-BD97-8DF089C460A1}"
	ProjectSection(SolutionItems) = preProject
		Local.testsettings = Local.testsettings
		The Wizards.vsmdi = The Wizards.vsmdi
		TraceAndTestImpact.testsettings = TraceAndTestImpact.testsettings
	EndProjectSection
EndProject
Project("{FAE04EC0-301F-11D3-BF4B-00C04F79EFBC}") = "Unit Tests", "Unit Tests\Unit Tests.csproj", "{C79FDAC0-960D-4E13-981D-7A9D2CA3B6A8}"
EndProject
Project("{FAE04EC0-301F-11D3-BF4B-00C04F79EFBC}") = "NewModules", "NewModules\NewModules.csproj", "{9543AC00-CDE5-4759-BD98-2D031D16DFD4}"
EndProject
Project("{FAE04EC0-301F-11D3-BF4B-00C04F79EFBC}") = "Gameplay", "Gameplay\Gameplay.csproj", "{2BF84FEF-FC3A-4E1A-9E4B-D3003E02C5B8}"
EndProject
Project("{FAE04EC0-301F-11D3-BF4B-00C04F79EFBC}") = "Launcher", "Launcher\Launcher.csproj", "{4F8CD191-ECE8-4A05-9721-1EBCF03A31B6}"
EndProject
Project("{2150E333-8FDC-42A3-9474-1A3956D46DE8}") = "Deprecated", "Deprecated", "{9D7264F6-202E-4B86-BC73-088F18A7099F}"
EndProject
Project("{F184B08F-C81C-45F6-A57F-5ABD9991F28F}") = "CommonVB", "Deprecated\CommonVB\CommonVB.vbproj", "{35A4FAF6-A439-4BC9-B47D-3CEE167A8926}"
EndProject
Project("{FAE04EC0-301F-11D3-BF4B-00C04F79EFBC}") = "TestRunner", "TestRunner\TestRunner.csproj", "{AC6C51CE-96FB-401B-9B51-1302F273A52A}"
EndProject
Project("{FAE04EC0-301F-11D3-BF4B-00C04F79EFBC}") = "CG", "CG\CG.csproj", "{C5BCD416-DA11-469D-BFF8-26BD2962739B}"
EndProject
Global
	GlobalSection(TestCaseManagementSettings) = postSolution
		CategoryFile = The Wizards.vsmdi
	EndGlobalSection
	GlobalSection(SolutionConfigurationPlatforms) = preSolution
		Debug|Any CPU = Debug|Any CPU
		Debug|Mixed Platforms = Debug|Mixed Platforms
		Debug|Win32 = Debug|Win32
		Debug|x86 = Debug|x86
		DebugAll|Any CPU = DebugAll|Any CPU
		DebugAll|Mixed Platforms = DebugAll|Mixed Platforms
		DebugAll|Win32 = DebugAll|Win32
		DebugAll|x86 = DebugAll|x86
		DebugAllUnmanaged|Any CPU = DebugAllUnmanaged|Any CPU
		DebugAllUnmanaged|Mixed Platforms = DebugAllUnmanaged|Mixed Platforms
		DebugAllUnmanaged|Win32 = DebugAllUnmanaged|Win32
		DebugAllUnmanaged|x86 = DebugAllUnmanaged|x86
		DocumentationHelper|Any CPU = DocumentationHelper|Any CPU
		DocumentationHelper|Mixed Platforms = DocumentationHelper|Mixed Platforms
		DocumentationHelper|Win32 = DocumentationHelper|Win32
		DocumentationHelper|x86 = DocumentationHelper|x86
		Gameplay|Any CPU = Gameplay|Any CPU
		Gameplay|Mixed Platforms = Gameplay|Mixed Platforms
		Gameplay|Win32 = Gameplay|Win32
		Gameplay|x86 = Gameplay|x86
		MHGameWork|Any CPU = MHGameWork|Any CPU
		MHGameWork|Mixed Platforms = MHGameWork|Mixed Platforms
		MHGameWork|Win32 = MHGameWork|Win32
		MHGameWork|x86 = MHGameWork|x86
		NewModules|Any CPU = NewModules|Any CPU
		NewModules|Mixed Platforms = NewModules|Mixed Platforms
		NewModules|Win32 = NewModules|Win32
		NewModules|x86 = NewModules|x86
		Profile|Any CPU = Profile|Any CPU
		Profile|Mixed Platforms = Profile|Mixed Platforms
		Profile|Win32 = Profile|Win32
		Profile|x86 = Profile|x86
		Release|Any CPU = Release|Any CPU
		Release|Mixed Platforms = Release|Mixed Platforms
		Release|Win32 = Release|Win32
		Release|x86 = Release|x86
		Tools|Any CPU = Tools|Any CPU
		Tools|Mixed Platforms = Tools|Mixed Platforms
		Tools|Win32 = Tools|Win32
		Tools|x86 = Tools|x86
	EndGlobalSection
	GlobalSection(ProjectConfigurationPlatforms) = postSolution
		{0FB8E59C-0E9B-4AD9-A4D4-F145D45351AD}.Debug|Any CPU.ActiveCfg = Debug|x86
		{0FB8E59C-0E9B-4AD9-A4D4-F145D45351AD}.Debug|Mixed Platforms.ActiveCfg = Debug|x86
		{0FB8E59C-0E9B-4AD9-A4D4-F145D45351AD}.Debug|Mixed Platforms.Build.0 = Debug|x86
		{0FB8E59C-0E9B-4AD9-A4D4-F145D45351AD}.Debug|Win32.ActiveCfg = Debug|x86
		{0FB8E59C-0E9B-4AD9-A4D4-F145D45351AD}.Debug|x86.ActiveCfg = Debug|x86
		{0FB8E59C-0E9B-4AD9-A4D4-F145D45351AD}.Debug|x86.Build.0 = Debug|x86
		{0FB8E59C-0E9B-4AD9-A4D4-F145D45351AD}.DebugAll|Any CPU.ActiveCfg = Debug|x86
		{0FB8E59C-0E9B-4AD9-A4D4-F145D45351AD}.DebugAll|Any CPU.Build.0 = Debug|x86
		{0FB8E59C-0E9B-4AD9-A4D4-F145D45351AD}.DebugAll|Mixed Platforms.ActiveCfg = Debug|x86
		{0FB8E59C-0E9B-4AD9-A4D4-F145D45351AD}.DebugAll|Mixed Platforms.Build.0 = Debug|x86
		{0FB8E59C-0E9B-4AD9-A4D4-F145D45351AD}.DebugAll|Win32.ActiveCfg = Debug|x86
		{0FB8E59C-0E9B-4AD9-A4D4-F145D45351AD}.DebugAll|x86.ActiveCfg = Debug|x86
		{0FB8E59C-0E9B-4AD9-A4D4-F145D45351AD}.DebugAll|x86.Build.0 = Debug|x86
		{0FB8E59C-0E9B-4AD9-A4D4-F145D45351AD}.DebugAllUnmanaged|Any CPU.ActiveCfg = DebugUnmanaged|x86
		{0FB8E59C-0E9B-4AD9-A4D4-F145D45351AD}.DebugAllUnmanaged|Any CPU.Build.0 = DebugUnmanaged|x86
		{0FB8E59C-0E9B-4AD9-A4D4-F145D45351AD}.DebugAllUnmanaged|Mixed Platforms.ActiveCfg = DebugUnmanaged|x86
		{0FB8E59C-0E9B-4AD9-A4D4-F145D45351AD}.DebugAllUnmanaged|Mixed Platforms.Build.0 = DebugUnmanaged|x86
		{0FB8E59C-0E9B-4AD9-A4D4-F145D45351AD}.DebugAllUnmanaged|Win32.ActiveCfg = Debug|x86
		{0FB8E59C-0E9B-4AD9-A4D4-F145D45351AD}.DebugAllUnmanaged|x86.ActiveCfg = Debug|x86
		{0FB8E59C-0E9B-4AD9-A4D4-F145D45351AD}.DebugAllUnmanaged|x86.Build.0 = Debug|x86
		{0FB8E59C-0E9B-4AD9-A4D4-F145D45351AD}.DocumentationHelper|Any CPU.ActiveCfg = DebugUnmanaged|x86
		{0FB8E59C-0E9B-4AD9-A4D4-F145D45351AD}.DocumentationHelper|Mixed Platforms.ActiveCfg = DebugUnmanaged|x86
		{0FB8E59C-0E9B-4AD9-A4D4-F145D45351AD}.DocumentationHelper|Mixed Platforms.Build.0 = DebugUnmanaged|x86
		{0FB8E59C-0E9B-4AD9-A4D4-F145D45351AD}.DocumentationHelper|Win32.ActiveCfg = DebugUnmanaged|x86
		{0FB8E59C-0E9B-4AD9-A4D4-F145D45351AD}.DocumentationHelper|x86.ActiveCfg = DebugUnmanaged|x86
		{0FB8E59C-0E9B-4AD9-A4D4-F145D45351AD}.DocumentationHelper|x86.Build.0 = DebugUnmanaged|x86
		{0FB8E59C-0E9B-4AD9-A4D4-F145D45351AD}.Gameplay|Any CPU.ActiveCfg = Debug|x86
		{0FB8E59C-0E9B-4AD9-A4D4-F145D45351AD}.Gameplay|Any CPU.Build.0 = Debug|x86
		{0FB8E59C-0E9B-4AD9-A4D4-F145D45351AD}.Gameplay|Mixed Platforms.ActiveCfg = Release|x86
		{0FB8E59C-0E9B-4AD9-A4D4-F145D45351AD}.Gameplay|Win32.ActiveCfg = Release|x86
		{0FB8E59C-0E9B-4AD9-A4D4-F145D45351AD}.Gameplay|x86.ActiveCfg = Release|x86
		{0FB8E59C-0E9B-4AD9-A4D4-F145D45351AD}.Gameplay|x86.Build.0 = Release|x86
		{0FB8E59C-0E9B-4AD9-A4D4-F145D45351AD}.MHGameWork|Any CPU.ActiveCfg = Release|x86
		{0FB8E59C-0E9B-4AD9-A4D4-F145D45351AD}.MHGameWork|Any CPU.Build.0 = Release|x86
		{0FB8E59C-0E9B-4AD9-A4D4-F145D45351AD}.MHGameWork|Mixed Platforms.ActiveCfg = Release|x86
		{0FB8E59C-0E9B-4AD9-A4D4-F145D45351AD}.MHGameWork|Mixed Platforms.Build.0 = Release|x86
		{0FB8E59C-0E9B-4AD9-A4D4-F145D45351AD}.MHGameWork|Win32.ActiveCfg = Release|x86
		{0FB8E59C-0E9B-4AD9-A4D4-F145D45351AD}.MHGameWork|x86.ActiveCfg = Release|x86
		{0FB8E59C-0E9B-4AD9-A4D4-F145D45351AD}.MHGameWork|x86.Build.0 = Release|x86
		{0FB8E59C-0E9B-4AD9-A4D4-F145D45351AD}.NewModules|Any CPU.ActiveCfg = Debug|x86
		{0FB8E59C-0E9B-4AD9-A4D4-F145D45351AD}.NewModules|Any CPU.Build.0 = Debug|x86
		{0FB8E59C-0E9B-4AD9-A4D4-F145D45351AD}.NewModules|Mixed Platforms.ActiveCfg = Release|x86
		{0FB8E59C-0E9B-4AD9-A4D4-F145D45351AD}.NewModules|Mixed Platforms.Build.0 = Release|x86
		{0FB8E59C-0E9B-4AD9-A4D4-F145D45351AD}.NewModules|Win32.ActiveCfg = Release|x86
		{0FB8E59C-0E9B-4AD9-A4D4-F145D45351AD}.NewModules|x86.ActiveCfg = Release|x86
		{0FB8E59C-0E9B-4AD9-A4D4-F145D45351AD}.NewModules|x86.Build.0 = Release|x86
		{0FB8E59C-0E9B-4AD9-A4D4-F145D45351AD}.Profile|Any CPU.ActiveCfg = Profile|x86
		{0FB8E59C-0E9B-4AD9-A4D4-F145D45351AD}.Profile|Any CPU.Build.0 = Profile|x86
		{0FB8E59C-0E9B-4AD9-A4D4-F145D45351AD}.Profile|Mixed Platforms.ActiveCfg = Profile|x86
		{0FB8E59C-0E9B-4AD9-A4D4-F145D45351AD}.Profile|Mixed Platforms.Build.0 = Profile|x86
		{0FB8E59C-0E9B-4AD9-A4D4-F145D45351AD}.Profile|Win32.ActiveCfg = Profile|x86
		{0FB8E59C-0E9B-4AD9-A4D4-F145D45351AD}.Profile|x86.ActiveCfg = Profile|x86
		{0FB8E59C-0E9B-4AD9-A4D4-F145D45351AD}.Profile|x86.Build.0 = Profile|x86
		{0FB8E59C-0E9B-4AD9-A4D4-F145D45351AD}.Release|Any CPU.ActiveCfg = Release|x86
		{0FB8E59C-0E9B-4AD9-A4D4-F145D45351AD}.Release|Any CPU.Build.0 = Release|x86
		{0FB8E59C-0E9B-4AD9-A4D4-F145D45351AD}.Release|Mixed Platforms.ActiveCfg = Release|x86
		{0FB8E59C-0E9B-4AD9-A4D4-F145D45351AD}.Release|Mixed Platforms.Build.0 = Release|x86
		{0FB8E59C-0E9B-4AD9-A4D4-F145D45351AD}.Release|Win32.ActiveCfg = Release|x86
		{0FB8E59C-0E9B-4AD9-A4D4-F145D45351AD}.Release|x86.ActiveCfg = Release|x86
		{0FB8E59C-0E9B-4AD9-A4D4-F145D45351AD}.Release|x86.Build.0 = Release|x86
		{0FB8E59C-0E9B-4AD9-A4D4-F145D45351AD}.Tools|Any CPU.ActiveCfg = DebugUnmanaged|x86
		{0FB8E59C-0E9B-4AD9-A4D4-F145D45351AD}.Tools|Mixed Platforms.ActiveCfg = DebugUnmanaged|x86
		{0FB8E59C-0E9B-4AD9-A4D4-F145D45351AD}.Tools|Mixed Platforms.Build.0 = DebugUnmanaged|x86
		{0FB8E59C-0E9B-4AD9-A4D4-F145D45351AD}.Tools|Win32.ActiveCfg = DebugUnmanaged|x86
		{0FB8E59C-0E9B-4AD9-A4D4-F145D45351AD}.Tools|x86.ActiveCfg = DebugUnmanaged|x86
		{0FB8E59C-0E9B-4AD9-A4D4-F145D45351AD}.Tools|x86.Build.0 = DebugUnmanaged|x86
		{372FF145-4B2D-40A4-B171-CFFF159E4C91}.Debug|Any CPU.ActiveCfg = Debug|x86
		{372FF145-4B2D-40A4-B171-CFFF159E4C91}.Debug|Mixed Platforms.ActiveCfg = Debug|x86
		{372FF145-4B2D-40A4-B171-CFFF159E4C91}.Debug|Mixed Platforms.Build.0 = Debug|x86
		{372FF145-4B2D-40A4-B171-CFFF159E4C91}.Debug|Win32.ActiveCfg = Debug|x86
		{372FF145-4B2D-40A4-B171-CFFF159E4C91}.Debug|x86.ActiveCfg = Debug|x86
		{372FF145-4B2D-40A4-B171-CFFF159E4C91}.Debug|x86.Build.0 = Debug|x86
		{372FF145-4B2D-40A4-B171-CFFF159E4C91}.DebugAll|Any CPU.ActiveCfg = Debug|x86
		{372FF145-4B2D-40A4-B171-CFFF159E4C91}.DebugAll|Any CPU.Build.0 = Debug|x86
		{372FF145-4B2D-40A4-B171-CFFF159E4C91}.DebugAll|Mixed Platforms.ActiveCfg = Debug|x86
		{372FF145-4B2D-40A4-B171-CFFF159E4C91}.DebugAll|Mixed Platforms.Build.0 = Debug|x86
		{372FF145-4B2D-40A4-B171-CFFF159E4C91}.DebugAll|Win32.ActiveCfg = Debug|x86
		{372FF145-4B2D-40A4-B171-CFFF159E4C91}.DebugAll|x86.ActiveCfg = Debug|x86
		{372FF145-4B2D-40A4-B171-CFFF159E4C91}.DebugAll|x86.Build.0 = Debug|x86
		{372FF145-4B2D-40A4-B171-CFFF159E4C91}.DebugAllUnmanaged|Any CPU.ActiveCfg = Debug|x86
		{372FF145-4B2D-40A4-B171-CFFF159E4C91}.DebugAllUnmanaged|Any CPU.Build.0 = Debug|x86
		{372FF145-4B2D-40A4-B171-CFFF159E4C91}.DebugAllUnmanaged|Mixed Platforms.ActiveCfg = Debug|x86
		{372FF145-4B2D-40A4-B171-CFFF159E4C91}.DebugAllUnmanaged|Mixed Platforms.Build.0 = Debug|x86
		{372FF145-4B2D-40A4-B171-CFFF159E4C91}.DebugAllUnmanaged|Win32.ActiveCfg = Debug|x86
		{372FF145-4B2D-40A4-B171-CFFF159E4C91}.DebugAllUnmanaged|x86.ActiveCfg = Debug|x86
		{372FF145-4B2D-40A4-B171-CFFF159E4C91}.DebugAllUnmanaged|x86.Build.0 = Debug|x86
		{372FF145-4B2D-40A4-B171-CFFF159E4C91}.DocumentationHelper|Any CPU.ActiveCfg = Debug|x86
		{372FF145-4B2D-40A4-B171-CFFF159E4C91}.DocumentationHelper|Mixed Platforms.ActiveCfg = Debug|x86
		{372FF145-4B2D-40A4-B171-CFFF159E4C91}.DocumentationHelper|Mixed Platforms.Build.0 = Debug|x86
		{372FF145-4B2D-40A4-B171-CFFF159E4C91}.DocumentationHelper|Win32.ActiveCfg = Debug|x86
		{372FF145-4B2D-40A4-B171-CFFF159E4C91}.DocumentationHelper|x86.ActiveCfg = Debug|x86
		{372FF145-4B2D-40A4-B171-CFFF159E4C91}.DocumentationHelper|x86.Build.0 = Debug|x86
		{372FF145-4B2D-40A4-B171-CFFF159E4C91}.Gameplay|Any CPU.ActiveCfg = Debug|x86
		{372FF145-4B2D-40A4-B171-CFFF159E4C91}.Gameplay|Any CPU.Build.0 = Debug|x86
		{372FF145-4B2D-40A4-B171-CFFF159E4C91}.Gameplay|Mixed Platforms.ActiveCfg = Release|x86
		{372FF145-4B2D-40A4-B171-CFFF159E4C91}.Gameplay|Win32.ActiveCfg = Release|x86
		{372FF145-4B2D-40A4-B171-CFFF159E4C91}.Gameplay|x86.ActiveCfg = Release|x86
		{372FF145-4B2D-40A4-B171-CFFF159E4C91}.Gameplay|x86.Build.0 = Release|x86
		{372FF145-4B2D-40A4-B171-CFFF159E4C91}.MHGameWork|Any CPU.ActiveCfg = Release|x86
		{372FF145-4B2D-40A4-B171-CFFF159E4C91}.MHGameWork|Any CPU.Build.0 = Release|x86
		{372FF145-4B2D-40A4-B171-CFFF159E4C91}.MHGameWork|Mixed Platforms.ActiveCfg = Release|x86
		{372FF145-4B2D-40A4-B171-CFFF159E4C91}.MHGameWork|Mixed Platforms.Build.0 = Release|x86
		{372FF145-4B2D-40A4-B171-CFFF159E4C91}.MHGameWork|Win32.ActiveCfg = Release|x86
		{372FF145-4B2D-40A4-B171-CFFF159E4C91}.MHGameWork|x86.ActiveCfg = Release|x86
		{372FF145-4B2D-40A4-B171-CFFF159E4C91}.MHGameWork|x86.Build.0 = Release|x86
		{372FF145-4B2D-40A4-B171-CFFF159E4C91}.NewModules|Any CPU.ActiveCfg = Release|x86
		{372FF145-4B2D-40A4-B171-CFFF159E4C91}.NewModules|Any CPU.Build.0 = Release|x86
		{372FF145-4B2D-40A4-B171-CFFF159E4C91}.NewModules|Mixed Platforms.ActiveCfg = Release|x86
		{372FF145-4B2D-40A4-B171-CFFF159E4C91}.NewModules|Mixed Platforms.Build.0 = Release|x86
		{372FF145-4B2D-40A4-B171-CFFF159E4C91}.NewModules|Win32.ActiveCfg = Release|x86
		{372FF145-4B2D-40A4-B171-CFFF159E4C91}.NewModules|x86.ActiveCfg = Release|x86
		{372FF145-4B2D-40A4-B171-CFFF159E4C91}.NewModules|x86.Build.0 = Release|x86
		{372FF145-4B2D-40A4-B171-CFFF159E4C91}.Profile|Any CPU.ActiveCfg = Profile|x86
		{372FF145-4B2D-40A4-B171-CFFF159E4C91}.Profile|Any CPU.Build.0 = Profile|x86
		{372FF145-4B2D-40A4-B171-CFFF159E4C91}.Profile|Mixed Platforms.ActiveCfg = Profile|x86
		{372FF145-4B2D-40A4-B171-CFFF159E4C91}.Profile|Mixed Platforms.Build.0 = Profile|x86
		{372FF145-4B2D-40A4-B171-CFFF159E4C91}.Profile|Win32.ActiveCfg = Profile|x86
		{372FF145-4B2D-40A4-B171-CFFF159E4C91}.Profile|x86.ActiveCfg = Profile|x86
		{372FF145-4B2D-40A4-B171-CFFF159E4C91}.Profile|x86.Build.0 = Profile|x86
		{372FF145-4B2D-40A4-B171-CFFF159E4C91}.Release|Any CPU.ActiveCfg = Release|x86
		{372FF145-4B2D-40A4-B171-CFFF159E4C91}.Release|Any CPU.Build.0 = Release|x86
		{372FF145-4B2D-40A4-B171-CFFF159E4C91}.Release|Mixed Platforms.ActiveCfg = Release|x86
		{372FF145-4B2D-40A4-B171-CFFF159E4C91}.Release|Mixed Platforms.Build.0 = Release|x86
		{372FF145-4B2D-40A4-B171-CFFF159E4C91}.Release|Win32.ActiveCfg = Release|x86
		{372FF145-4B2D-40A4-B171-CFFF159E4C91}.Release|x86.ActiveCfg = Release|x86
		{372FF145-4B2D-40A4-B171-CFFF159E4C91}.Release|x86.Build.0 = Release|x86
		{372FF145-4B2D-40A4-B171-CFFF159E4C91}.Tools|Any CPU.ActiveCfg = Release|x86
		{372FF145-4B2D-40A4-B171-CFFF159E4C91}.Tools|Mixed Platforms.ActiveCfg = Release|x86
		{372FF145-4B2D-40A4-B171-CFFF159E4C91}.Tools|Mixed Platforms.Build.0 = Release|x86
		{372FF145-4B2D-40A4-B171-CFFF159E4C91}.Tools|Win32.ActiveCfg = Release|x86
		{372FF145-4B2D-40A4-B171-CFFF159E4C91}.Tools|x86.ActiveCfg = Release|x86
		{372FF145-4B2D-40A4-B171-CFFF159E4C91}.Tools|x86.Build.0 = Release|x86
		{C79FDAC0-960D-4E13-981D-7A9D2CA3B6A8}.Debug|Any CPU.ActiveCfg = Debug|x86
		{C79FDAC0-960D-4E13-981D-7A9D2CA3B6A8}.Debug|Mixed Platforms.ActiveCfg = Debug|x86
		{C79FDAC0-960D-4E13-981D-7A9D2CA3B6A8}.Debug|Mixed Platforms.Build.0 = Debug|x86
		{C79FDAC0-960D-4E13-981D-7A9D2CA3B6A8}.Debug|Win32.ActiveCfg = Debug|x86
		{C79FDAC0-960D-4E13-981D-7A9D2CA3B6A8}.Debug|x86.ActiveCfg = Debug|x86
		{C79FDAC0-960D-4E13-981D-7A9D2CA3B6A8}.Debug|x86.Build.0 = Debug|x86
		{C79FDAC0-960D-4E13-981D-7A9D2CA3B6A8}.DebugAll|Any CPU.ActiveCfg = Debug|x86
		{C79FDAC0-960D-4E13-981D-7A9D2CA3B6A8}.DebugAll|Any CPU.Build.0 = Debug|x86
		{C79FDAC0-960D-4E13-981D-7A9D2CA3B6A8}.DebugAll|Mixed Platforms.ActiveCfg = Debug|x86
		{C79FDAC0-960D-4E13-981D-7A9D2CA3B6A8}.DebugAll|Mixed Platforms.Build.0 = Debug|x86
		{C79FDAC0-960D-4E13-981D-7A9D2CA3B6A8}.DebugAll|Win32.ActiveCfg = Debug|x86
		{C79FDAC0-960D-4E13-981D-7A9D2CA3B6A8}.DebugAll|x86.ActiveCfg = Debug|x86
		{C79FDAC0-960D-4E13-981D-7A9D2CA3B6A8}.DebugAll|x86.Build.0 = Debug|x86
		{C79FDAC0-960D-4E13-981D-7A9D2CA3B6A8}.DebugAllUnmanaged|Any CPU.ActiveCfg = Debug|x86
		{C79FDAC0-960D-4E13-981D-7A9D2CA3B6A8}.DebugAllUnmanaged|Any CPU.Build.0 = Debug|x86
		{C79FDAC0-960D-4E13-981D-7A9D2CA3B6A8}.DebugAllUnmanaged|Mixed Platforms.ActiveCfg = Debug|x86
		{C79FDAC0-960D-4E13-981D-7A9D2CA3B6A8}.DebugAllUnmanaged|Mixed Platforms.Build.0 = Debug|x86
		{C79FDAC0-960D-4E13-981D-7A9D2CA3B6A8}.DebugAllUnmanaged|Win32.ActiveCfg = Debug|x86
		{C79FDAC0-960D-4E13-981D-7A9D2CA3B6A8}.DebugAllUnmanaged|x86.ActiveCfg = Debug|x86
		{C79FDAC0-960D-4E13-981D-7A9D2CA3B6A8}.DebugAllUnmanaged|x86.Build.0 = Debug|x86
		{C79FDAC0-960D-4E13-981D-7A9D2CA3B6A8}.DocumentationHelper|Any CPU.ActiveCfg = Debug|x86
		{C79FDAC0-960D-4E13-981D-7A9D2CA3B6A8}.DocumentationHelper|Mixed Platforms.ActiveCfg = Debug|x86
		{C79FDAC0-960D-4E13-981D-7A9D2CA3B6A8}.DocumentationHelper|Mixed Platforms.Build.0 = Debug|x86
		{C79FDAC0-960D-4E13-981D-7A9D2CA3B6A8}.DocumentationHelper|Win32.ActiveCfg = Debug|x86
		{C79FDAC0-960D-4E13-981D-7A9D2CA3B6A8}.DocumentationHelper|x86.ActiveCfg = Debug|x86
		{C79FDAC0-960D-4E13-981D-7A9D2CA3B6A8}.DocumentationHelper|x86.Build.0 = Debug|x86
		{C79FDAC0-960D-4E13-981D-7A9D2CA3B6A8}.Gameplay|Any CPU.ActiveCfg = Debug|x86
		{C79FDAC0-960D-4E13-981D-7A9D2CA3B6A8}.Gameplay|Any CPU.Build.0 = Debug|x86
		{C79FDAC0-960D-4E13-981D-7A9D2CA3B6A8}.Gameplay|Mixed Platforms.ActiveCfg = Debug|x86
		{C79FDAC0-960D-4E13-981D-7A9D2CA3B6A8}.Gameplay|Win32.ActiveCfg = Debug|x86
		{C79FDAC0-960D-4E13-981D-7A9D2CA3B6A8}.Gameplay|x86.ActiveCfg = Debug|x86
		{C79FDAC0-960D-4E13-981D-7A9D2CA3B6A8}.Gameplay|x86.Build.0 = Debug|x86
		{C79FDAC0-960D-4E13-981D-7A9D2CA3B6A8}.MHGameWork|Any CPU.ActiveCfg = Release|x86
		{C79FDAC0-960D-4E13-981D-7A9D2CA3B6A8}.MHGameWork|Any CPU.Build.0 = Release|x86
		{C79FDAC0-960D-4E13-981D-7A9D2CA3B6A8}.MHGameWork|Mixed Platforms.ActiveCfg = Debug|x86
		{C79FDAC0-960D-4E13-981D-7A9D2CA3B6A8}.MHGameWork|Mixed Platforms.Build.0 = Debug|x86
		{C79FDAC0-960D-4E13-981D-7A9D2CA3B6A8}.MHGameWork|Win32.ActiveCfg = Debug|x86
		{C79FDAC0-960D-4E13-981D-7A9D2CA3B6A8}.MHGameWork|x86.ActiveCfg = Debug|x86
		{C79FDAC0-960D-4E13-981D-7A9D2CA3B6A8}.MHGameWork|x86.Build.0 = Debug|x86
		{C79FDAC0-960D-4E13-981D-7A9D2CA3B6A8}.NewModules|Any CPU.ActiveCfg = Debug|x86
		{C79FDAC0-960D-4E13-981D-7A9D2CA3B6A8}.NewModules|Any CPU.Build.0 = Debug|x86
		{C79FDAC0-960D-4E13-981D-7A9D2CA3B6A8}.NewModules|Mixed Platforms.ActiveCfg = Debug|x86
		{C79FDAC0-960D-4E13-981D-7A9D2CA3B6A8}.NewModules|Mixed Platforms.Build.0 = Debug|x86
		{C79FDAC0-960D-4E13-981D-7A9D2CA3B6A8}.NewModules|Win32.ActiveCfg = Debug|x86
		{C79FDAC0-960D-4E13-981D-7A9D2CA3B6A8}.NewModules|x86.ActiveCfg = Debug|x86
		{C79FDAC0-960D-4E13-981D-7A9D2CA3B6A8}.NewModules|x86.Build.0 = Debug|x86
		{C79FDAC0-960D-4E13-981D-7A9D2CA3B6A8}.Profile|Any CPU.ActiveCfg = Profile|x86
		{C79FDAC0-960D-4E13-981D-7A9D2CA3B6A8}.Profile|Any CPU.Build.0 = Profile|x86
		{C79FDAC0-960D-4E13-981D-7A9D2CA3B6A8}.Profile|Mixed Platforms.ActiveCfg = Profile|x86
		{C79FDAC0-960D-4E13-981D-7A9D2CA3B6A8}.Profile|Mixed Platforms.Build.0 = Profile|x86
		{C79FDAC0-960D-4E13-981D-7A9D2CA3B6A8}.Profile|Win32.ActiveCfg = Profile|x86
		{C79FDAC0-960D-4E13-981D-7A9D2CA3B6A8}.Profile|x86.ActiveCfg = Profile|x86
		{C79FDAC0-960D-4E13-981D-7A9D2CA3B6A8}.Profile|x86.Build.0 = Profile|x86
		{C79FDAC0-960D-4E13-981D-7A9D2CA3B6A8}.Release|Any CPU.ActiveCfg = Release|x86
		{C79FDAC0-960D-4E13-981D-7A9D2CA3B6A8}.Release|Any CPU.Build.0 = Release|x86
		{C79FDAC0-960D-4E13-981D-7A9D2CA3B6A8}.Release|Mixed Platforms.ActiveCfg = Debug|x86
		{C79FDAC0-960D-4E13-981D-7A9D2CA3B6A8}.Release|Mixed Platforms.Build.0 = Debug|x86
		{C79FDAC0-960D-4E13-981D-7A9D2CA3B6A8}.Release|Win32.ActiveCfg = Debug|x86
		{C79FDAC0-960D-4E13-981D-7A9D2CA3B6A8}.Release|x86.ActiveCfg = Debug|x86
		{C79FDAC0-960D-4E13-981D-7A9D2CA3B6A8}.Release|x86.Build.0 = Debug|x86
		{C79FDAC0-960D-4E13-981D-7A9D2CA3B6A8}.Tools|Any CPU.ActiveCfg = Release|x86
		{C79FDAC0-960D-4E13-981D-7A9D2CA3B6A8}.Tools|Mixed Platforms.ActiveCfg = Release|x86
		{C79FDAC0-960D-4E13-981D-7A9D2CA3B6A8}.Tools|Mixed Platforms.Build.0 = Release|x86
		{C79FDAC0-960D-4E13-981D-7A9D2CA3B6A8}.Tools|Win32.ActiveCfg = Release|x86
		{C79FDAC0-960D-4E13-981D-7A9D2CA3B6A8}.Tools|x86.ActiveCfg = Release|x86
		{C79FDAC0-960D-4E13-981D-7A9D2CA3B6A8}.Tools|x86.Build.0 = Release|x86
		{9543AC00-CDE5-4759-BD98-2D031D16DFD4}.Debug|Any CPU.ActiveCfg = Debug|x86
		{9543AC00-CDE5-4759-BD98-2D031D16DFD4}.Debug|Mixed Platforms.ActiveCfg = Debug|x86
		{9543AC00-CDE5-4759-BD98-2D031D16DFD4}.Debug|Mixed Platforms.Build.0 = Debug|x86
		{9543AC00-CDE5-4759-BD98-2D031D16DFD4}.Debug|Win32.ActiveCfg = Debug|x86
		{9543AC00-CDE5-4759-BD98-2D031D16DFD4}.Debug|x86.ActiveCfg = Debug|x86
		{9543AC00-CDE5-4759-BD98-2D031D16DFD4}.Debug|x86.Build.0 = Debug|x86
		{9543AC00-CDE5-4759-BD98-2D031D16DFD4}.DebugAll|Any CPU.ActiveCfg = Debug|x86
		{9543AC00-CDE5-4759-BD98-2D031D16DFD4}.DebugAll|Any CPU.Build.0 = Debug|x86
		{9543AC00-CDE5-4759-BD98-2D031D16DFD4}.DebugAll|Mixed Platforms.ActiveCfg = Debug|x86
		{9543AC00-CDE5-4759-BD98-2D031D16DFD4}.DebugAll|Mixed Platforms.Build.0 = Debug|x86
		{9543AC00-CDE5-4759-BD98-2D031D16DFD4}.DebugAll|Win32.ActiveCfg = Debug|x86
		{9543AC00-CDE5-4759-BD98-2D031D16DFD4}.DebugAll|x86.ActiveCfg = Debug|x86
		{9543AC00-CDE5-4759-BD98-2D031D16DFD4}.DebugAll|x86.Build.0 = Debug|x86
		{9543AC00-CDE5-4759-BD98-2D031D16DFD4}.DebugAllUnmanaged|Any CPU.ActiveCfg = Debug|x86
		{9543AC00-CDE5-4759-BD98-2D031D16DFD4}.DebugAllUnmanaged|Any CPU.Build.0 = Debug|x86
		{9543AC00-CDE5-4759-BD98-2D031D16DFD4}.DebugAllUnmanaged|Mixed Platforms.ActiveCfg = Debug|x86
		{9543AC00-CDE5-4759-BD98-2D031D16DFD4}.DebugAllUnmanaged|Mixed Platforms.Build.0 = Debug|x86
		{9543AC00-CDE5-4759-BD98-2D031D16DFD4}.DebugAllUnmanaged|Win32.ActiveCfg = Debug|x86
		{9543AC00-CDE5-4759-BD98-2D031D16DFD4}.DebugAllUnmanaged|x86.ActiveCfg = Debug|x86
		{9543AC00-CDE5-4759-BD98-2D031D16DFD4}.DebugAllUnmanaged|x86.Build.0 = Debug|x86
		{9543AC00-CDE5-4759-BD98-2D031D16DFD4}.DocumentationHelper|Any CPU.ActiveCfg = Debug|x86
		{9543AC00-CDE5-4759-BD98-2D031D16DFD4}.DocumentationHelper|Mixed Platforms.ActiveCfg = Debug|x86
		{9543AC00-CDE5-4759-BD98-2D031D16DFD4}.DocumentationHelper|Mixed Platforms.Build.0 = Debug|x86
		{9543AC00-CDE5-4759-BD98-2D031D16DFD4}.DocumentationHelper|Win32.ActiveCfg = Debug|x86
		{9543AC00-CDE5-4759-BD98-2D031D16DFD4}.DocumentationHelper|x86.ActiveCfg = Debug|x86
		{9543AC00-CDE5-4759-BD98-2D031D16DFD4}.DocumentationHelper|x86.Build.0 = Debug|x86
		{9543AC00-CDE5-4759-BD98-2D031D16DFD4}.Gameplay|Any CPU.ActiveCfg = Debug|x86
		{9543AC00-CDE5-4759-BD98-2D031D16DFD4}.Gameplay|Any CPU.Build.0 = Debug|x86
		{9543AC00-CDE5-4759-BD98-2D031D16DFD4}.Gameplay|Mixed Platforms.ActiveCfg = Debug|x86
		{9543AC00-CDE5-4759-BD98-2D031D16DFD4}.Gameplay|Win32.ActiveCfg = Release|x86
		{9543AC00-CDE5-4759-BD98-2D031D16DFD4}.Gameplay|x86.ActiveCfg = Release|x86
		{9543AC00-CDE5-4759-BD98-2D031D16DFD4}.Gameplay|x86.Build.0 = Release|x86
		{9543AC00-CDE5-4759-BD98-2D031D16DFD4}.MHGameWork|Any CPU.ActiveCfg = Release|x86
		{9543AC00-CDE5-4759-BD98-2D031D16DFD4}.MHGameWork|Any CPU.Build.0 = Release|x86
		{9543AC00-CDE5-4759-BD98-2D031D16DFD4}.MHGameWork|Mixed Platforms.ActiveCfg = Release|x86
		{9543AC00-CDE5-4759-BD98-2D031D16DFD4}.MHGameWork|Mixed Platforms.Build.0 = Release|x86
		{9543AC00-CDE5-4759-BD98-2D031D16DFD4}.MHGameWork|Win32.ActiveCfg = Release|x86
		{9543AC00-CDE5-4759-BD98-2D031D16DFD4}.MHGameWork|x86.ActiveCfg = Release|x86
		{9543AC00-CDE5-4759-BD98-2D031D16DFD4}.MHGameWork|x86.Build.0 = Release|x86
		{9543AC00-CDE5-4759-BD98-2D031D16DFD4}.NewModules|Any CPU.ActiveCfg = Debug|x86
		{9543AC00-CDE5-4759-BD98-2D031D16DFD4}.NewModules|Any CPU.Build.0 = Debug|x86
		{9543AC00-CDE5-4759-BD98-2D031D16DFD4}.NewModules|Mixed Platforms.ActiveCfg = Release|x86
		{9543AC00-CDE5-4759-BD98-2D031D16DFD4}.NewModules|Mixed Platforms.Build.0 = Release|x86
		{9543AC00-CDE5-4759-BD98-2D031D16DFD4}.NewModules|Win32.ActiveCfg = Release|x86
		{9543AC00-CDE5-4759-BD98-2D031D16DFD4}.NewModules|x86.ActiveCfg = Release|x86
		{9543AC00-CDE5-4759-BD98-2D031D16DFD4}.NewModules|x86.Build.0 = Release|x86
		{9543AC00-CDE5-4759-BD98-2D031D16DFD4}.Profile|Any CPU.ActiveCfg = Profile|x86
		{9543AC00-CDE5-4759-BD98-2D031D16DFD4}.Profile|Any CPU.Build.0 = Profile|x86
		{9543AC00-CDE5-4759-BD98-2D031D16DFD4}.Profile|Mixed Platforms.ActiveCfg = Profile|x86
		{9543AC00-CDE5-4759-BD98-2D031D16DFD4}.Profile|Mixed Platforms.Build.0 = Profile|x86
		{9543AC00-CDE5-4759-BD98-2D031D16DFD4}.Profile|Win32.ActiveCfg = Profile|x86
		{9543AC00-CDE5-4759-BD98-2D031D16DFD4}.Profile|x86.ActiveCfg = Profile|x86
		{9543AC00-CDE5-4759-BD98-2D031D16DFD4}.Profile|x86.Build.0 = Profile|x86
		{9543AC00-CDE5-4759-BD98-2D031D16DFD4}.Release|Any CPU.ActiveCfg = Release|x86
		{9543AC00-CDE5-4759-BD98-2D031D16DFD4}.Release|Any CPU.Build.0 = Release|x86
		{9543AC00-CDE5-4759-BD98-2D031D16DFD4}.Release|Mixed Platforms.ActiveCfg = Release|x86
		{9543AC00-CDE5-4759-BD98-2D031D16DFD4}.Release|Mixed Platforms.Build.0 = Release|x86
		{9543AC00-CDE5-4759-BD98-2D031D16DFD4}.Release|Win32.ActiveCfg = Release|x86
		{9543AC00-CDE5-4759-BD98-2D031D16DFD4}.Release|x86.ActiveCfg = Release|x86
		{9543AC00-CDE5-4759-BD98-2D031D16DFD4}.Release|x86.Build.0 = Release|x86
		{9543AC00-CDE5-4759-BD98-2D031D16DFD4}.Tools|Any CPU.ActiveCfg = Release|x86
		{9543AC00-CDE5-4759-BD98-2D031D16DFD4}.Tools|Mixed Platforms.ActiveCfg = Release|x86
		{9543AC00-CDE5-4759-BD98-2D031D16DFD4}.Tools|Mixed Platforms.Build.0 = Release|x86
		{9543AC00-CDE5-4759-BD98-2D031D16DFD4}.Tools|Win32.ActiveCfg = Release|x86
		{9543AC00-CDE5-4759-BD98-2D031D16DFD4}.Tools|x86.ActiveCfg = Release|x86
		{9543AC00-CDE5-4759-BD98-2D031D16DFD4}.Tools|x86.Build.0 = Release|x86
		{2BF84FEF-FC3A-4E1A-9E4B-D3003E02C5B8}.Debug|Any CPU.ActiveCfg = Debug|x86
		{2BF84FEF-FC3A-4E1A-9E4B-D3003E02C5B8}.Debug|Mixed Platforms.ActiveCfg = Debug|x86
		{2BF84FEF-FC3A-4E1A-9E4B-D3003E02C5B8}.Debug|Mixed Platforms.Build.0 = Debug|x86
		{2BF84FEF-FC3A-4E1A-9E4B-D3003E02C5B8}.Debug|Win32.ActiveCfg = Debug|x86
		{2BF84FEF-FC3A-4E1A-9E4B-D3003E02C5B8}.Debug|x86.ActiveCfg = Debug|x86
		{2BF84FEF-FC3A-4E1A-9E4B-D3003E02C5B8}.Debug|x86.Build.0 = Debug|x86
		{2BF84FEF-FC3A-4E1A-9E4B-D3003E02C5B8}.DebugAll|Any CPU.ActiveCfg = Debug|x86
		{2BF84FEF-FC3A-4E1A-9E4B-D3003E02C5B8}.DebugAll|Any CPU.Build.0 = Debug|x86
		{2BF84FEF-FC3A-4E1A-9E4B-D3003E02C5B8}.DebugAll|Mixed Platforms.ActiveCfg = Debug|x86
		{2BF84FEF-FC3A-4E1A-9E4B-D3003E02C5B8}.DebugAll|Mixed Platforms.Build.0 = Debug|x86
		{2BF84FEF-FC3A-4E1A-9E4B-D3003E02C5B8}.DebugAll|Win32.ActiveCfg = Debug|x86
		{2BF84FEF-FC3A-4E1A-9E4B-D3003E02C5B8}.DebugAll|x86.ActiveCfg = Debug|x86
		{2BF84FEF-FC3A-4E1A-9E4B-D3003E02C5B8}.DebugAll|x86.Build.0 = Debug|x86
		{2BF84FEF-FC3A-4E1A-9E4B-D3003E02C5B8}.DebugAllUnmanaged|Any CPU.ActiveCfg = Debug|x86
		{2BF84FEF-FC3A-4E1A-9E4B-D3003E02C5B8}.DebugAllUnmanaged|Any CPU.Build.0 = Debug|x86
		{2BF84FEF-FC3A-4E1A-9E4B-D3003E02C5B8}.DebugAllUnmanaged|Mixed Platforms.ActiveCfg = Debug|x86
		{2BF84FEF-FC3A-4E1A-9E4B-D3003E02C5B8}.DebugAllUnmanaged|Mixed Platforms.Build.0 = Debug|x86
		{2BF84FEF-FC3A-4E1A-9E4B-D3003E02C5B8}.DebugAllUnmanaged|Win32.ActiveCfg = Debug|x86
		{2BF84FEF-FC3A-4E1A-9E4B-D3003E02C5B8}.DebugAllUnmanaged|x86.ActiveCfg = Debug|x86
		{2BF84FEF-FC3A-4E1A-9E4B-D3003E02C5B8}.DebugAllUnmanaged|x86.Build.0 = Debug|x86
		{2BF84FEF-FC3A-4E1A-9E4B-D3003E02C5B8}.DocumentationHelper|Any CPU.ActiveCfg = Debug|x86
		{2BF84FEF-FC3A-4E1A-9E4B-D3003E02C5B8}.DocumentationHelper|Mixed Platforms.ActiveCfg = Debug|x86
		{2BF84FEF-FC3A-4E1A-9E4B-D3003E02C5B8}.DocumentationHelper|Mixed Platforms.Build.0 = Debug|x86
		{2BF84FEF-FC3A-4E1A-9E4B-D3003E02C5B8}.DocumentationHelper|Win32.ActiveCfg = Debug|x86
		{2BF84FEF-FC3A-4E1A-9E4B-D3003E02C5B8}.DocumentationHelper|x86.ActiveCfg = Debug|x86
		{2BF84FEF-FC3A-4E1A-9E4B-D3003E02C5B8}.DocumentationHelper|x86.Build.0 = Debug|x86
		{2BF84FEF-FC3A-4E1A-9E4B-D3003E02C5B8}.Gameplay|Any CPU.ActiveCfg = Debug|x86
		{2BF84FEF-FC3A-4E1A-9E4B-D3003E02C5B8}.Gameplay|Any CPU.Build.0 = Debug|x86
		{2BF84FEF-FC3A-4E1A-9E4B-D3003E02C5B8}.Gameplay|Mixed Platforms.ActiveCfg = Debug|x86
		{2BF84FEF-FC3A-4E1A-9E4B-D3003E02C5B8}.Gameplay|Mixed Platforms.Build.0 = Debug|x86
		{2BF84FEF-FC3A-4E1A-9E4B-D3003E02C5B8}.Gameplay|Win32.ActiveCfg = Release|x86
		{2BF84FEF-FC3A-4E1A-9E4B-D3003E02C5B8}.Gameplay|x86.ActiveCfg = Release|x86
		{2BF84FEF-FC3A-4E1A-9E4B-D3003E02C5B8}.Gameplay|x86.Build.0 = Release|x86
		{2BF84FEF-FC3A-4E1A-9E4B-D3003E02C5B8}.MHGameWork|Any CPU.ActiveCfg = Release|x86
		{2BF84FEF-FC3A-4E1A-9E4B-D3003E02C5B8}.MHGameWork|Any CPU.Build.0 = Release|x86
		{2BF84FEF-FC3A-4E1A-9E4B-D3003E02C5B8}.MHGameWork|Mixed Platforms.ActiveCfg = Release|x86
		{2BF84FEF-FC3A-4E1A-9E4B-D3003E02C5B8}.MHGameWork|Mixed Platforms.Build.0 = Release|x86
		{2BF84FEF-FC3A-4E1A-9E4B-D3003E02C5B8}.MHGameWork|Win32.ActiveCfg = Release|x86
		{2BF84FEF-FC3A-4E1A-9E4B-D3003E02C5B8}.MHGameWork|x86.ActiveCfg = Release|x86
		{2BF84FEF-FC3A-4E1A-9E4B-D3003E02C5B8}.MHGameWork|x86.Build.0 = Release|x86
		{2BF84FEF-FC3A-4E1A-9E4B-D3003E02C5B8}.NewModules|Any CPU.ActiveCfg = Debug|x86
		{2BF84FEF-FC3A-4E1A-9E4B-D3003E02C5B8}.NewModules|Mixed Platforms.ActiveCfg = Release|x86
		{2BF84FEF-FC3A-4E1A-9E4B-D3003E02C5B8}.NewModules|Mixed Platforms.Build.0 = Release|x86
		{2BF84FEF-FC3A-4E1A-9E4B-D3003E02C5B8}.NewModules|Win32.ActiveCfg = Release|x86
		{2BF84FEF-FC3A-4E1A-9E4B-D3003E02C5B8}.NewModules|x86.ActiveCfg = Release|x86
		{2BF84FEF-FC3A-4E1A-9E4B-D3003E02C5B8}.NewModules|x86.Build.0 = Release|x86
		{2BF84FEF-FC3A-4E1A-9E4B-D3003E02C5B8}.Profile|Any CPU.ActiveCfg = Profile|x86
		{2BF84FEF-FC3A-4E1A-9E4B-D3003E02C5B8}.Profile|Any CPU.Build.0 = Profile|x86
		{2BF84FEF-FC3A-4E1A-9E4B-D3003E02C5B8}.Profile|Mixed Platforms.ActiveCfg = Profile|x86
		{2BF84FEF-FC3A-4E1A-9E4B-D3003E02C5B8}.Profile|Mixed Platforms.Build.0 = Profile|x86
		{2BF84FEF-FC3A-4E1A-9E4B-D3003E02C5B8}.Profile|Win32.ActiveCfg = Profile|x86
		{2BF84FEF-FC3A-4E1A-9E4B-D3003E02C5B8}.Profile|x86.ActiveCfg = Profile|x86
		{2BF84FEF-FC3A-4E1A-9E4B-D3003E02C5B8}.Profile|x86.Build.0 = Profile|x86
		{2BF84FEF-FC3A-4E1A-9E4B-D3003E02C5B8}.Release|Any CPU.ActiveCfg = Release|x86
		{2BF84FEF-FC3A-4E1A-9E4B-D3003E02C5B8}.Release|Any CPU.Build.0 = Release|x86
		{2BF84FEF-FC3A-4E1A-9E4B-D3003E02C5B8}.Release|Mixed Platforms.ActiveCfg = Release|x86
		{2BF84FEF-FC3A-4E1A-9E4B-D3003E02C5B8}.Release|Mixed Platforms.Build.0 = Release|x86
		{2BF84FEF-FC3A-4E1A-9E4B-D3003E02C5B8}.Release|Win32.ActiveCfg = Release|x86
		{2BF84FEF-FC3A-4E1A-9E4B-D3003E02C5B8}.Release|x86.ActiveCfg = Release|x86
		{2BF84FEF-FC3A-4E1A-9E4B-D3003E02C5B8}.Release|x86.Build.0 = Release|x86
		{2BF84FEF-FC3A-4E1A-9E4B-D3003E02C5B8}.Tools|Any CPU.ActiveCfg = Release|x86
		{2BF84FEF-FC3A-4E1A-9E4B-D3003E02C5B8}.Tools|Mixed Platforms.ActiveCfg = Release|x86
		{2BF84FEF-FC3A-4E1A-9E4B-D3003E02C5B8}.Tools|Mixed Platforms.Build.0 = Release|x86
		{2BF84FEF-FC3A-4E1A-9E4B-D3003E02C5B8}.Tools|Win32.ActiveCfg = Release|x86
		{2BF84FEF-FC3A-4E1A-9E4B-D3003E02C5B8}.Tools|x86.ActiveCfg = Release|x86
		{2BF84FEF-FC3A-4E1A-9E4B-D3003E02C5B8}.Tools|x86.Build.0 = Release|x86
		{4F8CD191-ECE8-4A05-9721-1EBCF03A31B6}.Debug|Any CPU.ActiveCfg = Debug|x86
		{4F8CD191-ECE8-4A05-9721-1EBCF03A31B6}.Debug|Mixed Platforms.ActiveCfg = Debug|x86
		{4F8CD191-ECE8-4A05-9721-1EBCF03A31B6}.Debug|Mixed Platforms.Build.0 = Debug|x86
		{4F8CD191-ECE8-4A05-9721-1EBCF03A31B6}.Debug|Win32.ActiveCfg = Debug|x86
		{4F8CD191-ECE8-4A05-9721-1EBCF03A31B6}.Debug|x86.ActiveCfg = Debug|x86
		{4F8CD191-ECE8-4A05-9721-1EBCF03A31B6}.Debug|x86.Build.0 = Debug|x86
		{4F8CD191-ECE8-4A05-9721-1EBCF03A31B6}.DebugAll|Any CPU.ActiveCfg = Debug|x86
		{4F8CD191-ECE8-4A05-9721-1EBCF03A31B6}.DebugAll|Any CPU.Build.0 = Debug|x86
		{4F8CD191-ECE8-4A05-9721-1EBCF03A31B6}.DebugAll|Mixed Platforms.ActiveCfg = Debug|x86
		{4F8CD191-ECE8-4A05-9721-1EBCF03A31B6}.DebugAll|Mixed Platforms.Build.0 = Debug|x86
		{4F8CD191-ECE8-4A05-9721-1EBCF03A31B6}.DebugAll|Win32.ActiveCfg = Debug|x86
		{4F8CD191-ECE8-4A05-9721-1EBCF03A31B6}.DebugAll|x86.ActiveCfg = Debug|x86
		{4F8CD191-ECE8-4A05-9721-1EBCF03A31B6}.DebugAll|x86.Build.0 = Debug|x86
		{4F8CD191-ECE8-4A05-9721-1EBCF03A31B6}.DebugAllUnmanaged|Any CPU.ActiveCfg = Debug|x86
		{4F8CD191-ECE8-4A05-9721-1EBCF03A31B6}.DebugAllUnmanaged|Any CPU.Build.0 = Debug|x86
		{4F8CD191-ECE8-4A05-9721-1EBCF03A31B6}.DebugAllUnmanaged|Mixed Platforms.ActiveCfg = Debug|x86
		{4F8CD191-ECE8-4A05-9721-1EBCF03A31B6}.DebugAllUnmanaged|Mixed Platforms.Build.0 = Debug|x86
		{4F8CD191-ECE8-4A05-9721-1EBCF03A31B6}.DebugAllUnmanaged|Win32.ActiveCfg = Debug|x86
		{4F8CD191-ECE8-4A05-9721-1EBCF03A31B6}.DebugAllUnmanaged|x86.ActiveCfg = Debug|x86
		{4F8CD191-ECE8-4A05-9721-1EBCF03A31B6}.DebugAllUnmanaged|x86.Build.0 = Debug|x86
		{4F8CD191-ECE8-4A05-9721-1EBCF03A31B6}.DocumentationHelper|Any CPU.ActiveCfg = Debug|x86
		{4F8CD191-ECE8-4A05-9721-1EBCF03A31B6}.DocumentationHelper|Mixed Platforms.ActiveCfg = Debug|x86
		{4F8CD191-ECE8-4A05-9721-1EBCF03A31B6}.DocumentationHelper|Mixed Platforms.Build.0 = Debug|x86
		{4F8CD191-ECE8-4A05-9721-1EBCF03A31B6}.DocumentationHelper|Win32.ActiveCfg = Debug|x86
		{4F8CD191-ECE8-4A05-9721-1EBCF03A31B6}.DocumentationHelper|x86.ActiveCfg = Debug|x86
		{4F8CD191-ECE8-4A05-9721-1EBCF03A31B6}.DocumentationHelper|x86.Build.0 = Debug|x86
		{4F8CD191-ECE8-4A05-9721-1EBCF03A31B6}.Gameplay|Any CPU.ActiveCfg = Debug|x86
		{4F8CD191-ECE8-4A05-9721-1EBCF03A31B6}.Gameplay|Any CPU.Build.0 = Debug|x86
		{4F8CD191-ECE8-4A05-9721-1EBCF03A31B6}.Gameplay|Mixed Platforms.ActiveCfg = Release|x86
		{4F8CD191-ECE8-4A05-9721-1EBCF03A31B6}.Gameplay|Win32.ActiveCfg = Release|x86
		{4F8CD191-ECE8-4A05-9721-1EBCF03A31B6}.Gameplay|x86.ActiveCfg = Release|x86
		{4F8CD191-ECE8-4A05-9721-1EBCF03A31B6}.Gameplay|x86.Build.0 = Release|x86
		{4F8CD191-ECE8-4A05-9721-1EBCF03A31B6}.MHGameWork|Any CPU.ActiveCfg = Release|x86
		{4F8CD191-ECE8-4A05-9721-1EBCF03A31B6}.MHGameWork|Any CPU.Build.0 = Release|x86
		{4F8CD191-ECE8-4A05-9721-1EBCF03A31B6}.MHGameWork|Mixed Platforms.ActiveCfg = Release|x86
		{4F8CD191-ECE8-4A05-9721-1EBCF03A31B6}.MHGameWork|Mixed Platforms.Build.0 = Release|x86
		{4F8CD191-ECE8-4A05-9721-1EBCF03A31B6}.MHGameWork|Win32.ActiveCfg = Release|x86
		{4F8CD191-ECE8-4A05-9721-1EBCF03A31B6}.MHGameWork|x86.ActiveCfg = Release|x86
		{4F8CD191-ECE8-4A05-9721-1EBCF03A31B6}.MHGameWork|x86.Build.0 = Release|x86
		{4F8CD191-ECE8-4A05-9721-1EBCF03A31B6}.NewModules|Any CPU.ActiveCfg = Release|x86
		{4F8CD191-ECE8-4A05-9721-1EBCF03A31B6}.NewModules|Mixed Platforms.ActiveCfg = Release|x86
		{4F8CD191-ECE8-4A05-9721-1EBCF03A31B6}.NewModules|Mixed Platforms.Build.0 = Release|x86
		{4F8CD191-ECE8-4A05-9721-1EBCF03A31B6}.NewModules|Win32.ActiveCfg = Release|x86
		{4F8CD191-ECE8-4A05-9721-1EBCF03A31B6}.NewModules|x86.ActiveCfg = Release|x86
		{4F8CD191-ECE8-4A05-9721-1EBCF03A31B6}.NewModules|x86.Build.0 = Release|x86
		{4F8CD191-ECE8-4A05-9721-1EBCF03A31B6}.Profile|Any CPU.ActiveCfg = Profile|x86
		{4F8CD191-ECE8-4A05-9721-1EBCF03A31B6}.Profile|Any CPU.Build.0 = Profile|x86
		{4F8CD191-ECE8-4A05-9721-1EBCF03A31B6}.Profile|Mixed Platforms.ActiveCfg = Profile|x86
		{4F8CD191-ECE8-4A05-9721-1EBCF03A31B6}.Profile|Mixed Platforms.Build.0 = Profile|x86
		{4F8CD191-ECE8-4A05-9721-1EBCF03A31B6}.Profile|Win32.ActiveCfg = Profile|x86
		{4F8CD191-ECE8-4A05-9721-1EBCF03A31B6}.Profile|x86.ActiveCfg = Profile|x86
		{4F8CD191-ECE8-4A05-9721-1EBCF03A31B6}.Profile|x86.Build.0 = Profile|x86
		{4F8CD191-ECE8-4A05-9721-1EBCF03A31B6}.Release|Any CPU.ActiveCfg = Release|x86
		{4F8CD191-ECE8-4A05-9721-1EBCF03A31B6}.Release|Any CPU.Build.0 = Release|x86
		{4F8CD191-ECE8-4A05-9721-1EBCF03A31B6}.Release|Mixed Platforms.ActiveCfg = Release|x86
		{4F8CD191-ECE8-4A05-9721-1EBCF03A31B6}.Release|Mixed Platforms.Build.0 = Release|x86
		{4F8CD191-ECE8-4A05-9721-1EBCF03A31B6}.Release|Win32.ActiveCfg = Release|x86
		{4F8CD191-ECE8-4A05-9721-1EBCF03A31B6}.Release|x86.ActiveCfg = Release|x86
		{4F8CD191-ECE8-4A05-9721-1EBCF03A31B6}.Release|x86.Build.0 = Release|x86
		{4F8CD191-ECE8-4A05-9721-1EBCF03A31B6}.Tools|Any CPU.ActiveCfg = Release|x86
		{4F8CD191-ECE8-4A05-9721-1EBCF03A31B6}.Tools|Mixed Platforms.ActiveCfg = Release|x86
		{4F8CD191-ECE8-4A05-9721-1EBCF03A31B6}.Tools|Mixed Platforms.Build.0 = Release|x86
		{4F8CD191-ECE8-4A05-9721-1EBCF03A31B6}.Tools|Win32.ActiveCfg = Release|x86
		{4F8CD191-ECE8-4A05-9721-1EBCF03A31B6}.Tools|x86.ActiveCfg = Release|x86
		{4F8CD191-ECE8-4A05-9721-1EBCF03A31B6}.Tools|x86.Build.0 = Release|x86
		{35A4FAF6-A439-4BC9-B47D-3CEE167A8926}.Debug|Any CPU.ActiveCfg = Debug|Any CPU
		{35A4FAF6-A439-4BC9-B47D-3CEE167A8926}.Debug|Any CPU.Build.0 = Debug|Any CPU
		{35A4FAF6-A439-4BC9-B47D-3CEE167A8926}.Debug|Mixed Platforms.ActiveCfg = Debug|Any CPU
		{35A4FAF6-A439-4BC9-B47D-3CEE167A8926}.Debug|Mixed Platforms.Build.0 = Debug|Any CPU
		{35A4FAF6-A439-4BC9-B47D-3CEE167A8926}.Debug|Win32.ActiveCfg = Debug|Any CPU
		{35A4FAF6-A439-4BC9-B47D-3CEE167A8926}.Debug|x86.ActiveCfg = Debug|Any CPU
		{35A4FAF6-A439-4BC9-B47D-3CEE167A8926}.DebugAll|Any CPU.ActiveCfg = Debug|Any CPU
		{35A4FAF6-A439-4BC9-B47D-3CEE167A8926}.DebugAll|Any CPU.Build.0 = Debug|Any CPU
		{35A4FAF6-A439-4BC9-B47D-3CEE167A8926}.DebugAll|Mixed Platforms.ActiveCfg = Debug|Any CPU
		{35A4FAF6-A439-4BC9-B47D-3CEE167A8926}.DebugAll|Mixed Platforms.Build.0 = Debug|Any CPU
		{35A4FAF6-A439-4BC9-B47D-3CEE167A8926}.DebugAll|Win32.ActiveCfg = Debug|Any CPU
		{35A4FAF6-A439-4BC9-B47D-3CEE167A8926}.DebugAll|x86.ActiveCfg = Debug|Any CPU
		{35A4FAF6-A439-4BC9-B47D-3CEE167A8926}.DebugAllUnmanaged|Any CPU.ActiveCfg = Debug|Any CPU
		{35A4FAF6-A439-4BC9-B47D-3CEE167A8926}.DebugAllUnmanaged|Any CPU.Build.0 = Debug|Any CPU
		{35A4FAF6-A439-4BC9-B47D-3CEE167A8926}.DebugAllUnmanaged|Mixed Platforms.ActiveCfg = Debug|Any CPU
		{35A4FAF6-A439-4BC9-B47D-3CEE167A8926}.DebugAllUnmanaged|Mixed Platforms.Build.0 = Debug|Any CPU
		{35A4FAF6-A439-4BC9-B47D-3CEE167A8926}.DebugAllUnmanaged|Win32.ActiveCfg = Debug|Any CPU
		{35A4FAF6-A439-4BC9-B47D-3CEE167A8926}.DebugAllUnmanaged|x86.ActiveCfg = Debug|Any CPU
		{35A4FAF6-A439-4BC9-B47D-3CEE167A8926}.DocumentationHelper|Any CPU.ActiveCfg = Debug|Any CPU
		{35A4FAF6-A439-4BC9-B47D-3CEE167A8926}.DocumentationHelper|Mixed Platforms.ActiveCfg = Debug|Any CPU
		{35A4FAF6-A439-4BC9-B47D-3CEE167A8926}.DocumentationHelper|Mixed Platforms.Build.0 = Debug|Any CPU
		{35A4FAF6-A439-4BC9-B47D-3CEE167A8926}.DocumentationHelper|Win32.ActiveCfg = Debug|Any CPU
		{35A4FAF6-A439-4BC9-B47D-3CEE167A8926}.DocumentationHelper|x86.ActiveCfg = Debug|Any CPU
		{35A4FAF6-A439-4BC9-B47D-3CEE167A8926}.Gameplay|Any CPU.ActiveCfg = Debug|Any CPU
		{35A4FAF6-A439-4BC9-B47D-3CEE167A8926}.Gameplay|Any CPU.Build.0 = Debug|Any CPU
		{35A4FAF6-A439-4BC9-B47D-3CEE167A8926}.Gameplay|Mixed Platforms.ActiveCfg = Release|Any CPU
		{35A4FAF6-A439-4BC9-B47D-3CEE167A8926}.Gameplay|Win32.ActiveCfg = Release|Any CPU
		{35A4FAF6-A439-4BC9-B47D-3CEE167A8926}.Gameplay|x86.ActiveCfg = Release|Any CPU
		{35A4FAF6-A439-4BC9-B47D-3CEE167A8926}.MHGameWork|Any CPU.ActiveCfg = Release|Any CPU
		{35A4FAF6-A439-4BC9-B47D-3CEE167A8926}.MHGameWork|Any CPU.Build.0 = Release|Any CPU
		{35A4FAF6-A439-4BC9-B47D-3CEE167A8926}.MHGameWork|Mixed Platforms.ActiveCfg = Release|Any CPU
		{35A4FAF6-A439-4BC9-B47D-3CEE167A8926}.MHGameWork|Mixed Platforms.Build.0 = Release|Any CPU
		{35A4FAF6-A439-4BC9-B47D-3CEE167A8926}.MHGameWork|Win32.ActiveCfg = Release|Any CPU
		{35A4FAF6-A439-4BC9-B47D-3CEE167A8926}.MHGameWork|x86.ActiveCfg = Release|Any CPU
		{35A4FAF6-A439-4BC9-B47D-3CEE167A8926}.NewModules|Any CPU.ActiveCfg = Release|Any CPU
		{35A4FAF6-A439-4BC9-B47D-3CEE167A8926}.NewModules|Mixed Platforms.ActiveCfg = Release|Any CPU
		{35A4FAF6-A439-4BC9-B47D-3CEE167A8926}.NewModules|Mixed Platforms.Build.0 = Release|Any CPU
		{35A4FAF6-A439-4BC9-B47D-3CEE167A8926}.NewModules|Win32.ActiveCfg = Release|Any CPU
		{35A4FAF6-A439-4BC9-B47D-3CEE167A8926}.NewModules|x86.ActiveCfg = Release|Any CPU
		{35A4FAF6-A439-4BC9-B47D-3CEE167A8926}.Profile|Any CPU.ActiveCfg = Profile|Any CPU
		{35A4FAF6-A439-4BC9-B47D-3CEE167A8926}.Profile|Any CPU.Build.0 = Profile|Any CPU
		{35A4FAF6-A439-4BC9-B47D-3CEE167A8926}.Profile|Mixed Platforms.ActiveCfg = Profile|Any CPU
		{35A4FAF6-A439-4BC9-B47D-3CEE167A8926}.Profile|Mixed Platforms.Build.0 = Profile|Any CPU
		{35A4FAF6-A439-4BC9-B47D-3CEE167A8926}.Profile|Win32.ActiveCfg = Profile|Any CPU
		{35A4FAF6-A439-4BC9-B47D-3CEE167A8926}.Profile|x86.ActiveCfg = Profile|Any CPU
		{35A4FAF6-A439-4BC9-B47D-3CEE167A8926}.Release|Any CPU.ActiveCfg = Release|Any CPU
		{35A4FAF6-A439-4BC9-B47D-3CEE167A8926}.Release|Any CPU.Build.0 = Release|Any CPU
		{35A4FAF6-A439-4BC9-B47D-3CEE167A8926}.Release|Mixed Platforms.ActiveCfg = Release|Any CPU
		{35A4FAF6-A439-4BC9-B47D-3CEE167A8926}.Release|Mixed Platforms.Build.0 = Release|Any CPU
		{35A4FAF6-A439-4BC9-B47D-3CEE167A8926}.Release|Win32.ActiveCfg = Release|Any CPU
		{35A4FAF6-A439-4BC9-B47D-3CEE167A8926}.Release|x86.ActiveCfg = Release|Any CPU
		{35A4FAF6-A439-4BC9-B47D-3CEE167A8926}.Tools|Any CPU.ActiveCfg = Release|Any CPU
		{35A4FAF6-A439-4BC9-B47D-3CEE167A8926}.Tools|Mixed Platforms.ActiveCfg = Release|Any CPU
		{35A4FAF6-A439-4BC9-B47D-3CEE167A8926}.Tools|Mixed Platforms.Build.0 = Release|Any CPU
		{35A4FAF6-A439-4BC9-B47D-3CEE167A8926}.Tools|Win32.ActiveCfg = Release|Any CPU
		{35A4FAF6-A439-4BC9-B47D-3CEE167A8926}.Tools|x86.ActiveCfg = Release|Any CPU
		{AC6C51CE-96FB-401B-9B51-1302F273A52A}.Debug|Any CPU.ActiveCfg = Debug|x86
		{AC6C51CE-96FB-401B-9B51-1302F273A52A}.Debug|Mixed Platforms.ActiveCfg = Debug|x86
		{AC6C51CE-96FB-401B-9B51-1302F273A52A}.Debug|Mixed Platforms.Build.0 = Debug|x86
		{AC6C51CE-96FB-401B-9B51-1302F273A52A}.Debug|Win32.ActiveCfg = Debug|x86
		{AC6C51CE-96FB-401B-9B51-1302F273A52A}.Debug|x86.ActiveCfg = Debug|x86
		{AC6C51CE-96FB-401B-9B51-1302F273A52A}.Debug|x86.Build.0 = Debug|x86
		{AC6C51CE-96FB-401B-9B51-1302F273A52A}.DebugAll|Any CPU.ActiveCfg = Debug|x86
		{AC6C51CE-96FB-401B-9B51-1302F273A52A}.DebugAll|Any CPU.Build.0 = Debug|x86
		{AC6C51CE-96FB-401B-9B51-1302F273A52A}.DebugAll|Mixed Platforms.ActiveCfg = Debug|x86
		{AC6C51CE-96FB-401B-9B51-1302F273A52A}.DebugAll|Mixed Platforms.Build.0 = Debug|x86
		{AC6C51CE-96FB-401B-9B51-1302F273A52A}.DebugAll|Win32.ActiveCfg = Debug|x86
		{AC6C51CE-96FB-401B-9B51-1302F273A52A}.DebugAll|x86.ActiveCfg = Debug|x86
		{AC6C51CE-96FB-401B-9B51-1302F273A52A}.DebugAll|x86.Build.0 = Debug|x86
		{AC6C51CE-96FB-401B-9B51-1302F273A52A}.DebugAllUnmanaged|Any CPU.ActiveCfg = Debug|x86
		{AC6C51CE-96FB-401B-9B51-1302F273A52A}.DebugAllUnmanaged|Mixed Platforms.ActiveCfg = Debug|x86
		{AC6C51CE-96FB-401B-9B51-1302F273A52A}.DebugAllUnmanaged|Mixed Platforms.Build.0 = Debug|x86
		{AC6C51CE-96FB-401B-9B51-1302F273A52A}.DebugAllUnmanaged|Win32.ActiveCfg = Debug|x86
		{AC6C51CE-96FB-401B-9B51-1302F273A52A}.DebugAllUnmanaged|x86.ActiveCfg = Debug|x86
		{AC6C51CE-96FB-401B-9B51-1302F273A52A}.DebugAllUnmanaged|x86.Build.0 = Debug|x86
		{AC6C51CE-96FB-401B-9B51-1302F273A52A}.DocumentationHelper|Any CPU.ActiveCfg = Debug|x86
		{AC6C51CE-96FB-401B-9B51-1302F273A52A}.DocumentationHelper|Mixed Platforms.ActiveCfg = Debug|x86
		{AC6C51CE-96FB-401B-9B51-1302F273A52A}.DocumentationHelper|Mixed Platforms.Build.0 = Debug|x86
		{AC6C51CE-96FB-401B-9B51-1302F273A52A}.DocumentationHelper|Win32.ActiveCfg = Debug|x86
		{AC6C51CE-96FB-401B-9B51-1302F273A52A}.DocumentationHelper|x86.ActiveCfg = Debug|x86
		{AC6C51CE-96FB-401B-9B51-1302F273A52A}.DocumentationHelper|x86.Build.0 = Debug|x86
		{AC6C51CE-96FB-401B-9B51-1302F273A52A}.Gameplay|Any CPU.ActiveCfg = Release|x86
		{AC6C51CE-96FB-401B-9B51-1302F273A52A}.Gameplay|Any CPU.Build.0 = Release|x86
		{AC6C51CE-96FB-401B-9B51-1302F273A52A}.Gameplay|Mixed Platforms.ActiveCfg = Release|x86
		{AC6C51CE-96FB-401B-9B51-1302F273A52A}.Gameplay|Mixed Platforms.Build.0 = Release|x86
		{AC6C51CE-96FB-401B-9B51-1302F273A52A}.Gameplay|Win32.ActiveCfg = Release|x86
		{AC6C51CE-96FB-401B-9B51-1302F273A52A}.Gameplay|x86.ActiveCfg = Release|x86
		{AC6C51CE-96FB-401B-9B51-1302F273A52A}.Gameplay|x86.Build.0 = Release|x86
		{AC6C51CE-96FB-401B-9B51-1302F273A52A}.MHGameWork|Any CPU.ActiveCfg = Release|x86
		{AC6C51CE-96FB-401B-9B51-1302F273A52A}.MHGameWork|Mixed Platforms.ActiveCfg = Release|x86
		{AC6C51CE-96FB-401B-9B51-1302F273A52A}.MHGameWork|Mixed Platforms.Build.0 = Release|x86
		{AC6C51CE-96FB-401B-9B51-1302F273A52A}.MHGameWork|Win32.ActiveCfg = Release|x86
		{AC6C51CE-96FB-401B-9B51-1302F273A52A}.MHGameWork|x86.ActiveCfg = Release|x86
		{AC6C51CE-96FB-401B-9B51-1302F273A52A}.MHGameWork|x86.Build.0 = Release|x86
		{AC6C51CE-96FB-401B-9B51-1302F273A52A}.NewModules|Any CPU.ActiveCfg = Release|x86
		{AC6C51CE-96FB-401B-9B51-1302F273A52A}.NewModules|Mixed Platforms.ActiveCfg = Release|x86
		{AC6C51CE-96FB-401B-9B51-1302F273A52A}.NewModules|Mixed Platforms.Build.0 = Release|x86
		{AC6C51CE-96FB-401B-9B51-1302F273A52A}.NewModules|Win32.ActiveCfg = Release|x86
		{AC6C51CE-96FB-401B-9B51-1302F273A52A}.NewModules|x86.ActiveCfg = Release|x86
		{AC6C51CE-96FB-401B-9B51-1302F273A52A}.NewModules|x86.Build.0 = Release|x86
		{AC6C51CE-96FB-401B-9B51-1302F273A52A}.Profile|Any CPU.ActiveCfg = Profile|x86
		{AC6C51CE-96FB-401B-9B51-1302F273A52A}.Profile|Any CPU.Build.0 = Profile|x86
		{AC6C51CE-96FB-401B-9B51-1302F273A52A}.Profile|Mixed Platforms.ActiveCfg = Profile|x86
		{AC6C51CE-96FB-401B-9B51-1302F273A52A}.Profile|Mixed Platforms.Build.0 = Profile|x86
		{AC6C51CE-96FB-401B-9B51-1302F273A52A}.Profile|Win32.ActiveCfg = Profile|x86
		{AC6C51CE-96FB-401B-9B51-1302F273A52A}.Profile|x86.ActiveCfg = Profile|x86
		{AC6C51CE-96FB-401B-9B51-1302F273A52A}.Profile|x86.Build.0 = Profile|x86
		{AC6C51CE-96FB-401B-9B51-1302F273A52A}.Release|Any CPU.ActiveCfg = Release|x86
		{AC6C51CE-96FB-401B-9B51-1302F273A52A}.Release|Mixed Platforms.ActiveCfg = Release|x86
		{AC6C51CE-96FB-401B-9B51-1302F273A52A}.Release|Mixed Platforms.Build.0 = Release|x86
		{AC6C51CE-96FB-401B-9B51-1302F273A52A}.Release|Win32.ActiveCfg = Release|x86
		{AC6C51CE-96FB-401B-9B51-1302F273A52A}.Release|x86.ActiveCfg = Release|x86
		{AC6C51CE-96FB-401B-9B51-1302F273A52A}.Release|x86.Build.0 = Release|x86
		{AC6C51CE-96FB-401B-9B51-1302F273A52A}.Tools|Any CPU.ActiveCfg = Release|x86
		{AC6C51CE-96FB-401B-9B51-1302F273A52A}.Tools|Mixed Platforms.ActiveCfg = Release|x86
		{AC6C51CE-96FB-401B-9B51-1302F273A52A}.Tools|Mixed Platforms.Build.0 = Release|x86
		{AC6C51CE-96FB-401B-9B51-1302F273A52A}.Tools|Win32.ActiveCfg = Release|x86
		{AC6C51CE-96FB-401B-9B51-1302F273A52A}.Tools|x86.ActiveCfg = Release|x86
		{AC6C51CE-96FB-401B-9B51-1302F273A52A}.Tools|x86.Build.0 = Release|x86
		{C5BCD416-DA11-469D-BFF8-26BD2962739B}.Debug|Any CPU.ActiveCfg = Debug|Any CPU
		{C5BCD416-DA11-469D-BFF8-26BD2962739B}.Debug|Any CPU.Build.0 = Debug|Any CPU
		{C5BCD416-DA11-469D-BFF8-26BD2962739B}.Debug|Mixed Platforms.ActiveCfg = Debug|Any CPU
		{C5BCD416-DA11-469D-BFF8-26BD2962739B}.Debug|Mixed Platforms.Build.0 = Debug|Any CPU
		{C5BCD416-DA11-469D-BFF8-26BD2962739B}.Debug|Win32.ActiveCfg = Debug|Any CPU
		{C5BCD416-DA11-469D-BFF8-26BD2962739B}.Debug|x86.ActiveCfg = Debug|Any CPU
		{C5BCD416-DA11-469D-BFF8-26BD2962739B}.DebugAll|Any CPU.ActiveCfg = Debug|Any CPU
		{C5BCD416-DA11-469D-BFF8-26BD2962739B}.DebugAll|Any CPU.Build.0 = Debug|Any CPU
		{C5BCD416-DA11-469D-BFF8-26BD2962739B}.DebugAll|Mixed Platforms.ActiveCfg = Debug|Any CPU
		{C5BCD416-DA11-469D-BFF8-26BD2962739B}.DebugAll|Mixed Platforms.Build.0 = Debug|Any CPU
		{C5BCD416-DA11-469D-BFF8-26BD2962739B}.DebugAll|Win32.ActiveCfg = Debug|Any CPU
		{C5BCD416-DA11-469D-BFF8-26BD2962739B}.DebugAll|x86.ActiveCfg = Debug|Any CPU
		{C5BCD416-DA11-469D-BFF8-26BD2962739B}.DebugAllUnmanaged|Any CPU.ActiveCfg = Debug|Any CPU
		{C5BCD416-DA11-469D-BFF8-26BD2962739B}.DebugAllUnmanaged|Any CPU.Build.0 = Debug|Any CPU
		{C5BCD416-DA11-469D-BFF8-26BD2962739B}.DebugAllUnmanaged|Mixed Platforms.ActiveCfg = Debug|Any CPU
		{C5BCD416-DA11-469D-BFF8-26BD2962739B}.DebugAllUnmanaged|Mixed Platforms.Build.0 = Debug|Any CPU
		{C5BCD416-DA11-469D-BFF8-26BD2962739B}.DebugAllUnmanaged|Win32.ActiveCfg = Debug|Any CPU
		{C5BCD416-DA11-469D-BFF8-26BD2962739B}.DebugAllUnmanaged|x86.ActiveCfg = Debug|Any CPU
		{C5BCD416-DA11-469D-BFF8-26BD2962739B}.DocumentationHelper|Any CPU.ActiveCfg = Debug|Any CPU
		{C5BCD416-DA11-469D-BFF8-26BD2962739B}.DocumentationHelper|Any CPU.Build.0 = Debug|Any CPU
		{C5BCD416-DA11-469D-BFF8-26BD2962739B}.DocumentationHelper|Mixed Platforms.ActiveCfg = Debug|Any CPU
		{C5BCD416-DA11-469D-BFF8-26BD2962739B}.DocumentationHelper|Mixed Platforms.Build.0 = Debug|Any CPU
		{C5BCD416-DA11-469D-BFF8-26BD2962739B}.DocumentationHelper|Win32.ActiveCfg = Debug|Any CPU
		{C5BCD416-DA11-469D-BFF8-26BD2962739B}.DocumentationHelper|x86.ActiveCfg = Debug|Any CPU
		{C5BCD416-DA11-469D-BFF8-26BD2962739B}.Gameplay|Any CPU.ActiveCfg = Release|Any CPU
		{C5BCD416-DA11-469D-BFF8-26BD2962739B}.Gameplay|Any CPU.Build.0 = Release|Any CPU
		{C5BCD416-DA11-469D-BFF8-26BD2962739B}.Gameplay|Mixed Platforms.ActiveCfg = Release|Any CPU
		{C5BCD416-DA11-469D-BFF8-26BD2962739B}.Gameplay|Mixed Platforms.Build.0 = Release|Any CPU
		{C5BCD416-DA11-469D-BFF8-26BD2962739B}.Gameplay|Win32.ActiveCfg = Release|Any CPU
		{C5BCD416-DA11-469D-BFF8-26BD2962739B}.Gameplay|x86.ActiveCfg = Release|Any CPU
		{C5BCD416-DA11-469D-BFF8-26BD2962739B}.MHGameWork|Any CPU.ActiveCfg = Release|Any CPU
		{C5BCD416-DA11-469D-BFF8-26BD2962739B}.MHGameWork|Any CPU.Build.0 = Release|Any CPU
		{C5BCD416-DA11-469D-BFF8-26BD2962739B}.MHGameWork|Mixed Platforms.ActiveCfg = Release|Any CPU
		{C5BCD416-DA11-469D-BFF8-26BD2962739B}.MHGameWork|Mixed Platforms.Build.0 = Release|Any CPU
		{C5BCD416-DA11-469D-BFF8-26BD2962739B}.MHGameWork|Win32.ActiveCfg = Release|Any CPU
		{C5BCD416-DA11-469D-BFF8-26BD2962739B}.MHGameWork|x86.ActiveCfg = Release|Any CPU
		{C5BCD416-DA11-469D-BFF8-26BD2962739B}.NewModules|Any CPU.ActiveCfg = Release|Any CPU
		{C5BCD416-DA11-469D-BFF8-26BD2962739B}.NewModules|Any CPU.Build.0 = Release|Any CPU
		{C5BCD416-DA11-469D-BFF8-26BD2962739B}.NewModules|Mixed Platforms.ActiveCfg = Release|Any CPU
		{C5BCD416-DA11-469D-BFF8-26BD2962739B}.NewModules|Mixed Platforms.Build.0 = Release|Any CPU
		{C5BCD416-DA11-469D-BFF8-26BD2962739B}.NewModules|Win32.ActiveCfg = Release|Any CPU
		{C5BCD416-DA11-469D-BFF8-26BD2962739B}.NewModules|x86.ActiveCfg = Release|Any CPU
		{C5BCD416-DA11-469D-BFF8-26BD2962739B}.Profile|Any CPU.ActiveCfg = Release|Any CPU
		{C5BCD416-DA11-469D-BFF8-26BD2962739B}.Profile|Any CPU.Build.0 = Release|Any CPU
		{C5BCD416-DA11-469D-BFF8-26BD2962739B}.Profile|Mixed Platforms.ActiveCfg = Release|Any CPU
		{C5BCD416-DA11-469D-BFF8-26BD2962739B}.Profile|Mixed Platforms.Build.0 = Release|Any CPU
		{C5BCD416-DA11-469D-BFF8-26BD2962739B}.Profile|Win32.ActiveCfg = Release|Any CPU
		{C5BCD416-DA11-469D-BFF8-26BD2962739B}.Profile|x86.ActiveCfg = Release|Any CPU
		{C5BCD416-DA11-469D-BFF8-26BD2962739B}.Release|Any CPU.ActiveCfg = Release|Any CPU
		{C5BCD416-DA11-469D-BFF8-26BD2962739B}.Release|Any CPU.Build.0 = Release|Any CPU
		{C5BCD416-DA11-469D-BFF8-26BD2962739B}.Release|Mixed Platforms.ActiveCfg = Release|Any CPU
		{C5BCD416-DA11-469D-BFF8-26BD2962739B}.Release|Mixed Platforms.Build.0 = Release|Any CPU
		{C5BCD416-DA11-469D-BFF8-26BD2962739B}.Release|Win32.ActiveCfg = Release|Any CPU
		{C5BCD416-DA11-469D-BFF8-26BD2962739B}.Release|x86.ActiveCfg = Release|Any CPU
		{C5BCD416-DA11-469D-BFF8-26BD2962739B}.Tools|Any CPU.ActiveCfg = Release|Any CPU
		{C5BCD416-DA11-469D-BFF8-26BD2962739B}.Tools|Any CPU.Build.0 = Release|Any CPU
		{C5BCD416-DA11-469D-BFF8-26BD2962739B}.Tools|Mixed Platforms.ActiveCfg = Release|Any CPU
		{C5BCD416-DA11-469D-BFF8-26BD2962739B}.Tools|Mixed Platforms.Build.0 = Release|Any CPU
		{C5BCD416-DA11-469D-BFF8-26BD2962739B}.Tools|Win32.ActiveCfg = Release|Any CPU
		{C5BCD416-DA11-469D-BFF8-26BD2962739B}.Tools|x86.ActiveCfg = Release|Any CPU
	EndGlobalSection
	GlobalSection(SolutionProperties) = preSolution
		HideSolutionNode = FALSE
	EndGlobalSection
	GlobalSection(NestedProjects) = preSolution
		{35A4FAF6-A439-4BC9-B47D-3CEE167A8926} = {9D7264F6-202E-4B86-BC73-088F18A7099F}
	EndGlobalSection
	GlobalSection(SubversionScc) = preSolution
		Svn-Managed = True
		Manager = AnkhSVN - Subversion Support for Visual Studio
	EndGlobalSection
EndGlobal
